// !$*UTF8*$!
{
	archiveVersion = 1;
	classes = {
	};
	objectVersion = 56;
	objects = {

/* Begin PBXBuildFile section */
		E9038FA32C31A8200051B6AC /* Assets.xcassets in Resources */ = {isa = PBXBuildFile; fileRef = E9038FA22C31A8200051B6AC /* Assets.xcassets */; };
		E9038FAB2C31A8500051B6AC /* SidebarRootViewController.swift in Sources */ = {isa = PBXBuildFile; fileRef = E942AC8F2C27CF4F00A2F3D3 /* SidebarRootViewController.swift */; };
		E9038FAC2C31A8500051B6AC /* MainSplitViewController.swift in Sources */ = {isa = PBXBuildFile; fileRef = E95441BB2C26E99400DFFD40 /* MainSplitViewController.swift */; };
		E9038FAD2C31A8500051B6AC /* ContentCoordinator.swift in Sources */ = {isa = PBXBuildFile; fileRef = E942AC952C28654F00A2F3D3 /* ContentCoordinator.swift */; };
		E9038FAE2C31A8500051B6AC /* ContentNavigationController.swift in Sources */ = {isa = PBXBuildFile; fileRef = E942AC972C28658A00A2F3D3 /* ContentNavigationController.swift */; };
		E9038FAF2C31A8500051B6AC /* SceneDelegate.swift in Sources */ = {isa = PBXBuildFile; fileRef = E9432FC72C0D612000362862 /* SceneDelegate.swift */; };
		E9038FB02C31A8500051B6AC /* SidebarCoordinator.swift in Sources */ = {isa = PBXBuildFile; fileRef = E942AC8B2C27CF0A00A2F3D3 /* SidebarCoordinator.swift */; };
		E9038FB12C31A8500051B6AC /* Then.swift in Sources */ = {isa = PBXBuildFile; fileRef = E947C39D2C2AB7E400296B2E /* Then.swift */; };
		E9038FB22C31A8500051B6AC /* MainViewModel.swift in Sources */ = {isa = PBXBuildFile; fileRef = E942ACA32C28682C00A2F3D3 /* MainViewModel.swift */; };
		E9038FB32C31A8500051B6AC /* InspectorNavigationController.swift in Sources */ = {isa = PBXBuildFile; fileRef = E942AC9F2C2866E600A2F3D3 /* InspectorNavigationController.swift */; };
		E9038FB42C31A8500051B6AC /* SidebarImageViewController.swift in Sources */ = {isa = PBXBuildFile; fileRef = E942AC922C28210100A2F3D3 /* SidebarImageViewController.swift */; };
		E9038FB52C31A8500051B6AC /* AppDelegate.swift in Sources */ = {isa = PBXBuildFile; fileRef = E9432FC52C0D612000362862 /* AppDelegate.swift */; };
		E9038FB62C31A8500051B6AC /* SidebarNavigationController.swift in Sources */ = {isa = PBXBuildFile; fileRef = E942AC8D2C27CF3400A2F3D3 /* SidebarNavigationController.swift */; };
		E9038FB72C31A8500051B6AC /* ContentPlaceholderViewController.swift in Sources */ = {isa = PBXBuildFile; fileRef = E942AC992C28659C00A2F3D3 /* ContentPlaceholderViewController.swift */; };
		E9038FB82C31A8500051B6AC /* ContentTextViewController.swift in Sources */ = {isa = PBXBuildFile; fileRef = E942AC9B2C2865A300A2F3D3 /* ContentTextViewController.swift */; };
		E9038FB92C31A8500051B6AC /* ViewControllers.swift in Sources */ = {isa = PBXBuildFile; fileRef = E9432FC92C0D612000362862 /* ViewControllers.swift */; };
		E9038FBA2C31A8500051B6AC /* InspectorCoordinator.swift in Sources */ = {isa = PBXBuildFile; fileRef = E942ACA12C2866F400A2F3D3 /* InspectorCoordinator.swift */; };
		E9038FBB2C31A8500051B6AC /* MainCoordinator.swift in Sources */ = {isa = PBXBuildFile; fileRef = E942AC762C270C0000A2F3D3 /* MainCoordinator.swift */; };
		E9038FBD2C31A8810051B6AC /* RuntimeViewerApplication in Frameworks */ = {isa = PBXBuildFile; productRef = E9038FBC2C31A8810051B6AC /* RuntimeViewerApplication */; };
		E9038FBF2C31A8810051B6AC /* RuntimeViewerArchitectures in Frameworks */ = {isa = PBXBuildFile; productRef = E9038FBE2C31A8810051B6AC /* RuntimeViewerArchitectures */; };
		E9038FC32C31A8810051B6AC /* RuntimeViewerUI in Frameworks */ = {isa = PBXBuildFile; productRef = E9038FC22C31A8810051B6AC /* RuntimeViewerUI */; };
		E927C2252E94449200084A7B /* main.m in Sources */ = {isa = PBXBuildFile; fileRef = E927C2212E94449200084A7B /* main.m */; };
		E927C2262E94449200084A7B /* RuntimeViewerServerLoader.swift in Sources */ = {isa = PBXBuildFile; fileRef = E927C2232E94449200084A7B /* RuntimeViewerServerLoader.swift */; };
		E927C2272E94449200084A7B /* RuntimeViewerMobileServer.h in Headers */ = {isa = PBXBuildFile; fileRef = E927C2222E94449200084A7B /* RuntimeViewerMobileServer.h */; settings = {ATTRIBUTES = (Public, ); }; };
		E927C2302E94450700084A7B /* AppIcon.icon in Resources */ = {isa = PBXBuildFile; fileRef = E927C22F2E94450700084A7B /* AppIcon.icon */; };
		E927C2312E94450700084A7B /* AppIcon.icon in Resources */ = {isa = PBXBuildFile; fileRef = E927C22F2E94450700084A7B /* AppIcon.icon */; };
		E942AC772C270C0000A2F3D3 /* MainCoordinator.swift in Sources */ = {isa = PBXBuildFile; fileRef = E942AC762C270C0000A2F3D3 /* MainCoordinator.swift */; };
		E942AC8A2C27556800A2F3D3 /* RuntimeViewerApplication in Frameworks */ = {isa = PBXBuildFile; productRef = E942AC892C27556800A2F3D3 /* RuntimeViewerApplication */; };
		E942AC8C2C27CF0A00A2F3D3 /* SidebarCoordinator.swift in Sources */ = {isa = PBXBuildFile; fileRef = E942AC8B2C27CF0A00A2F3D3 /* SidebarCoordinator.swift */; };
		E942AC8E2C27CF3400A2F3D3 /* SidebarNavigationController.swift in Sources */ = {isa = PBXBuildFile; fileRef = E942AC8D2C27CF3400A2F3D3 /* SidebarNavigationController.swift */; };
		E942AC902C27CF4F00A2F3D3 /* SidebarRootViewController.swift in Sources */ = {isa = PBXBuildFile; fileRef = E942AC8F2C27CF4F00A2F3D3 /* SidebarRootViewController.swift */; };
		E942AC932C28210100A2F3D3 /* SidebarImageViewController.swift in Sources */ = {isa = PBXBuildFile; fileRef = E942AC922C28210100A2F3D3 /* SidebarImageViewController.swift */; };
		E942AC962C28654F00A2F3D3 /* ContentCoordinator.swift in Sources */ = {isa = PBXBuildFile; fileRef = E942AC952C28654F00A2F3D3 /* ContentCoordinator.swift */; };
		E942AC982C28658A00A2F3D3 /* ContentNavigationController.swift in Sources */ = {isa = PBXBuildFile; fileRef = E942AC972C28658A00A2F3D3 /* ContentNavigationController.swift */; };
		E942AC9A2C28659C00A2F3D3 /* ContentPlaceholderViewController.swift in Sources */ = {isa = PBXBuildFile; fileRef = E942AC992C28659C00A2F3D3 /* ContentPlaceholderViewController.swift */; };
		E942AC9C2C2865A300A2F3D3 /* ContentTextViewController.swift in Sources */ = {isa = PBXBuildFile; fileRef = E942AC9B2C2865A300A2F3D3 /* ContentTextViewController.swift */; };
		E942ACA02C2866E600A2F3D3 /* InspectorNavigationController.swift in Sources */ = {isa = PBXBuildFile; fileRef = E942AC9F2C2866E600A2F3D3 /* InspectorNavigationController.swift */; };
		E942ACA22C2866F400A2F3D3 /* InspectorCoordinator.swift in Sources */ = {isa = PBXBuildFile; fileRef = E942ACA12C2866F400A2F3D3 /* InspectorCoordinator.swift */; };
		E942ACA42C28682C00A2F3D3 /* MainViewModel.swift in Sources */ = {isa = PBXBuildFile; fileRef = E942ACA32C28682C00A2F3D3 /* MainViewModel.swift */; };
		E9432FC62C0D612000362862 /* AppDelegate.swift in Sources */ = {isa = PBXBuildFile; fileRef = E9432FC52C0D612000362862 /* AppDelegate.swift */; };
		E9432FC82C0D612000362862 /* SceneDelegate.swift in Sources */ = {isa = PBXBuildFile; fileRef = E9432FC72C0D612000362862 /* SceneDelegate.swift */; };
		E9432FCA2C0D612000362862 /* ViewControllers.swift in Sources */ = {isa = PBXBuildFile; fileRef = E9432FC92C0D612000362862 /* ViewControllers.swift */; };
		E9432FCF2C0D612100362862 /* Assets.xcassets in Resources */ = {isa = PBXBuildFile; fileRef = E9432FCE2C0D612100362862 /* Assets.xcassets */; };
		E9432FF82C0D638200362862 /* RuntimeViewerUI in Frameworks */ = {isa = PBXBuildFile; productRef = E9432FF72C0D638200362862 /* RuntimeViewerUI */; };
		E947C39E2C2AB7E400296B2E /* Then.swift in Sources */ = {isa = PBXBuildFile; fileRef = E947C39D2C2AB7E400296B2E /* Then.swift */; };
		E95441B82C26E94700DFFD40 /* RuntimeViewerArchitectures in Frameworks */ = {isa = PBXBuildFile; productRef = E95441B72C26E94700DFFD40 /* RuntimeViewerArchitectures */; };
		E95441BC2C26E99400DFFD40 /* MainSplitViewController.swift in Sources */ = {isa = PBXBuildFile; fileRef = E95441BB2C26E99400DFFD40 /* MainSplitViewController.swift */; };
		E96CF52D2EC7848700CBC159 /* XiblessView.swift in Sources */ = {isa = PBXBuildFile; fileRef = E96CF52C2EC7848700CBC159 /* XiblessView.swift */; };
		E96CF52E2EC7848700CBC159 /* XiblessView.swift in Sources */ = {isa = PBXBuildFile; fileRef = E96CF52C2EC7848700CBC159 /* XiblessView.swift */; };
		E96CF5302EC784C000CBC159 /* Extensions.swift in Sources */ = {isa = PBXBuildFile; fileRef = E96CF52F2EC784C000CBC159 /* Extensions.swift */; };
		E96CF5312EC784C000CBC159 /* Extensions.swift in Sources */ = {isa = PBXBuildFile; fileRef = E96CF52F2EC784C000CBC159 /* Extensions.swift */; };
		E985A9D42D9AF51E005A573C /* RuntimeViewerCore in Frameworks */ = {isa = PBXBuildFile; productRef = E985A9D32D9AF51E005A573C /* RuntimeViewerCore */; };
		E985A9D62D9AF52E005A573C /* RuntimeViewerCore in Frameworks */ = {isa = PBXBuildFile; productRef = E985A9D52D9AF52E005A573C /* RuntimeViewerCore */; };
		E985A9D82D9AF536005A573C /* RuntimeViewerCore in Frameworks */ = {isa = PBXBuildFile; productRef = E985A9D72D9AF536005A573C /* RuntimeViewerCore */; };
		E9AA36242C318A7300A9B2E4 /* LaunchScreen.storyboard in Resources */ = {isa = PBXBuildFile; fileRef = E9AA36232C318A7300A9B2E4 /* LaunchScreen.storyboard */; platformFilter = ios; };
/* End PBXBuildFile section */

/* Begin PBXFileReference section */
		E9038F982C31A81F0051B6AC /* RuntimeViewer.app */ = {isa = PBXFileReference; explicitFileType = wrapper.application; includeInIndex = 0; path = RuntimeViewer.app; sourceTree = BUILT_PRODUCTS_DIR; };
		E9038FA22C31A8200051B6AC /* Assets.xcassets */ = {isa = PBXFileReference; lastKnownFileType = folder.assetcatalog; path = Assets.xcassets; sourceTree = "<group>"; };
		E9038FA72C31A8200051B6AC /* Info.plist */ = {isa = PBXFileReference; lastKnownFileType = text.plist.xml; path = Info.plist; sourceTree = "<group>"; };
		E927C2212E94449200084A7B /* main.m */ = {isa = PBXFileReference; lastKnownFileType = sourcecode.c.objc; path = main.m; sourceTree = "<group>"; };
		E927C2222E94449200084A7B /* RuntimeViewerMobileServer.h */ = {isa = PBXFileReference; lastKnownFileType = sourcecode.c.h; path = RuntimeViewerMobileServer.h; sourceTree = "<group>"; };
		E927C2232E94449200084A7B /* RuntimeViewerServerLoader.swift */ = {isa = PBXFileReference; lastKnownFileType = sourcecode.swift; path = RuntimeViewerServerLoader.swift; sourceTree = "<group>"; };
		E927C22F2E94450700084A7B /* AppIcon.icon */ = {isa = PBXFileReference; lastKnownFileType = folder.iconcomposer.icon; name = AppIcon.icon; path = ../Resources/AppIcon.icon; sourceTree = SOURCE_ROOT; };
		E9401C562D9ADC33007646F6 /* RuntimeViewerMobileServer.framework */ = {isa = PBXFileReference; explicitFileType = wrapper.framework; includeInIndex = 0; path = RuntimeViewerMobileServer.framework; sourceTree = BUILT_PRODUCTS_DIR; };
		E942AC762C270C0000A2F3D3 /* MainCoordinator.swift */ = {isa = PBXFileReference; lastKnownFileType = sourcecode.swift; path = MainCoordinator.swift; sourceTree = "<group>"; };
		E942AC8B2C27CF0A00A2F3D3 /* SidebarCoordinator.swift */ = {isa = PBXFileReference; lastKnownFileType = sourcecode.swift; path = SidebarCoordinator.swift; sourceTree = "<group>"; };
		E942AC8D2C27CF3400A2F3D3 /* SidebarNavigationController.swift */ = {isa = PBXFileReference; lastKnownFileType = sourcecode.swift; path = SidebarNavigationController.swift; sourceTree = "<group>"; };
		E942AC8F2C27CF4F00A2F3D3 /* SidebarRootViewController.swift */ = {isa = PBXFileReference; lastKnownFileType = sourcecode.swift; path = SidebarRootViewController.swift; sourceTree = "<group>"; };
		E942AC922C28210100A2F3D3 /* SidebarImageViewController.swift */ = {isa = PBXFileReference; lastKnownFileType = sourcecode.swift; path = SidebarImageViewController.swift; sourceTree = "<group>"; };
		E942AC952C28654F00A2F3D3 /* ContentCoordinator.swift */ = {isa = PBXFileReference; lastKnownFileType = sourcecode.swift; path = ContentCoordinator.swift; sourceTree = "<group>"; };
		E942AC972C28658A00A2F3D3 /* ContentNavigationController.swift */ = {isa = PBXFileReference; lastKnownFileType = sourcecode.swift; path = ContentNavigationController.swift; sourceTree = "<group>"; };
		E942AC992C28659C00A2F3D3 /* ContentPlaceholderViewController.swift */ = {isa = PBXFileReference; lastKnownFileType = sourcecode.swift; path = ContentPlaceholderViewController.swift; sourceTree = "<group>"; };
		E942AC9B2C2865A300A2F3D3 /* ContentTextViewController.swift */ = {isa = PBXFileReference; lastKnownFileType = sourcecode.swift; path = ContentTextViewController.swift; sourceTree = "<group>"; };
		E942AC9F2C2866E600A2F3D3 /* InspectorNavigationController.swift */ = {isa = PBXFileReference; lastKnownFileType = sourcecode.swift; path = InspectorNavigationController.swift; sourceTree = "<group>"; };
		E942ACA12C2866F400A2F3D3 /* InspectorCoordinator.swift */ = {isa = PBXFileReference; lastKnownFileType = sourcecode.swift; path = InspectorCoordinator.swift; sourceTree = "<group>"; };
		E942ACA32C28682C00A2F3D3 /* MainViewModel.swift */ = {isa = PBXFileReference; lastKnownFileType = sourcecode.swift; path = MainViewModel.swift; sourceTree = "<group>"; };
		E9432FC22C0D612000362862 /* RuntimeViewerUsingUIKit.app */ = {isa = PBXFileReference; explicitFileType = wrapper.application; includeInIndex = 0; path = RuntimeViewerUsingUIKit.app; sourceTree = BUILT_PRODUCTS_DIR; };
		E9432FC52C0D612000362862 /* AppDelegate.swift */ = {isa = PBXFileReference; lastKnownFileType = sourcecode.swift; path = AppDelegate.swift; sourceTree = "<group>"; };
		E9432FC72C0D612000362862 /* SceneDelegate.swift */ = {isa = PBXFileReference; lastKnownFileType = sourcecode.swift; path = SceneDelegate.swift; sourceTree = "<group>"; };
		E9432FC92C0D612000362862 /* ViewControllers.swift */ = {isa = PBXFileReference; lastKnownFileType = sourcecode.swift; path = ViewControllers.swift; sourceTree = "<group>"; };
		E9432FCE2C0D612100362862 /* Assets.xcassets */ = {isa = PBXFileReference; lastKnownFileType = folder.assetcatalog; path = Assets.xcassets; sourceTree = "<group>"; };
		E9432FD32C0D612100362862 /* Info.plist */ = {isa = PBXFileReference; lastKnownFileType = text.plist.xml; path = Info.plist; sourceTree = "<group>"; };
		E9432FF22C0D617200362862 /* RuntimeViewerUsingUIKit.entitlements */ = {isa = PBXFileReference; lastKnownFileType = text.plist.entitlements; path = RuntimeViewerUsingUIKit.entitlements; sourceTree = "<group>"; };
		E947C39D2C2AB7E400296B2E /* Then.swift */ = {isa = PBXFileReference; fileEncoding = 4; lastKnownFileType = sourcecode.swift; path = Then.swift; sourceTree = "<group>"; };
		E95441BB2C26E99400DFFD40 /* MainSplitViewController.swift */ = {isa = PBXFileReference; lastKnownFileType = sourcecode.swift; path = MainSplitViewController.swift; sourceTree = "<group>"; };
		E96CF52C2EC7848700CBC159 /* XiblessView.swift */ = {isa = PBXFileReference; lastKnownFileType = sourcecode.swift; path = XiblessView.swift; sourceTree = "<group>"; };
		E96CF52F2EC784C000CBC159 /* Extensions.swift */ = {isa = PBXFileReference; lastKnownFileType = sourcecode.swift; path = Extensions.swift; sourceTree = "<group>"; };
		E9AA36232C318A7300A9B2E4 /* LaunchScreen.storyboard */ = {isa = PBXFileReference; fileEncoding = 4; lastKnownFileType = file.storyboard; path = LaunchScreen.storyboard; sourceTree = "<group>"; };
/* End PBXFileReference section */

/* Begin PBXFrameworksBuildPhase section */
		E9038F952C31A81F0051B6AC /* Frameworks */ = {
			isa = PBXFrameworksBuildPhase;
			buildActionMask = 2147483647;
			files = (
				E985A9D62D9AF52E005A573C /* RuntimeViewerCore in Frameworks */,
				E9038FBF2C31A8810051B6AC /* RuntimeViewerArchitectures in Frameworks */,
				E9038FBD2C31A8810051B6AC /* RuntimeViewerApplication in Frameworks */,
				E9038FC32C31A8810051B6AC /* RuntimeViewerUI in Frameworks */,
			);
			runOnlyForDeploymentPostprocessing = 0;
		};
		E9401C532D9ADC33007646F6 /* Frameworks */ = {
			isa = PBXFrameworksBuildPhase;
			buildActionMask = 2147483647;
			files = (
				E985A9D82D9AF536005A573C /* RuntimeViewerCore in Frameworks */,
			);
			runOnlyForDeploymentPostprocessing = 0;
		};
		E9432FBF2C0D612000362862 /* Frameworks */ = {
			isa = PBXFrameworksBuildPhase;
			buildActionMask = 2147483647;
			files = (
				E985A9D42D9AF51E005A573C /* RuntimeViewerCore in Frameworks */,
				E95441B82C26E94700DFFD40 /* RuntimeViewerArchitectures in Frameworks */,
				E942AC8A2C27556800A2F3D3 /* RuntimeViewerApplication in Frameworks */,
				E9432FF82C0D638200362862 /* RuntimeViewerUI in Frameworks */,
			);
			runOnlyForDeploymentPostprocessing = 0;
		};
/* End PBXFrameworksBuildPhase section */

/* Begin PBXGroup section */
		E9038F992C31A81F0051B6AC /* RuntimeViewerUsingVision */ = {
			isa = PBXGroup;
			children = (
				E9038FA22C31A8200051B6AC /* Assets.xcassets */,
				E9038FA72C31A8200051B6AC /* Info.plist */,
			);
			path = RuntimeViewerUsingVision;
			sourceTree = "<group>";
		};
		E927C2242E94449200084A7B /* RuntimeViewerMobileServer */ = {
			isa = PBXGroup;
			children = (
				E927C2212E94449200084A7B /* main.m */,
				E927C2222E94449200084A7B /* RuntimeViewerMobileServer.h */,
				E927C2232E94449200084A7B /* RuntimeViewerServerLoader.swift */,
			);
			path = RuntimeViewerMobileServer;
			sourceTree = "<group>";
		};
		E9432FB92C0D612000362862 = {
			isa = PBXGroup;
			children = (
				E927C22F2E94450700084A7B /* AppIcon.icon */,
				E9432FC42C0D612000362862 /* RuntimeViewerUsingUIKit */,
				E9038F992C31A81F0051B6AC /* RuntimeViewerUsingVision */,
				E927C2242E94449200084A7B /* RuntimeViewerMobileServer */,
				E9432FC32C0D612000362862 /* Products */,
				E9432FF62C0D638200362862 /* Frameworks */,
			);
			sourceTree = "<group>";
		};
		E9432FC32C0D612000362862 /* Products */ = {
			isa = PBXGroup;
			children = (
				E9432FC22C0D612000362862 /* RuntimeViewerUsingUIKit.app */,
				E9038F982C31A81F0051B6AC /* RuntimeViewer.app */,
				E9401C562D9ADC33007646F6 /* RuntimeViewerMobileServer.framework */,
			);
			name = Products;
			sourceTree = "<group>";
		};
		E9432FC42C0D612000362862 /* RuntimeViewerUsingUIKit */ = {
			isa = PBXGroup;
			children = (
				E96CF52A2EC7814B00CBC159 /* App */,
				E96CF5292EC7813F00CBC159 /* Base */,
				E96CF5282EC7813600CBC159 /* Main */,
				E96CF5252EC7811800CBC159 /* Sidebar */,
				E96CF5262EC7812000CBC159 /* Content */,
				E96CF5272EC7812800CBC159 /* Inspector */,
				E96CF52B2EC7816900CBC159 /* Utils */,
				E9432FCE2C0D612100362862 /* Assets.xcassets */,
				E9AA36232C318A7300A9B2E4 /* LaunchScreen.storyboard */,
				E9432FF22C0D617200362862 /* RuntimeViewerUsingUIKit.entitlements */,
				E9432FD32C0D612100362862 /* Info.plist */,
			);
			path = RuntimeViewerUsingUIKit;
			sourceTree = "<group>";
		};
		E9432FF62C0D638200362862 /* Frameworks */ = {
			isa = PBXGroup;
			children = (
			);
			name = Frameworks;
			sourceTree = "<group>";
		};
		E96CF5252EC7811800CBC159 /* Sidebar */ = {
			isa = PBXGroup;
			children = (
				E942AC8B2C27CF0A00A2F3D3 /* SidebarCoordinator.swift */,
				E942AC8D2C27CF3400A2F3D3 /* SidebarNavigationController.swift */,
				E942AC8F2C27CF4F00A2F3D3 /* SidebarRootViewController.swift */,
				E942AC922C28210100A2F3D3 /* SidebarImageViewController.swift */,
			);
			path = Sidebar;
			sourceTree = "<group>";
		};
		E96CF5262EC7812000CBC159 /* Content */ = {
			isa = PBXGroup;
			children = (
				E942AC952C28654F00A2F3D3 /* ContentCoordinator.swift */,
				E942AC972C28658A00A2F3D3 /* ContentNavigationController.swift */,
				E942AC992C28659C00A2F3D3 /* ContentPlaceholderViewController.swift */,
				E942AC9B2C2865A300A2F3D3 /* ContentTextViewController.swift */,
			);
			path = Content;
			sourceTree = "<group>";
		};
		E96CF5272EC7812800CBC159 /* Inspector */ = {
			isa = PBXGroup;
			children = (
				E942AC9F2C2866E600A2F3D3 /* InspectorNavigationController.swift */,
				E942ACA12C2866F400A2F3D3 /* InspectorCoordinator.swift */,
			);
			path = Inspector;
			sourceTree = "<group>";
		};
		E96CF5282EC7813600CBC159 /* Main */ = {
			isa = PBXGroup;
			children = (
				E95441BB2C26E99400DFFD40 /* MainSplitViewController.swift */,
				E942AC762C270C0000A2F3D3 /* MainCoordinator.swift */,
				E942ACA32C28682C00A2F3D3 /* MainViewModel.swift */,
			);
			path = Main;
			sourceTree = "<group>";
		};
		E96CF5292EC7813F00CBC159 /* Base */ = {
			isa = PBXGroup;
			children = (
				E9432FC92C0D612000362862 /* ViewControllers.swift */,
				E96CF52C2EC7848700CBC159 /* XiblessView.swift */,
			);
			path = Base;
			sourceTree = "<group>";
		};
		E96CF52A2EC7814B00CBC159 /* App */ = {
			isa = PBXGroup;
			children = (
				E9432FC52C0D612000362862 /* AppDelegate.swift */,
				E9432FC72C0D612000362862 /* SceneDelegate.swift */,
			);
			path = App;
			sourceTree = "<group>";
		};
		E96CF52B2EC7816900CBC159 /* Utils */ = {
			isa = PBXGroup;
			children = (
				E96CF52F2EC784C000CBC159 /* Extensions.swift */,
				E947C39D2C2AB7E400296B2E /* Then.swift */,
			);
			path = Utils;
			sourceTree = "<group>";
		};
/* End PBXGroup section */

/* Begin PBXHeadersBuildPhase section */
		E9401C512D9ADC33007646F6 /* Headers */ = {
			isa = PBXHeadersBuildPhase;
			buildActionMask = 2147483647;
			files = (
				E927C2272E94449200084A7B /* RuntimeViewerMobileServer.h in Headers */,
			);
			runOnlyForDeploymentPostprocessing = 0;
		};
/* End PBXHeadersBuildPhase section */

/* Begin PBXNativeTarget section */
		E9038F972C31A81F0051B6AC /* RuntimeViewerUsingVision */ = {
			isa = PBXNativeTarget;
			buildConfigurationList = E9038FA82C31A8200051B6AC /* Build configuration list for PBXNativeTarget "RuntimeViewerUsingVision" */;
			buildPhases = (
				E9038F942C31A81F0051B6AC /* Sources */,
				E9038F952C31A81F0051B6AC /* Frameworks */,
				E9038F962C31A81F0051B6AC /* Resources */,
			);
			buildRules = (
			);
			dependencies = (
			);
			name = RuntimeViewerUsingVision;
			packageProductDependencies = (
				E9038FBC2C31A8810051B6AC /* RuntimeViewerApplication */,
				E9038FBE2C31A8810051B6AC /* RuntimeViewerArchitectures */,
				E9038FC22C31A8810051B6AC /* RuntimeViewerUI */,
				E985A9D52D9AF52E005A573C /* RuntimeViewerCore */,
			);
			productName = RuntimeViewerUsingVision;
			productReference = E9038F982C31A81F0051B6AC /* RuntimeViewer.app */;
			productType = "com.apple.product-type.application";
		};
		E9401C552D9ADC33007646F6 /* RuntimeViewerMobileServer */ = {
			isa = PBXNativeTarget;
			buildConfigurationList = E9401C5D2D9ADC33007646F6 /* Build configuration list for PBXNativeTarget "RuntimeViewerMobileServer" */;
			buildPhases = (
				E9401C512D9ADC33007646F6 /* Headers */,
				E9401C522D9ADC33007646F6 /* Sources */,
				E9401C532D9ADC33007646F6 /* Frameworks */,
				E9401C542D9ADC33007646F6 /* Resources */,
			);
			buildRules = (
			);
			dependencies = (
			);
			name = RuntimeViewerMobileServer;
			packageProductDependencies = (
				E985A9D72D9AF536005A573C /* RuntimeViewerCore */,
			);
			productName = RuntimeViewerMobileServer;
			productReference = E9401C562D9ADC33007646F6 /* RuntimeViewerMobileServer.framework */;
			productType = "com.apple.product-type.framework";
		};
		E9432FC12C0D612000362862 /* RuntimeViewerUsingUIKit */ = {
			isa = PBXNativeTarget;
			buildConfigurationList = E9432FD62C0D612100362862 /* Build configuration list for PBXNativeTarget "RuntimeViewerUsingUIKit" */;
			buildPhases = (
				E9432FBE2C0D612000362862 /* Sources */,
				E9432FBF2C0D612000362862 /* Frameworks */,
				E9432FC02C0D612000362862 /* Resources */,
			);
			buildRules = (
			);
			dependencies = (
			);
			name = RuntimeViewerUsingUIKit;
			packageProductDependencies = (
				E9432FF72C0D638200362862 /* RuntimeViewerUI */,
				E95441B72C26E94700DFFD40 /* RuntimeViewerArchitectures */,
				E942AC892C27556800A2F3D3 /* RuntimeViewerApplication */,
				E985A9D32D9AF51E005A573C /* RuntimeViewerCore */,
			);
			productName = RuntimeViewerUsingUIKit;
			productReference = E9432FC22C0D612000362862 /* RuntimeViewerUsingUIKit.app */;
			productType = "com.apple.product-type.application";
		};
/* End PBXNativeTarget section */

/* Begin PBXProject section */
		E9432FBA2C0D612000362862 /* Project object */ = {
			isa = PBXProject;
			attributes = {
				BuildIndependentTargetsInParallel = 1;
				LastSwiftUpdateCheck = 1620;
				LastUpgradeCheck = 1640;
				TargetAttributes = {
					E9038F972C31A81F0051B6AC = {
						CreatedOnToolsVersion = 15.4;
					};
					E9401C552D9ADC33007646F6 = {
						CreatedOnToolsVersion = 16.2;
					};
					E9432FC12C0D612000362862 = {
						CreatedOnToolsVersion = 15.4;
					};
				};
			};
			buildConfigurationList = E9432FBD2C0D612000362862 /* Build configuration list for PBXProject "RuntimeViewerUsingUIKit" */;
			compatibilityVersion = "Xcode 14.0";
			developmentRegion = en;
			hasScannedForEncodings = 0;
			knownRegions = (
				en,
				Base,
			);
			mainGroup = E9432FB92C0D612000362862;
			packageReferences = (
			);
			productRefGroup = E9432FC32C0D612000362862 /* Products */;
			projectDirPath = "";
			projectRoot = "";
			targets = (
				E9432FC12C0D612000362862 /* RuntimeViewerUsingUIKit */,
				E9038F972C31A81F0051B6AC /* RuntimeViewerUsingVision */,
				E9401C552D9ADC33007646F6 /* RuntimeViewerMobileServer */,
			);
		};
/* End PBXProject section */

/* Begin PBXResourcesBuildPhase section */
		E9038F962C31A81F0051B6AC /* Resources */ = {
			isa = PBXResourcesBuildPhase;
			buildActionMask = 2147483647;
			files = (
				E9038FA32C31A8200051B6AC /* Assets.xcassets in Resources */,
				E927C2312E94450700084A7B /* AppIcon.icon in Resources */,
			);
			runOnlyForDeploymentPostprocessing = 0;
		};
		E9401C542D9ADC33007646F6 /* Resources */ = {
			isa = PBXResourcesBuildPhase;
			buildActionMask = 2147483647;
			files = (
			);
			runOnlyForDeploymentPostprocessing = 0;
		};
		E9432FC02C0D612000362862 /* Resources */ = {
			isa = PBXResourcesBuildPhase;
			buildActionMask = 2147483647;
			files = (
				E9432FCF2C0D612100362862 /* Assets.xcassets in Resources */,
				E9AA36242C318A7300A9B2E4 /* LaunchScreen.storyboard in Resources */,
				E927C2302E94450700084A7B /* AppIcon.icon in Resources */,
			);
			runOnlyForDeploymentPostprocessing = 0;
		};
/* End PBXResourcesBuildPhase section */

/* Begin PBXSourcesBuildPhase section */
		E9038F942C31A81F0051B6AC /* Sources */ = {
			isa = PBXSourcesBuildPhase;
			buildActionMask = 2147483647;
			files = (
				E9038FAB2C31A8500051B6AC /* SidebarRootViewController.swift in Sources */,
				E9038FAC2C31A8500051B6AC /* MainSplitViewController.swift in Sources */,
				E9038FAD2C31A8500051B6AC /* ContentCoordinator.swift in Sources */,
				E9038FAE2C31A8500051B6AC /* ContentNavigationController.swift in Sources */,
				E9038FAF2C31A8500051B6AC /* SceneDelegate.swift in Sources */,
				E9038FB02C31A8500051B6AC /* SidebarCoordinator.swift in Sources */,
				E9038FB12C31A8500051B6AC /* Then.swift in Sources */,
				E9038FB22C31A8500051B6AC /* MainViewModel.swift in Sources */,
				E9038FB32C31A8500051B6AC /* InspectorNavigationController.swift in Sources */,
				E96CF52E2EC7848700CBC159 /* XiblessView.swift in Sources */,
				E9038FB42C31A8500051B6AC /* SidebarImageViewController.swift in Sources */,
				E9038FB52C31A8500051B6AC /* AppDelegate.swift in Sources */,
				E9038FB62C31A8500051B6AC /* SidebarNavigationController.swift in Sources */,
				E9038FB72C31A8500051B6AC /* ContentPlaceholderViewController.swift in Sources */,
				E9038FB82C31A8500051B6AC /* ContentTextViewController.swift in Sources */,
				E9038FB92C31A8500051B6AC /* ViewControllers.swift in Sources */,
				E9038FBA2C31A8500051B6AC /* InspectorCoordinator.swift in Sources */,
				E96CF5302EC784C000CBC159 /* Extensions.swift in Sources */,
				E9038FBB2C31A8500051B6AC /* MainCoordinator.swift in Sources */,
			);
			runOnlyForDeploymentPostprocessing = 0;
		};
		E9401C522D9ADC33007646F6 /* Sources */ = {
			isa = PBXSourcesBuildPhase;
			buildActionMask = 2147483647;
			files = (
				E927C2252E94449200084A7B /* main.m in Sources */,
				E927C2262E94449200084A7B /* RuntimeViewerServerLoader.swift in Sources */,
			);
			runOnlyForDeploymentPostprocessing = 0;
		};
		E9432FBE2C0D612000362862 /* Sources */ = {
			isa = PBXSourcesBuildPhase;
			buildActionMask = 2147483647;
			files = (
				E942AC982C28658A00A2F3D3 /* ContentNavigationController.swift in Sources */,
				E942AC8E2C27CF3400A2F3D3 /* SidebarNavigationController.swift in Sources */,
				E947C39E2C2AB7E400296B2E /* Then.swift in Sources */,
				E95441BC2C26E99400DFFD40 /* MainSplitViewController.swift in Sources */,
				E942AC9C2C2865A300A2F3D3 /* ContentTextViewController.swift in Sources */,
				E942ACA22C2866F400A2F3D3 /* InspectorCoordinator.swift in Sources */,
				E942AC962C28654F00A2F3D3 /* ContentCoordinator.swift in Sources */,
				E942AC8C2C27CF0A00A2F3D3 /* SidebarCoordinator.swift in Sources */,
				E9432FCA2C0D612000362862 /* ViewControllers.swift in Sources */,
				E96CF52D2EC7848700CBC159 /* XiblessView.swift in Sources */,
				E9432FC62C0D612000362862 /* AppDelegate.swift in Sources */,
				E942AC932C28210100A2F3D3 /* SidebarImageViewController.swift in Sources */,
				E942AC772C270C0000A2F3D3 /* MainCoordinator.swift in Sources */,
				E9432FC82C0D612000362862 /* SceneDelegate.swift in Sources */,
				E942AC9A2C28659C00A2F3D3 /* ContentPlaceholderViewController.swift in Sources */,
				E942ACA02C2866E600A2F3D3 /* InspectorNavigationController.swift in Sources */,
				E942AC902C27CF4F00A2F3D3 /* SidebarRootViewController.swift in Sources */,
				E96CF5312EC784C000CBC159 /* Extensions.swift in Sources */,
				E942ACA42C28682C00A2F3D3 /* MainViewModel.swift in Sources */,
			);
			runOnlyForDeploymentPostprocessing = 0;
		};
/* End PBXSourcesBuildPhase section */

/* Begin XCBuildConfiguration section */
		E9038FA92C31A8200051B6AC /* Debug */ = {
			isa = XCBuildConfiguration;
			buildSettings = {
				ASSETCATALOG_COMPILER_APPICON_NAME = AppIcon;
				ASSETCATALOG_COMPILER_GLOBAL_ACCENT_COLOR_NAME = AccentColor;
				CODE_SIGN_STYLE = Automatic;
				CURRENT_PROJECT_VERSION = 1;
				DEVELOPMENT_ASSET_PATHS = "";
				ENABLE_PREVIEWS = YES;
				GENERATE_INFOPLIST_FILE = YES;
				INFOPLIST_FILE = "$(TARGET_NAME)/Info.plist";
				INFOPLIST_KEY_CFBundleDisplayName = RuntimeViewer;
				INFOPLIST_KEY_LSApplicationCategoryType = "public.app-category.developer-tools";
				LD_RUNPATH_SEARCH_PATHS = (
					"$(inherited)",
					"@executable_path/Frameworks",
				);
				MARKETING_VERSION = 1.0;
				PRODUCT_BUNDLE_IDENTIFIER = com.JH.RuntimeViewer;
				PRODUCT_NAME = RuntimeViewer;
				SDKROOT = xros;
				SUPPORTED_PLATFORMS = "xros xrsimulator";
				SWIFT_EMIT_LOC_STRINGS = YES;
				SWIFT_VERSION = 5.0;
				TARGETED_DEVICE_FAMILY = "1,2,7";
				XROS_DEPLOYMENT_TARGET = 1.0;
			};
			name = Debug;
		};
		E9038FAA2C31A8200051B6AC /* Release */ = {
			isa = XCBuildConfiguration;
			buildSettings = {
				ASSETCATALOG_COMPILER_APPICON_NAME = AppIcon;
				ASSETCATALOG_COMPILER_GLOBAL_ACCENT_COLOR_NAME = AccentColor;
				CODE_SIGN_STYLE = Automatic;
				CURRENT_PROJECT_VERSION = 1;
				DEVELOPMENT_ASSET_PATHS = "";
				ENABLE_PREVIEWS = YES;
				GENERATE_INFOPLIST_FILE = YES;
				INFOPLIST_FILE = "$(TARGET_NAME)/Info.plist";
				INFOPLIST_KEY_CFBundleDisplayName = RuntimeViewer;
				INFOPLIST_KEY_LSApplicationCategoryType = "public.app-category.developer-tools";
				LD_RUNPATH_SEARCH_PATHS = (
					"$(inherited)",
					"@executable_path/Frameworks",
				);
				MARKETING_VERSION = 1.0;
				PRODUCT_BUNDLE_IDENTIFIER = com.JH.RuntimeViewer;
				PRODUCT_NAME = RuntimeViewer;
				SDKROOT = xros;
				SUPPORTED_PLATFORMS = "xros xrsimulator";
				SWIFT_EMIT_LOC_STRINGS = YES;
				SWIFT_VERSION = 5.0;
				TARGETED_DEVICE_FAMILY = "1,2,7";
				XROS_DEPLOYMENT_TARGET = 1.0;
			};
			name = Release;
		};
		E9401C5A2D9ADC33007646F6 /* Debug */ = {
			isa = XCBuildConfiguration;
			buildSettings = {
				BUILD_LIBRARY_FOR_DISTRIBUTION = YES;
				CODE_SIGN_IDENTITY = "";
				CODE_SIGN_STYLE = Automatic;
				CURRENT_PROJECT_VERSION = 1;
				DEFINES_MODULE = YES;
				DYLIB_COMPATIBILITY_VERSION = 1;
				DYLIB_CURRENT_VERSION = 1;
				DYLIB_INSTALL_NAME_BASE = "@rpath";
				ENABLE_MODULE_VERIFIER = YES;
				GENERATE_INFOPLIST_FILE = YES;
				INFOPLIST_KEY_NSHumanReadableCopyright = "";
				INSTALL_PATH = "$(LOCAL_LIBRARY_DIR)/Frameworks";
				IPHONEOS_DEPLOYMENT_TARGET = 17.0;
				LD_RUNPATH_SEARCH_PATHS = (
					"$(inherited)",
					"@executable_path/Frameworks",
					"@loader_path/Frameworks",
				);
				MARKETING_VERSION = 1.0;
				MODULE_VERIFIER_SUPPORTED_LANGUAGES = "objective-c objective-c++";
				MODULE_VERIFIER_SUPPORTED_LANGUAGE_STANDARDS = "gnu17 gnu++20";
				PRODUCT_BUNDLE_IDENTIFIER = com.JH.RuntimeViewerMobileServer;
				PRODUCT_NAME = "$(TARGET_NAME:c99extidentifier)";
				SKIP_INSTALL = YES;
				SUPPORTED_PLATFORMS = "appletvos appletvsimulator iphoneos iphonesimulator watchos watchsimulator xros xrsimulator";
				SUPPORTS_MACCATALYST = YES;
				SWIFT_EMIT_LOC_STRINGS = YES;
				SWIFT_INSTALL_OBJC_HEADER = NO;
				SWIFT_VERSION = 5.0;
				TARGETED_DEVICE_FAMILY = "1,2,3,4,7";
				TVOS_DEPLOYMENT_TARGET = 17.0;
				VERSIONING_SYSTEM = "apple-generic";
				VERSION_INFO_PREFIX = "";
				WATCHOS_DEPLOYMENT_TARGET = 10.0;
			};
			name = Debug;
		};
		E9401C5B2D9ADC33007646F6 /* Release */ = {
			isa = XCBuildConfiguration;
			buildSettings = {
				BUILD_LIBRARY_FOR_DISTRIBUTION = YES;
				CODE_SIGN_IDENTITY = "";
				CODE_SIGN_STYLE = Automatic;
				CURRENT_PROJECT_VERSION = 1;
				DEFINES_MODULE = YES;
				DYLIB_COMPATIBILITY_VERSION = 1;
				DYLIB_CURRENT_VERSION = 1;
				DYLIB_INSTALL_NAME_BASE = "@rpath";
				ENABLE_MODULE_VERIFIER = YES;
				GENERATE_INFOPLIST_FILE = YES;
				INFOPLIST_KEY_NSHumanReadableCopyright = "";
				INSTALL_PATH = "$(LOCAL_LIBRARY_DIR)/Frameworks";
				IPHONEOS_DEPLOYMENT_TARGET = 17.0;
				LD_RUNPATH_SEARCH_PATHS = (
					"$(inherited)",
					"@executable_path/Frameworks",
					"@loader_path/Frameworks",
				);
				MARKETING_VERSION = 1.0;
				MODULE_VERIFIER_SUPPORTED_LANGUAGES = "objective-c objective-c++";
				MODULE_VERIFIER_SUPPORTED_LANGUAGE_STANDARDS = "gnu17 gnu++20";
				PRODUCT_BUNDLE_IDENTIFIER = com.JH.RuntimeViewerMobileServer;
				PRODUCT_NAME = "$(TARGET_NAME:c99extidentifier)";
				SKIP_INSTALL = YES;
				SUPPORTED_PLATFORMS = "appletvos appletvsimulator iphoneos iphonesimulator watchos watchsimulator xros xrsimulator";
				SUPPORTS_MACCATALYST = YES;
				SWIFT_EMIT_LOC_STRINGS = YES;
				SWIFT_INSTALL_OBJC_HEADER = NO;
				SWIFT_VERSION = 5.0;
				TARGETED_DEVICE_FAMILY = "1,2,3,4,7";
				TVOS_DEPLOYMENT_TARGET = 17.0;
				VERSIONING_SYSTEM = "apple-generic";
				VERSION_INFO_PREFIX = "";
				WATCHOS_DEPLOYMENT_TARGET = 10.0;
			};
			name = Release;
		};
		E9432FD42C0D612100362862 /* Debug */ = {
			isa = XCBuildConfiguration;
			buildSettings = {
				ALWAYS_SEARCH_USER_PATHS = NO;
				ASSETCATALOG_COMPILER_GENERATE_SWIFT_ASSET_SYMBOL_EXTENSIONS = YES;
				CLANG_ANALYZER_NONNULL = YES;
				CLANG_ANALYZER_NUMBER_OBJECT_CONVERSION = YES_AGGRESSIVE;
				CLANG_CXX_LANGUAGE_STANDARD = "gnu++20";
				CLANG_ENABLE_MODULES = YES;
				CLANG_ENABLE_OBJC_ARC = YES;
				CLANG_ENABLE_OBJC_WEAK = YES;
				CLANG_WARN_BLOCK_CAPTURE_AUTORELEASING = YES;
				CLANG_WARN_BOOL_CONVERSION = YES;
				CLANG_WARN_COMMA = YES;
				CLANG_WARN_CONSTANT_CONVERSION = YES;
				CLANG_WARN_DEPRECATED_OBJC_IMPLEMENTATIONS = YES;
				CLANG_WARN_DIRECT_OBJC_ISA_USAGE = YES_ERROR;
				CLANG_WARN_DOCUMENTATION_COMMENTS = YES;
				CLANG_WARN_EMPTY_BODY = YES;
				CLANG_WARN_ENUM_CONVERSION = YES;
				CLANG_WARN_INFINITE_RECURSION = YES;
				CLANG_WARN_INT_CONVERSION = YES;
				CLANG_WARN_NON_LITERAL_NULL_CONVERSION = YES;
				CLANG_WARN_OBJC_IMPLICIT_RETAIN_SELF = YES;
				CLANG_WARN_OBJC_LITERAL_CONVERSION = YES;
				CLANG_WARN_OBJC_ROOT_CLASS = YES_ERROR;
				CLANG_WARN_QUOTED_INCLUDE_IN_FRAMEWORK_HEADER = YES;
				CLANG_WARN_RANGE_LOOP_ANALYSIS = YES;
				CLANG_WARN_STRICT_PROTOTYPES = YES;
				CLANG_WARN_SUSPICIOUS_MOVE = YES;
				CLANG_WARN_UNGUARDED_AVAILABILITY = YES_AGGRESSIVE;
				CLANG_WARN_UNREACHABLE_CODE = YES;
				CLANG_WARN__DUPLICATE_METHOD_MATCH = YES;
				COPY_PHASE_STRIP = NO;
				DEBUG_INFORMATION_FORMAT = dwarf;
				DEVELOPMENT_TEAM = D5Q73692VW;
				ENABLE_STRICT_OBJC_MSGSEND = YES;
				ENABLE_TESTABILITY = YES;
				ENABLE_USER_SCRIPT_SANDBOXING = YES;
				GCC_C_LANGUAGE_STANDARD = gnu17;
				GCC_DYNAMIC_NO_PIC = NO;
				GCC_NO_COMMON_BLOCKS = YES;
				GCC_OPTIMIZATION_LEVEL = 0;
				GCC_PREPROCESSOR_DEFINITIONS = (
					"DEBUG=1",
					"$(inherited)",
				);
				GCC_WARN_64_TO_32_BIT_CONVERSION = YES;
				GCC_WARN_ABOUT_RETURN_TYPE = YES_ERROR;
				GCC_WARN_UNDECLARED_SELECTOR = YES;
				GCC_WARN_UNINITIALIZED_AUTOS = YES_AGGRESSIVE;
				GCC_WARN_UNUSED_FUNCTION = YES;
				GCC_WARN_UNUSED_VARIABLE = YES;
				IPHONEOS_DEPLOYMENT_TARGET = 17.5;
				LOCALIZATION_PREFERS_STRING_CATALOGS = YES;
				MTL_ENABLE_DEBUG_INFO = INCLUDE_SOURCE;
				MTL_FAST_MATH = YES;
				ONLY_ACTIVE_ARCH = YES;
				SDKROOT = iphoneos;
				SUPPORTED_PLATFORMS = "iphonesimulator iphoneos";
				SWIFT_ACTIVE_COMPILATION_CONDITIONS = "DEBUG $(inherited)";
				SWIFT_OPTIMIZATION_LEVEL = "-Onone";
				XROS_DEPLOYMENT_TARGET = 1.0;
			};
			name = Debug;
		};
		E9432FD52C0D612100362862 /* Release */ = {
			isa = XCBuildConfiguration;
			buildSettings = {
				ALWAYS_SEARCH_USER_PATHS = NO;
				ASSETCATALOG_COMPILER_GENERATE_SWIFT_ASSET_SYMBOL_EXTENSIONS = YES;
				CLANG_ANALYZER_NONNULL = YES;
				CLANG_ANALYZER_NUMBER_OBJECT_CONVERSION = YES_AGGRESSIVE;
				CLANG_CXX_LANGUAGE_STANDARD = "gnu++20";
				CLANG_ENABLE_MODULES = YES;
				CLANG_ENABLE_OBJC_ARC = YES;
				CLANG_ENABLE_OBJC_WEAK = YES;
				CLANG_WARN_BLOCK_CAPTURE_AUTORELEASING = YES;
				CLANG_WARN_BOOL_CONVERSION = YES;
				CLANG_WARN_COMMA = YES;
				CLANG_WARN_CONSTANT_CONVERSION = YES;
				CLANG_WARN_DEPRECATED_OBJC_IMPLEMENTATIONS = YES;
				CLANG_WARN_DIRECT_OBJC_ISA_USAGE = YES_ERROR;
				CLANG_WARN_DOCUMENTATION_COMMENTS = YES;
				CLANG_WARN_EMPTY_BODY = YES;
				CLANG_WARN_ENUM_CONVERSION = YES;
				CLANG_WARN_INFINITE_RECURSION = YES;
				CLANG_WARN_INT_CONVERSION = YES;
				CLANG_WARN_NON_LITERAL_NULL_CONVERSION = YES;
				CLANG_WARN_OBJC_IMPLICIT_RETAIN_SELF = YES;
				CLANG_WARN_OBJC_LITERAL_CONVERSION = YES;
				CLANG_WARN_OBJC_ROOT_CLASS = YES_ERROR;
				CLANG_WARN_QUOTED_INCLUDE_IN_FRAMEWORK_HEADER = YES;
				CLANG_WARN_RANGE_LOOP_ANALYSIS = YES;
				CLANG_WARN_STRICT_PROTOTYPES = YES;
				CLANG_WARN_SUSPICIOUS_MOVE = YES;
				CLANG_WARN_UNGUARDED_AVAILABILITY = YES_AGGRESSIVE;
				CLANG_WARN_UNREACHABLE_CODE = YES;
				CLANG_WARN__DUPLICATE_METHOD_MATCH = YES;
				COPY_PHASE_STRIP = NO;
				DEBUG_INFORMATION_FORMAT = "dwarf-with-dsym";
				DEVELOPMENT_TEAM = D5Q73692VW;
				ENABLE_NS_ASSERTIONS = NO;
				ENABLE_STRICT_OBJC_MSGSEND = YES;
				ENABLE_USER_SCRIPT_SANDBOXING = YES;
				GCC_C_LANGUAGE_STANDARD = gnu17;
				GCC_NO_COMMON_BLOCKS = YES;
				GCC_WARN_64_TO_32_BIT_CONVERSION = YES;
				GCC_WARN_ABOUT_RETURN_TYPE = YES_ERROR;
				GCC_WARN_UNDECLARED_SELECTOR = YES;
				GCC_WARN_UNINITIALIZED_AUTOS = YES_AGGRESSIVE;
				GCC_WARN_UNUSED_FUNCTION = YES;
				GCC_WARN_UNUSED_VARIABLE = YES;
				IPHONEOS_DEPLOYMENT_TARGET = 17.5;
				LOCALIZATION_PREFERS_STRING_CATALOGS = YES;
				MTL_ENABLE_DEBUG_INFO = NO;
				MTL_FAST_MATH = YES;
				SDKROOT = iphoneos;
				SUPPORTED_PLATFORMS = "iphonesimulator iphoneos";
				SWIFT_COMPILATION_MODE = wholemodule;
				VALIDATE_PRODUCT = YES;
				XROS_DEPLOYMENT_TARGET = 1.0;
			};
			name = Release;
		};
		E9432FD72C0D612100362862 /* Debug */ = {
			isa = XCBuildConfiguration;
			buildSettings = {
				ASSETCATALOG_COMPILER_APPICON_NAME = AppIcon;
				ASSETCATALOG_COMPILER_GLOBAL_ACCENT_COLOR_NAME = AccentColor;
				CODE_SIGN_ENTITLEMENTS = RuntimeViewerUsingUIKit/RuntimeViewerUsingUIKit.entitlements;
				CODE_SIGN_STYLE = Automatic;
				CURRENT_PROJECT_VERSION = 1;
				GENERATE_INFOPLIST_FILE = YES;
				INFOPLIST_FILE = RuntimeViewerUsingUIKit/Info.plist;
				INFOPLIST_KEY_CFBundleDisplayName = RuntimeViewer;
				INFOPLIST_KEY_LSApplicationCategoryType = "public.app-category.developer-tools";
				INFOPLIST_KEY_NSLocalNetworkUsageDescription = "Runtime Viewer requires local network permissions to use the Bonjour discovery service";
				INFOPLIST_KEY_UIApplicationSupportsIndirectInputEvents = YES;
				INFOPLIST_KEY_UILaunchStoryboardName = LaunchScreen;
				INFOPLIST_KEY_UISupportedInterfaceOrientations_iPad = "UIInterfaceOrientationPortrait UIInterfaceOrientationPortraitUpsideDown UIInterfaceOrientationLandscapeLeft UIInterfaceOrientationLandscapeRight";
				INFOPLIST_KEY_UISupportedInterfaceOrientations_iPhone = "UIInterfaceOrientationPortrait UIInterfaceOrientationLandscapeLeft UIInterfaceOrientationLandscapeRight";
				IPHONEOS_DEPLOYMENT_TARGET = 17.0;
				LD_RUNPATH_SEARCH_PATHS = (
					"$(inherited)",
					"@executable_path/Frameworks",
				);
				MARKETING_VERSION = 1.0;
				PRODUCT_BUNDLE_IDENTIFIER = com.JH.RuntimeViewer;
				PRODUCT_NAME = "$(TARGET_NAME)";
				SDKROOT = iphoneos;
				SUPPORTED_PLATFORMS = "appletvos appletvsimulator iphoneos iphonesimulator";
				SUPPORTS_MACCATALYST = NO;
				SUPPORTS_MAC_DESIGNED_FOR_IPHONE_IPAD = NO;
				SUPPORTS_XR_DESIGNED_FOR_IPHONE_IPAD = NO;
				SWIFT_EMIT_LOC_STRINGS = YES;
				SWIFT_VERSION = 5.0;
				TARGETED_DEVICE_FAMILY = "1,2,3";
				TVOS_DEPLOYMENT_TARGET = 17.0;
				XROS_DEPLOYMENT_TARGET = 1.0;
			};
			name = Debug;
		};
		E9432FD82C0D612100362862 /* Release */ = {
			isa = XCBuildConfiguration;
			buildSettings = {
				ASSETCATALOG_COMPILER_APPICON_NAME = AppIcon;
				ASSETCATALOG_COMPILER_GLOBAL_ACCENT_COLOR_NAME = AccentColor;
				CODE_SIGN_ENTITLEMENTS = RuntimeViewerUsingUIKit/RuntimeViewerUsingUIKit.entitlements;
				CODE_SIGN_STYLE = Automatic;
				CURRENT_PROJECT_VERSION = 1;
				GENERATE_INFOPLIST_FILE = YES;
				INFOPLIST_FILE = RuntimeViewerUsingUIKit/Info.plist;
				INFOPLIST_KEY_CFBundleDisplayName = RuntimeViewer;
				INFOPLIST_KEY_LSApplicationCategoryType = "public.app-category.developer-tools";
				INFOPLIST_KEY_NSLocalNetworkUsageDescription = "Runtime Viewer requires local network permissions to use the Bonjour discovery service";
				INFOPLIST_KEY_UIApplicationSupportsIndirectInputEvents = YES;
				INFOPLIST_KEY_UILaunchStoryboardName = LaunchScreen;
				INFOPLIST_KEY_UISupportedInterfaceOrientations_iPad = "UIInterfaceOrientationPortrait UIInterfaceOrientationPortraitUpsideDown UIInterfaceOrientationLandscapeLeft UIInterfaceOrientationLandscapeRight";
				INFOPLIST_KEY_UISupportedInterfaceOrientations_iPhone = "UIInterfaceOrientationPortrait UIInterfaceOrientationLandscapeLeft UIInterfaceOrientationLandscapeRight";
				IPHONEOS_DEPLOYMENT_TARGET = 17.0;
				LD_RUNPATH_SEARCH_PATHS = (
					"$(inherited)",
					"@executable_path/Frameworks",
				);
				MARKETING_VERSION = 1.0;
				PRODUCT_BUNDLE_IDENTIFIER = com.JH.RuntimeViewer;
				PRODUCT_NAME = "$(TARGET_NAME)";
				SDKROOT = iphoneos;
				SUPPORTED_PLATFORMS = "appletvos appletvsimulator iphoneos iphonesimulator";
				SUPPORTS_MACCATALYST = NO;
				SUPPORTS_MAC_DESIGNED_FOR_IPHONE_IPAD = NO;
				SUPPORTS_XR_DESIGNED_FOR_IPHONE_IPAD = NO;
				SWIFT_EMIT_LOC_STRINGS = YES;
				SWIFT_VERSION = 5.0;
				TARGETED_DEVICE_FAMILY = "1,2,3";
				TVOS_DEPLOYMENT_TARGET = 17.0;
				XROS_DEPLOYMENT_TARGET = 1.0;
			};
			name = Release;
		};
/* End XCBuildConfiguration section */

/* Begin XCConfigurationList section */
		E9038FA82C31A8200051B6AC /* Build configuration list for PBXNativeTarget "RuntimeViewerUsingVision" */ = {
			isa = XCConfigurationList;
			buildConfigurations = (
				E9038FA92C31A8200051B6AC /* Debug */,
				E9038FAA2C31A8200051B6AC /* Release */,
			);
			defaultConfigurationIsVisible = 0;
			defaultConfigurationName = Release;
		};
		E9401C5D2D9ADC33007646F6 /* Build configuration list for PBXNativeTarget "RuntimeViewerMobileServer" */ = {
			isa = XCConfigurationList;
			buildConfigurations = (
				E9401C5A2D9ADC33007646F6 /* Debug */,
				E9401C5B2D9ADC33007646F6 /* Release */,
			);
			defaultConfigurationIsVisible = 0;
			defaultConfigurationName = Release;
		};
		E9432FBD2C0D612000362862 /* Build configuration list for PBXProject "RuntimeViewerUsingUIKit" */ = {
			isa = XCConfigurationList;
			buildConfigurations = (
				E9432FD42C0D612100362862 /* Debug */,
				E9432FD52C0D612100362862 /* Release */,
			);
			defaultConfigurationIsVisible = 0;
			defaultConfigurationName = Release;
		};
		E9432FD62C0D612100362862 /* Build configuration list for PBXNativeTarget "RuntimeViewerUsingUIKit" */ = {
			isa = XCConfigurationList;
			buildConfigurations = (
				E9432FD72C0D612100362862 /* Debug */,
				E9432FD82C0D612100362862 /* Release */,
			);
			defaultConfigurationIsVisible = 0;
			defaultConfigurationName = Release;
		};
/* End XCConfigurationList section */

/* Begin XCSwiftPackageProductDependency section */
		E9038FBC2C31A8810051B6AC /* RuntimeViewerApplication */ = {
			isa = XCSwiftPackageProductDependency;
			productName = RuntimeViewerApplication;
		};
		E9038FBE2C31A8810051B6AC /* RuntimeViewerArchitectures */ = {
			isa = XCSwiftPackageProductDependency;
			productName = RuntimeViewerArchitectures;
		};
		E9038FC22C31A8810051B6AC /* RuntimeViewerUI */ = {
			isa = XCSwiftPackageProductDependency;
			productName = RuntimeViewerUI;
		};
		E942AC892C27556800A2F3D3 /* RuntimeViewerApplication */ = {
			isa = XCSwiftPackageProductDependency;
			productName = RuntimeViewerApplication;
		};
		E9432FF72C0D638200362862 /* RuntimeViewerUI */ = {
			isa = XCSwiftPackageProductDependency;
			productName = RuntimeViewerUI;
		};
		E95441B72C26E94700DFFD40 /* RuntimeViewerArchitectures */ = {
			isa = XCSwiftPackageProductDependency;
			productName = RuntimeViewerArchitectures;
		};
		E985A9D32D9AF51E005A573C /* RuntimeViewerCore */ = {
			isa = XCSwiftPackageProductDependency;
			productName = RuntimeViewerCore;
		};
		E985A9D52D9AF52E005A573C /* RuntimeViewerCore */ = {
			isa = XCSwiftPackageProductDependency;
			productName = RuntimeViewerCore;
		};
		E985A9D72D9AF536005A573C /* RuntimeViewerCore */ = {
			isa = XCSwiftPackageProductDependency;
			productName = RuntimeViewerCore;
		};
/* End XCSwiftPackageProductDependency section */
	};
	rootObject = E9432FBA2C0D612000362862 /* Project object */;
}
