// !$*UTF8*$!
{
	archiveVersion = 1;
	classes = {
	};
	objectVersion = 70;
	objects = {

/* Begin PBXBuildFile section */
		E9038FBD2C31A8810051B6AC /* RuntimeViewerApplication in Frameworks */ = {isa = PBXBuildFile; productRef = E9038FBC2C31A8810051B6AC /* RuntimeViewerApplication */; };
		E9038FBF2C31A8810051B6AC /* RuntimeViewerArchitectures in Frameworks */ = {isa = PBXBuildFile; productRef = E9038FBE2C31A8810051B6AC /* RuntimeViewerArchitectures */; };
		E9038FC32C31A8810051B6AC /* RuntimeViewerUI in Frameworks */ = {isa = PBXBuildFile; productRef = E9038FC22C31A8810051B6AC /* RuntimeViewerUI */; };
		E927C2302E94450700084A7B /* AppIcon.icon in Resources */ = {isa = PBXBuildFile; fileRef = E927C22F2E94450700084A7B /* AppIcon.icon */; };
		E927C2312E94450700084A7B /* AppIcon.icon in Resources */ = {isa = PBXBuildFile; fileRef = E927C22F2E94450700084A7B /* AppIcon.icon */; };
		E942AC8A2C27556800A2F3D3 /* RuntimeViewerApplication in Frameworks */ = {isa = PBXBuildFile; productRef = E942AC892C27556800A2F3D3 /* RuntimeViewerApplication */; };
		E985A9D62D9AF52E005A573C /* RuntimeViewerCore in Frameworks */ = {isa = PBXBuildFile; productRef = E985A9D52D9AF52E005A573C /* RuntimeViewerCore */; };
		E9A9CCD82F5D82A700A10DD3 /* RuntimeViewerUtilities in Frameworks */ = {isa = PBXBuildFile; productRef = E9A9CCD72F5D82A700A10DD3 /* RuntimeViewerUtilities */; };
		E9A9CCDA2F5D82AE00A10DD3 /* RuntimeViewerUtilities in Frameworks */ = {isa = PBXBuildFile; productRef = E9A9CCD92F5D82AE00A10DD3 /* RuntimeViewerUtilities */; };
/* End PBXBuildFile section */

/* Begin PBXContainerItemProxy section */
		E97BF5C32F82C386006943C2 /* PBXContainerItemProxy */ = {
			isa = PBXContainerItemProxy;
			containerPortal = E97BF5B52F82C362006943C2 /* RuntimeViewerServer.xcodeproj */;
			proxyType = 2;
			remoteGlobalIDString = E978F9192F1BBB38004C09B4;
			remoteInfo = RuntimeViewerServer;
		};
		E97BF5C52F82C386006943C2 /* PBXContainerItemProxy */ = {
			isa = PBXContainerItemProxy;
			containerPortal = E97BF5B52F82C362006943C2 /* RuntimeViewerServer.xcodeproj */;
			proxyType = 2;
			remoteGlobalIDString = E994E2962F323A51009DD28A;
			remoteInfo = RuntimeViewerMobileServer;
		};
/* End PBXContainerItemProxy section */

/* Begin PBXFileReference section */
		E9038F982C31A81F0051B6AC /* RuntimeViewer.app */ = {isa = PBXFileReference; explicitFileType = wrapper.application; includeInIndex = 0; path = RuntimeViewer.app; sourceTree = BUILT_PRODUCTS_DIR; };
		E9038FB62C31A8600051B6AC /* CodeSigning.xcconfig */ = {isa = PBXFileReference; lastKnownFileType = text.xcconfig; name = CodeSigning.xcconfig; path = ../Configurations/CodeSigning.xcconfig; sourceTree = SOURCE_ROOT; };
		E927C22F2E94450700084A7B /* AppIcon.icon */ = {isa = PBXFileReference; lastKnownFileType = folder.iconcomposer.icon; name = AppIcon.icon; path = ../Resources/AppIcon.icon; sourceTree = SOURCE_ROOT; };
		E9432FC22C0D612000362862 /* RuntimeViewer.app */ = {isa = PBXFileReference; explicitFileType = wrapper.application; includeInIndex = 0; path = RuntimeViewer.app; sourceTree = BUILT_PRODUCTS_DIR; };
		E97BF5B52F82C362006943C2 /* RuntimeViewerServer.xcodeproj */ = {isa = PBXFileReference; lastKnownFileType = "wrapper.pb-project"; name = RuntimeViewerServer.xcodeproj; path = ../RuntimeViewerServer/RuntimeViewerServer.xcodeproj; sourceTree = "<group>"; };
/* End PBXFileReference section */

/* Begin PBXFileSystemSynchronizedBuildFileExceptionSet section */
		E9DAF5612FEE747F00DD20CB /* PBXFileSystemSynchronizedBuildFileExceptionSet */ = {
			isa = PBXFileSystemSynchronizedBuildFileExceptionSet;
			membershipExceptions = (
				Info.plist,
			);
			platformFiltersByRelativePath = {
				LaunchScreen.storyboard = (
					ios,
				);
			};
			target = E9432FC12C0D612000362862 /* RuntimeViewerUsingUIKit */;
		};
		E9DAF5622FEE747F00DD20CB /* PBXFileSystemSynchronizedBuildFileExceptionSet */ = {
			isa = PBXFileSystemSynchronizedBuildFileExceptionSet;
			membershipExceptions = (
				Assets.xcassets,
				Info.plist,
				LaunchScreen.storyboard,
			);
			target = E9038F972C31A81F0051B6AC /* RuntimeViewerUsingVision */;
		};
		E9DAF5692FEE748300DD20CB /* PBXFileSystemSynchronizedBuildFileExceptionSet */ = {
			isa = PBXFileSystemSynchronizedBuildFileExceptionSet;
			membershipExceptions = (
				Assets.xcassets,
			);
			target = E9038F972C31A81F0051B6AC /* RuntimeViewerUsingVision */;
		};
/* End PBXFileSystemSynchronizedBuildFileExceptionSet section */

/* Begin PBXFileSystemSynchronizedRootGroup section */
		E9DAF5342FEE747E00DD20CB /* RuntimeViewerUsingUIKit */ = {isa = PBXFileSystemSynchronizedRootGroup; exceptions = (E9DAF5612FEE747F00DD20CB /* PBXFileSystemSynchronizedBuildFileExceptionSet */, E9DAF5622FEE747F00DD20CB /* PBXFileSystemSynchronizedBuildFileExceptionSet */, ); explicitFileTypes = {}; explicitFolders = (); path = RuntimeViewerUsingUIKit; sourceTree = "<group>"; };
		E9DAF5672FEE748200DD20CB /* RuntimeViewerUsingVision */ = {isa = PBXFileSystemSynchronizedRootGroup; exceptions = (E9DAF5692FEE748300DD20CB /* PBXFileSystemSynchronizedBuildFileExceptionSet */, ); explicitFileTypes = {}; explicitFolders = (); path = RuntimeViewerUsingVision; sourceTree = "<group>"; };
/* End PBXFileSystemSynchronizedRootGroup section */

/* Begin PBXFrameworksBuildPhase section */
		E9038F952C31A81F0051B6AC /* Frameworks */ = {
			isa = PBXFrameworksBuildPhase;
			buildActionMask = 2147483647;
			files = (
				E985A9D62D9AF52E005A573C /* RuntimeViewerCore in Frameworks */,
				E9038FBF2C31A8810051B6AC /* RuntimeViewerArchitectures in Frameworks */,
				E9038FBD2C31A8810051B6AC /* RuntimeViewerApplication in Frameworks */,
				E9A9CCDA2F5D82AE00A10DD3 /* RuntimeViewerUtilities in Frameworks */,
				E9038FC32C31A8810051B6AC /* RuntimeViewerUI in Frameworks */,
			);
			runOnlyForDeploymentPostprocessing = 0;
		};
		E9432FBF2C0D612000362862 /* Frameworks */ = {
			isa = PBXFrameworksBuildPhase;
			buildActionMask = 2147483647;
			files = (
				E9A9CCD82F5D82A700A10DD3 /* RuntimeViewerUtilities in Frameworks */,
				E942AC8A2C27556800A2F3D3 /* RuntimeViewerApplication in Frameworks */,
			);
			runOnlyForDeploymentPostprocessing = 0;
		};
/* End PBXFrameworksBuildPhase section */

/* Begin PBXGroup section */
		E9432FB92C0D612000362862 = {
			isa = PBXGroup;
			children = (
				E9038FB62C31A8600051B6AC /* CodeSigning.xcconfig */,
				E97BF5B52F82C362006943C2 /* RuntimeViewerServer.xcodeproj */,
				E927C22F2E94450700084A7B /* AppIcon.icon */,
				E9DAF5342FEE747E00DD20CB /* RuntimeViewerUsingUIKit */,
				E9DAF5672FEE748200DD20CB /* RuntimeViewerUsingVision */,
				E9432FC32C0D612000362862 /* Products */,
				E9432FF62C0D638200362862 /* Frameworks */,
			);
			sourceTree = "<group>";
		};
		E9432FC32C0D612000362862 /* Products */ = {
			isa = PBXGroup;
			children = (
				E9432FC22C0D612000362862 /* RuntimeViewer.app */,
				E9038F982C31A81F0051B6AC /* RuntimeViewer.app */,
			);
			name = Products;
			sourceTree = "<group>";
		};
		E9432FF62C0D638200362862 /* Frameworks */ = {
			isa = PBXGroup;
			children = (
			);
			name = Frameworks;
			sourceTree = "<group>";
		};
		E97BF5BF2F82C385006943C2 /* Products */ = {
			isa = PBXGroup;
			children = (
				E97BF5C42F82C386006943C2 /* RuntimeViewerServer.framework */,
				E97BF5C62F82C386006943C2 /* RuntimeViewerServer.framework */,
			);
			name = Products;
			sourceTree = "<group>";
		};
/* End PBXGroup section */

/* Begin PBXNativeTarget section */
		E9038F972C31A81F0051B6AC /* RuntimeViewerUsingVision */ = {
			isa = PBXNativeTarget;
			buildConfigurationList = E9038FA82C31A8200051B6AC /* Build configuration list for PBXNativeTarget "RuntimeViewerUsingVision" */;
			buildPhases = (
				E9038F942C31A81F0051B6AC /* Sources */,
				E9038F952C31A81F0051B6AC /* Frameworks */,
				E9038F962C31A81F0051B6AC /* Resources */,
			);
			buildRules = (
			);
			dependencies = (
			);
			fileSystemSynchronizedGroups = (
				E9DAF5342FEE747E00DD20CB /* RuntimeViewerUsingUIKit */,
			);
			name = RuntimeViewerUsingVision;
			packageProductDependencies = (
				E9038FBC2C31A8810051B6AC /* RuntimeViewerApplication */,
				E9038FBE2C31A8810051B6AC /* RuntimeViewerArchitectures */,
				E9038FC22C31A8810051B6AC /* RuntimeViewerUI */,
				E985A9D52D9AF52E005A573C /* RuntimeViewerCore */,
				E9A9CCD92F5D82AE00A10DD3 /* RuntimeViewerUtilities */,
			);
			productName = RuntimeViewerUsingVision;
			productReference = E9038F982C31A81F0051B6AC /* RuntimeViewer.app */;
			productType = "com.apple.product-type.application";
		};
		E9432FC12C0D612000362862 /* RuntimeViewerUsingUIKit */ = {
			isa = PBXNativeTarget;
			buildConfigurationList = E9432FD62C0D612100362862 /* Build configuration list for PBXNativeTarget "RuntimeViewerUsingUIKit" */;
			buildPhases = (
				E9432FBE2C0D612000362862 /* Sources */,
				E9432FBF2C0D612000362862 /* Frameworks */,
				E9432FC02C0D612000362862 /* Resources */,
			);
			buildRules = (
			);
			dependencies = (
			);
			fileSystemSynchronizedGroups = (
				E9DAF5342FEE747E00DD20CB /* RuntimeViewerUsingUIKit */,
			);
			name = RuntimeViewerUsingUIKit;
			packageProductDependencies = (
				E942AC892C27556800A2F3D3 /* RuntimeViewerApplication */,
				E9A9CCD72F5D82A700A10DD3 /* RuntimeViewerUtilities */,
			);
			productName = RuntimeViewerUsingUIKit;
			productReference = E9432FC22C0D612000362862 /* RuntimeViewer.app */;
			productType = "com.apple.product-type.application";
		};
/* End PBXNativeTarget section */

/* Begin PBXProject section */
		E9432FBA2C0D612000362862 /* Project object */ = {
			isa = PBXProject;
			attributes = {
				BuildIndependentTargetsInParallel = 1;
				LastSwiftUpdateCheck = 1620;
				LastUpgradeCheck = 2630;
				TargetAttributes = {
					E9038F972C31A81F0051B6AC = {
						CreatedOnToolsVersion = 15.4;
					};
					E9432FC12C0D612000362862 = {
						CreatedOnToolsVersion = 15.4;
					};
				};
			};
			buildConfigurationList = E9432FBD2C0D612000362862 /* Build configuration list for PBXProject "RuntimeViewerUsingUIKit" */;
			compatibilityVersion = "Xcode 14.0";
			developmentRegion = en;
			hasScannedForEncodings = 0;
			knownRegions = (
				en,
				Base,
			);
			mainGroup = E9432FB92C0D612000362862;
			packageReferences = (
			);
			productRefGroup = E9432FC32C0D612000362862 /* Products */;
			projectDirPath = "";
			projectReferences = (
				{
					ProductGroup = E97BF5BF2F82C385006943C2 /* Products */;
					ProjectRef = E97BF5B52F82C362006943C2 /* RuntimeViewerServer.xcodeproj */;
				},
			);
			projectRoot = "";
			targets = (
				E9432FC12C0D612000362862 /* RuntimeViewerUsingUIKit */,
				E9038F972C31A81F0051B6AC /* RuntimeViewerUsingVision */,
			);
		};
/* End PBXProject section */

/* Begin PBXReferenceProxy section */
		E97BF5C42F82C386006943C2 /* RuntimeViewerServer.framework */ = {
			isa = PBXReferenceProxy;
			fileType = wrapper.framework;
			path = RuntimeViewerServer.framework;
			remoteRef = E97BF5C32F82C386006943C2 /* PBXContainerItemProxy */;
			sourceTree = BUILT_PRODUCTS_DIR;
		};
		E97BF5C62F82C386006943C2 /* RuntimeViewerServer.framework */ = {
			isa = PBXReferenceProxy;
			fileType = wrapper.framework;
			path = RuntimeViewerServer.framework;
			remoteRef = E97BF5C52F82C386006943C2 /* PBXContainerItemProxy */;
			sourceTree = BUILT_PRODUCTS_DIR;
		};
/* End PBXReferenceProxy section */

/* Begin PBXResourcesBuildPhase section */
		E9038F962C31A81F0051B6AC /* Resources */ = {
			isa = PBXResourcesBuildPhase;
			buildActionMask = 2147483647;
			files = (
				E927C2312E94450700084A7B /* AppIcon.icon in Resources */,
			);
			runOnlyForDeploymentPostprocessing = 0;
		};
		E9432FC02C0D612000362862 /* Resources */ = {
			isa = PBXResourcesBuildPhase;
			buildActionMask = 2147483647;
			files = (
				E927C2302E94450700084A7B /* AppIcon.icon in Resources */,
			);
			runOnlyForDeploymentPostprocessing = 0;
		};
/* End PBXResourcesBuildPhase section */

/* Begin PBXSourcesBuildPhase section */
		E9038F942C31A81F0051B6AC /* Sources */ = {
			isa = PBXSourcesBuildPhase;
			buildActionMask = 2147483647;
			files = (
			);
			runOnlyForDeploymentPostprocessing = 0;
		};
		E9432FBE2C0D612000362862 /* Sources */ = {
			isa = PBXSourcesBuildPhase;
			buildActionMask = 2147483647;
			files = (
			);
			runOnlyForDeploymentPostprocessing = 0;
		};
/* End PBXSourcesBuildPhase section */

/* Begin XCBuildConfiguration section */
		E9038FA92C31A8200051B6AC /* Debug */ = {
			isa = XCBuildConfiguration;
			buildSettings = {
				ASSETCATALOG_COMPILER_APPICON_NAME = AppIcon;
				ASSETCATALOG_COMPILER_GLOBAL_ACCENT_COLOR_NAME = AccentColor;
				CODE_SIGN_STYLE = Automatic;
				CURRENT_PROJECT_VERSION = 1;
				DEVELOPMENT_ASSET_PATHS = "";
				ENABLE_PREVIEWS = YES;
				GENERATE_INFOPLIST_FILE = YES;
				INFOPLIST_FILE = "$(TARGET_NAME)/Info.plist";
				INFOPLIST_KEY_CFBundleDisplayName = RuntimeViewer;
				INFOPLIST_KEY_ITSAppUsesNonExemptEncryption = NO;
				INFOPLIST_KEY_LSApplicationCategoryType = "public.app-category.developer-tools";
				LD_RUNPATH_SEARCH_PATHS = (
					"$(inherited)",
					"@executable_path/Frameworks",
				);
				MARKETING_VERSION = 2.0.0;
				PRODUCT_BUNDLE_IDENTIFIER = "$(RUNTIME_VIEWER_APP_DEBUG_BUNDLE_IDENTIFIER)";
				PRODUCT_NAME = RuntimeViewer;
				SDKROOT = xros;
				SUPPORTED_PLATFORMS = "xros xrsimulator";
				SWIFT_EMIT_LOC_STRINGS = YES;
				SWIFT_VERSION = 5.0;
				TARGETED_DEVICE_FAMILY = "1,2,7";
				XROS_DEPLOYMENT_TARGET = 2.0;
			};
			name = Debug;
		};
		E9038FAA2C31A8200051B6AC /* Release */ = {
			isa = XCBuildConfiguration;
			buildSettings = {
				ASSETCATALOG_COMPILER_APPICON_NAME = AppIcon;
				ASSETCATALOG_COMPILER_GLOBAL_ACCENT_COLOR_NAME = AccentColor;
				CODE_SIGN_STYLE = Automatic;
				CURRENT_PROJECT_VERSION = 1;
				DEVELOPMENT_ASSET_PATHS = "";
				ENABLE_PREVIEWS = YES;
				GENERATE_INFOPLIST_FILE = YES;
				INFOPLIST_FILE = "$(TARGET_NAME)/Info.plist";
				INFOPLIST_KEY_CFBundleDisplayName = RuntimeViewer;
				INFOPLIST_KEY_ITSAppUsesNonExemptEncryption = NO;
				INFOPLIST_KEY_LSApplicationCategoryType = "public.app-category.developer-tools";
				LD_RUNPATH_SEARCH_PATHS = (
					"$(inherited)",
					"@executable_path/Frameworks",
				);
				MARKETING_VERSION = 2.0.0;
				PRODUCT_BUNDLE_IDENTIFIER = "$(RUNTIME_VIEWER_APP_RELEASE_BUNDLE_IDENTIFIER)";
				PRODUCT_NAME = RuntimeViewer;
				SDKROOT = xros;
				SUPPORTED_PLATFORMS = "xros xrsimulator";
				SWIFT_EMIT_LOC_STRINGS = YES;
				SWIFT_VERSION = 5.0;
				TARGETED_DEVICE_FAMILY = "1,2,7";
				XROS_DEPLOYMENT_TARGET = 2.0;
			};
			name = Release;
		};
		E9432FD42C0D612100362862 /* Debug */ = {
			isa = XCBuildConfiguration;
			baseConfigurationReference = E9038FB62C31A8600051B6AC /* CodeSigning.xcconfig */;
			buildSettings = {
				ALWAYS_SEARCH_USER_PATHS = NO;
				ASSETCATALOG_COMPILER_GENERATE_SWIFT_ASSET_SYMBOL_EXTENSIONS = YES;
				CLANG_ANALYZER_NONNULL = YES;
				CLANG_ANALYZER_NUMBER_OBJECT_CONVERSION = YES_AGGRESSIVE;
				CLANG_CXX_LANGUAGE_STANDARD = "gnu++20";
				CLANG_ENABLE_MODULES = YES;
				CLANG_ENABLE_OBJC_ARC = YES;
				CLANG_ENABLE_OBJC_WEAK = YES;
				CLANG_WARN_BLOCK_CAPTURE_AUTORELEASING = YES;
				CLANG_WARN_BOOL_CONVERSION = YES;
				CLANG_WARN_COMMA = YES;
				CLANG_WARN_CONSTANT_CONVERSION = YES;
				CLANG_WARN_DEPRECATED_OBJC_IMPLEMENTATIONS = YES;
				CLANG_WARN_DIRECT_OBJC_ISA_USAGE = YES_ERROR;
				CLANG_WARN_DOCUMENTATION_COMMENTS = YES;
				CLANG_WARN_EMPTY_BODY = YES;
				CLANG_WARN_ENUM_CONVERSION = YES;
				CLANG_WARN_INFINITE_RECURSION = YES;
				CLANG_WARN_INT_CONVERSION = YES;
				CLANG_WARN_NON_LITERAL_NULL_CONVERSION = YES;
				CLANG_WARN_OBJC_IMPLICIT_RETAIN_SELF = YES;
				CLANG_WARN_OBJC_LITERAL_CONVERSION = YES;
				CLANG_WARN_OBJC_ROOT_CLASS = YES_ERROR;
				CLANG_WARN_QUOTED_INCLUDE_IN_FRAMEWORK_HEADER = YES;
				CLANG_WARN_RANGE_LOOP_ANALYSIS = YES;
				CLANG_WARN_STRICT_PROTOTYPES = YES;
				CLANG_WARN_SUSPICIOUS_MOVE = YES;
				CLANG_WARN_UNGUARDED_AVAILABILITY = YES_AGGRESSIVE;
				CLANG_WARN_UNREACHABLE_CODE = YES;
				CLANG_WARN__DUPLICATE_METHOD_MATCH = YES;
				COMPILATION_CACHE_ENABLE_CACHING = YES;
				COPY_PHASE_STRIP = NO;
				DEBUG_INFORMATION_FORMAT = dwarf;
				DEVELOPMENT_TEAM = D5Q73692VW;
				ENABLE_STRICT_OBJC_MSGSEND = YES;
				ENABLE_TESTABILITY = YES;
				ENABLE_USER_SCRIPT_SANDBOXING = YES;
				GCC_C_LANGUAGE_STANDARD = gnu17;
				GCC_DYNAMIC_NO_PIC = NO;
				GCC_NO_COMMON_BLOCKS = YES;
				GCC_OPTIMIZATION_LEVEL = 0;
				GCC_PREPROCESSOR_DEFINITIONS = (
					"DEBUG=1",
					"$(inherited)",
				);
				GCC_WARN_64_TO_32_BIT_CONVERSION = YES;
				GCC_WARN_ABOUT_RETURN_TYPE = YES_ERROR;
				GCC_WARN_UNDECLARED_SELECTOR = YES;
				GCC_WARN_UNINITIALIZED_AUTOS = YES_AGGRESSIVE;
				GCC_WARN_UNUSED_FUNCTION = YES;
				GCC_WARN_UNUSED_VARIABLE = YES;
				IPHONEOS_DEPLOYMENT_TARGET = 17.5;
				LOCALIZATION_PREFERS_STRING_CATALOGS = YES;
				MTL_ENABLE_DEBUG_INFO = INCLUDE_SOURCE;
				MTL_FAST_MATH = YES;
				ONLY_ACTIVE_ARCH = YES;
				SDKROOT = iphoneos;
				STRING_CATALOG_GENERATE_SYMBOLS = YES;
				SUPPORTED_PLATFORMS = "iphonesimulator iphoneos";
				SWIFT_ACTIVE_COMPILATION_CONDITIONS = "DEBUG $(inherited)";
				SWIFT_ENABLE_EXPLICIT_MODULES = YES;
				SWIFT_OPTIMIZATION_LEVEL = "-Onone";
				XROS_DEPLOYMENT_TARGET = 1.0;
			};
			name = Debug;
		};
		E9432FD52C0D612100362862 /* Release */ = {
			isa = XCBuildConfiguration;
			baseConfigurationReference = E9038FB62C31A8600051B6AC /* CodeSigning.xcconfig */;
			buildSettings = {
				ALWAYS_SEARCH_USER_PATHS = NO;
				ASSETCATALOG_COMPILER_GENERATE_SWIFT_ASSET_SYMBOL_EXTENSIONS = YES;
				CLANG_ANALYZER_NONNULL = YES;
				CLANG_ANALYZER_NUMBER_OBJECT_CONVERSION = YES_AGGRESSIVE;
				CLANG_CXX_LANGUAGE_STANDARD = "gnu++20";
				CLANG_ENABLE_MODULES = YES;
				CLANG_ENABLE_OBJC_ARC = YES;
				CLANG_ENABLE_OBJC_WEAK = YES;
				CLANG_WARN_BLOCK_CAPTURE_AUTORELEASING = YES;
				CLANG_WARN_BOOL_CONVERSION = YES;
				CLANG_WARN_COMMA = YES;
				CLANG_WARN_CONSTANT_CONVERSION = YES;
				CLANG_WARN_DEPRECATED_OBJC_IMPLEMENTATIONS = YES;
				CLANG_WARN_DIRECT_OBJC_ISA_USAGE = YES_ERROR;
				CLANG_WARN_DOCUMENTATION_COMMENTS = YES;
				CLANG_WARN_EMPTY_BODY = YES;
				CLANG_WARN_ENUM_CONVERSION = YES;
				CLANG_WARN_INFINITE_RECURSION = YES;
				CLANG_WARN_INT_CONVERSION = YES;
				CLANG_WARN_NON_LITERAL_NULL_CONVERSION = YES;
				CLANG_WARN_OBJC_IMPLICIT_RETAIN_SELF = YES;
				CLANG_WARN_OBJC_LITERAL_CONVERSION = YES;
				CLANG_WARN_OBJC_ROOT_CLASS = YES_ERROR;
				CLANG_WARN_QUOTED_INCLUDE_IN_FRAMEWORK_HEADER = YES;
				CLANG_WARN_RANGE_LOOP_ANALYSIS = YES;
				CLANG_WARN_STRICT_PROTOTYPES = YES;
				CLANG_WARN_SUSPICIOUS_MOVE = YES;
				CLANG_WARN_UNGUARDED_AVAILABILITY = YES_AGGRESSIVE;
				CLANG_WARN_UNREACHABLE_CODE = YES;
				CLANG_WARN__DUPLICATE_METHOD_MATCH = YES;
				COMPILATION_CACHE_ENABLE_CACHING = YES;
				COPY_PHASE_STRIP = NO;
				DEBUG_INFORMATION_FORMAT = "dwarf-with-dsym";
				DEVELOPMENT_TEAM = D5Q73692VW;
				ENABLE_NS_ASSERTIONS = NO;
				ENABLE_STRICT_OBJC_MSGSEND = YES;
				ENABLE_USER_SCRIPT_SANDBOXING = YES;
				GCC_C_LANGUAGE_STANDARD = gnu17;
				GCC_NO_COMMON_BLOCKS = YES;
				GCC_WARN_64_TO_32_BIT_CONVERSION = YES;
				GCC_WARN_ABOUT_RETURN_TYPE = YES_ERROR;
				GCC_WARN_UNDECLARED_SELECTOR = YES;
				GCC_WARN_UNINITIALIZED_AUTOS = YES_AGGRESSIVE;
				GCC_WARN_UNUSED_FUNCTION = YES;
				GCC_WARN_UNUSED_VARIABLE = YES;
				IPHONEOS_DEPLOYMENT_TARGET = 17.5;
				LOCALIZATION_PREFERS_STRING_CATALOGS = YES;
				MTL_ENABLE_DEBUG_INFO = NO;
				MTL_FAST_MATH = YES;
				SDKROOT = iphoneos;
				STRING_CATALOG_GENERATE_SYMBOLS = YES;
				SUPPORTED_PLATFORMS = "iphonesimulator iphoneos";
				SWIFT_COMPILATION_MODE = wholemodule;
				SWIFT_ENABLE_EXPLICIT_MODULES = YES;
				VALIDATE_PRODUCT = YES;
				XROS_DEPLOYMENT_TARGET = 1.0;
			};
			name = Release;
		};
		E9432FD72C0D612100362862 /* Debug */ = {
			isa = XCBuildConfiguration;
			buildSettings = {
				ASSETCATALOG_COMPILER_APPICON_NAME = AppIcon;
				ASSETCATALOG_COMPILER_GLOBAL_ACCENT_COLOR_NAME = AccentColor;
				CODE_SIGN_ENTITLEMENTS = RuntimeViewerUsingUIKit/RuntimeViewerUsingUIKit.entitlements;
				CODE_SIGN_STYLE = Automatic;
				CURRENT_PROJECT_VERSION = 1;
				ENABLE_APP_SANDBOX = YES;
				ENABLE_INCOMING_NETWORK_CONNECTIONS = YES;
				ENABLE_OUTGOING_NETWORK_CONNECTIONS = YES;
				GENERATE_INFOPLIST_FILE = YES;
				INFOPLIST_FILE = RuntimeViewerUsingUIKit/Info.plist;
				INFOPLIST_KEY_CFBundleDisplayName = RuntimeViewer;
				INFOPLIST_KEY_ITSAppUsesNonExemptEncryption = NO;
				INFOPLIST_KEY_LSApplicationCategoryType = "public.app-category.developer-tools";
				INFOPLIST_KEY_NSLocalNetworkUsageDescription = "RuntimeViewer uses the local network to discover and connect to runtime inspection services on nearby devices.";
				INFOPLIST_KEY_UIApplicationSupportsIndirectInputEvents = YES;
				INFOPLIST_KEY_UILaunchStoryboardName = LaunchScreen;
				INFOPLIST_KEY_UISupportedInterfaceOrientations_iPad = "UIInterfaceOrientationPortrait UIInterfaceOrientationPortraitUpsideDown UIInterfaceOrientationLandscapeLeft UIInterfaceOrientationLandscapeRight";
				INFOPLIST_KEY_UISupportedInterfaceOrientations_iPhone = "UIInterfaceOrientationPortrait UIInterfaceOrientationLandscapeLeft UIInterfaceOrientationLandscapeRight";
				IPHONEOS_DEPLOYMENT_TARGET = 18.0;
				LD_RUNPATH_SEARCH_PATHS = (
					"$(inherited)",
					"@executable_path/Frameworks",
				);
				MARKETING_VERSION = 2.0.0;
				PRODUCT_BUNDLE_IDENTIFIER = "$(RUNTIME_VIEWER_APP_DEBUG_BUNDLE_IDENTIFIER)";
				PRODUCT_NAME = RuntimeViewer;
				SDKROOT = iphoneos;
				SUPPORTED_PLATFORMS = "appletvos appletvsimulator iphoneos iphonesimulator";
				SUPPORTS_MACCATALYST = NO;
				SUPPORTS_MAC_DESIGNED_FOR_IPHONE_IPAD = NO;
				SUPPORTS_XR_DESIGNED_FOR_IPHONE_IPAD = NO;
				SWIFT_EMIT_LOC_STRINGS = YES;
				SWIFT_VERSION = 5.0;
				TARGETED_DEVICE_FAMILY = "1,2,3";
				TVOS_DEPLOYMENT_TARGET = 18.0;
				XROS_DEPLOYMENT_TARGET = 1.0;
			};
			name = Debug;
		};
		E9432FD82C0D612100362862 /* Release */ = {
			isa = XCBuildConfiguration;
			buildSettings = {
				ASSETCATALOG_COMPILER_APPICON_NAME = AppIcon;
				ASSETCATALOG_COMPILER_GLOBAL_ACCENT_COLOR_NAME = AccentColor;
				CODE_SIGN_ENTITLEMENTS = RuntimeViewerUsingUIKit/RuntimeViewerUsingUIKit.entitlements;
				CODE_SIGN_STYLE = Automatic;
				CURRENT_PROJECT_VERSION = 1;
				ENABLE_APP_SANDBOX = YES;
				ENABLE_INCOMING_NETWORK_CONNECTIONS = YES;
				ENABLE_OUTGOING_NETWORK_CONNECTIONS = YES;
				GENERATE_INFOPLIST_FILE = YES;
				INFOPLIST_FILE = RuntimeViewerUsingUIKit/Info.plist;
				INFOPLIST_KEY_CFBundleDisplayName = RuntimeViewer;
				INFOPLIST_KEY_ITSAppUsesNonExemptEncryption = NO;
				INFOPLIST_KEY_LSApplicationCategoryType = "public.app-category.developer-tools";
				INFOPLIST_KEY_NSLocalNetworkUsageDescription = "RuntimeViewer uses the local network to discover and connect to runtime inspection services on nearby devices.";
				INFOPLIST_KEY_UIApplicationSupportsIndirectInputEvents = YES;
				INFOPLIST_KEY_UILaunchStoryboardName = LaunchScreen;
				INFOPLIST_KEY_UISupportedInterfaceOrientations_iPad = "UIInterfaceOrientationPortrait UIInterfaceOrientationPortraitUpsideDown UIInterfaceOrientationLandscapeLeft UIInterfaceOrientationLandscapeRight";
				INFOPLIST_KEY_UISupportedInterfaceOrientations_iPhone = "UIInterfaceOrientationPortrait UIInterfaceOrientationLandscapeLeft UIInterfaceOrientationLandscapeRight";
				IPHONEOS_DEPLOYMENT_TARGET = 18.0;
				LD_RUNPATH_SEARCH_PATHS = (
					"$(inherited)",
					"@executable_path/Frameworks",
				);
				MARKETING_VERSION = 2.0.0;
				PRODUCT_BUNDLE_IDENTIFIER = "$(RUNTIME_VIEWER_APP_RELEASE_BUNDLE_IDENTIFIER)";
				PRODUCT_NAME = RuntimeViewer;
				SDKROOT = iphoneos;
				SUPPORTED_PLATFORMS = "appletvos appletvsimulator iphoneos iphonesimulator";
				SUPPORTS_MACCATALYST = NO;
				SUPPORTS_MAC_DESIGNED_FOR_IPHONE_IPAD = NO;
				SUPPORTS_XR_DESIGNED_FOR_IPHONE_IPAD = NO;
				SWIFT_EMIT_LOC_STRINGS = YES;
				SWIFT_VERSION = 5.0;
				TARGETED_DEVICE_FAMILY = "1,2,3";
				TVOS_DEPLOYMENT_TARGET = 18.0;
				XROS_DEPLOYMENT_TARGET = 1.0;
			};
			name = Release;
		};
/* End XCBuildConfiguration section */

/* Begin XCConfigurationList section */
		E9038FA82C31A8200051B6AC /* Build configuration list for PBXNativeTarget "RuntimeViewerUsingVision" */ = {
			isa = XCConfigurationList;
			buildConfigurations = (
				E9038FA92C31A8200051B6AC /* Debug */,
				E9038FAA2C31A8200051B6AC /* Release */,
			);
			defaultConfigurationIsVisible = 0;
			defaultConfigurationName = Release;
		};
		E9432FBD2C0D612000362862 /* Build configuration list for PBXProject "RuntimeViewerUsingUIKit" */ = {
			isa = XCConfigurationList;
			buildConfigurations = (
				E9432FD42C0D612100362862 /* Debug */,
				E9432FD52C0D612100362862 /* Release */,
			);
			defaultConfigurationIsVisible = 0;
			defaultConfigurationName = Release;
		};
		E9432FD62C0D612100362862 /* Build configuration list for PBXNativeTarget "RuntimeViewerUsingUIKit" */ = {
			isa = XCConfigurationList;
			buildConfigurations = (
				E9432FD72C0D612100362862 /* Debug */,
				E9432FD82C0D612100362862 /* Release */,
			);
			defaultConfigurationIsVisible = 0;
			defaultConfigurationName = Release;
		};
/* End XCConfigurationList section */

/* Begin XCSwiftPackageProductDependency section */
		E9038FBC2C31A8810051B6AC /* RuntimeViewerApplication */ = {
			isa = XCSwiftPackageProductDependency;
			productName = RuntimeViewerApplication;
		};
		E9038FBE2C31A8810051B6AC /* RuntimeViewerArchitectures */ = {
			isa = XCSwiftPackageProductDependency;
			productName = RuntimeViewerArchitectures;
		};
		E9038FC22C31A8810051B6AC /* RuntimeViewerUI */ = {
			isa = XCSwiftPackageProductDependency;
			productName = RuntimeViewerUI;
		};
		E942AC892C27556800A2F3D3 /* RuntimeViewerApplication */ = {
			isa = XCSwiftPackageProductDependency;
			productName = RuntimeViewerApplication;
		};
		E985A9D52D9AF52E005A573C /* RuntimeViewerCore */ = {
			isa = XCSwiftPackageProductDependency;
			productName = RuntimeViewerCore;
		};
		E9A9CCD72F5D82A700A10DD3 /* RuntimeViewerUtilities */ = {
			isa = XCSwiftPackageProductDependency;
			productName = RuntimeViewerUtilities;
		};
		E9A9CCD92F5D82AE00A10DD3 /* RuntimeViewerUtilities */ = {
			isa = XCSwiftPackageProductDependency;
			productName = RuntimeViewerUtilities;
		};
/* End XCSwiftPackageProductDependency section */
	};
	rootObject = E9432FBA2C0D612000362862 /* Project object */;
}
