{
  "pins" : [
    {
      "identity" : "appkitui",
      "kind" : "remoteSourceControl",
      "location" : "https://github.com/MxIris-macOS-Library-Forks/AppKitUI",
      "state" : {
        "branch" : "main",
        "revision" : "02f2b38a8ba79558b4fc46c5f5a927dabab50c87"
      }
    },
    {
      "identity" : "associatedobject",
      "kind" : "remoteSourceControl",
      "location" : "https://github.com/p-x9/AssociatedObject",
      "state" : {
        "revision" : "9454715a21dfb346bf5d467da4e19b70a7f4ba87",
        "version" : "0.14.0"
      }
    },
    {
      "identity" : "asynchrone",
      "kind" : "remoteSourceControl",
      "location" : "https://github.com/MxIris-Library-Forks/Asynchrone",
      "state" : {
        "revision" : "b2e5d13c9741de58a62dbc40aefa9653c33c83ce",
        "version" : "0.23.0-fork.1"
      }
    },
    {
      "identity" : "binarycodable",
      "kind" : "remoteSourceControl",
      "location" : "https://github.com/christophhagen/BinaryCodable",
      "state" : {
        "revision" : "53f057050f3c78a1997ed0218337fd92d2eba2b5",
        "version" : "3.1.1"
      }
    },
    {
      "identity" : "combine-schedulers",
      "kind" : "remoteSourceControl",
      "location" : "https://github.com/pointfreeco/combine-schedulers",
      "state" : {
        "revision" : "fd16d76fd8b9a976d88bfb6cacc05ca8d19c91b6",
        "version" : "1.1.0"
      }
    },
    {
      "identity" : "differencekit",
      "kind" : "remoteSourceControl",
      "location" : "https://github.com/ra1028/DifferenceKit",
      "state" : {
        "revision" : "073b9671ce2b9b5b96398611427a1f929927e428",
        "version" : "1.3.0"
      }
    },
    {
      "identity" : "dsfappearancemanager",
      "kind" : "remoteSourceControl",
      "location" : "https://github.com/dagronf/DSFAppearanceManager",
      "state" : {
        "revision" : "e9add5fdf05fe50950d105c77963b7373ddb5ad4",
        "version" : "3.5.1"
      }
    },
    {
      "identity" : "dyldprivate",
      "kind" : "remoteSourceControl",
      "location" : "https://github.com/MxIris-Reverse-Engineering/DyldPrivate",
      "state" : {
        "branch" : "main",
        "revision" : "3b4d596b702d7c8f589d0babe42c7387e5d24dbc"
      }
    },
    {
      "identity" : "enumkit",
      "kind" : "remoteSourceControl",
      "location" : "https://github.com/gringoireDM/EnumKit.git",
      "state" : {
        "revision" : "ae639dfac5c7116abb64c5f62124915f627140e4",
        "version" : "1.1.3"
      }
    },
    {
      "identity" : "frameworktoolbox",
      "kind" : "remoteSourceControl",
      "location" : "https://github.com/Mx-Iris/FrameworkToolbox.git",
      "state" : {
        "branch" : "main",
        "revision" : "7bdb133931d36461e8f8cc3f6987107260726140"
      }
    },
    {
      "identity" : "fuzzy-search",
      "kind" : "remoteSourceControl",
      "location" : "https://github.com/database-utility/fuzzy-search.git",
      "state" : {
        "branch" : "main",
        "revision" : "1a88d6807a174ebb90e2a04e2071944e006847ef"
      }
    },
    {
      "identity" : "ide-icons",
      "kind" : "remoteSourceControl",
      "location" : "https://github.com/MxIris-Library-Forks/ide-icons",
      "state" : {
        "revision" : "9c3cf2809c12316378a782e4b2752c8a1bd0f046",
        "version" : "0.1.1"
      }
    },
    {
      "identity" : "ifrit",
      "kind" : "remoteSourceControl",
      "location" : "https://github.com/ukushu/Ifrit",
      "state" : {
        "revision" : "9b9556e14cee24ad16b19d0eb099283cf79a7d94",
        "version" : "3.0.0"
      }
    },
    {
      "identity" : "keyboardshortcuts",
      "kind" : "remoteSourceControl",
      "location" : "https://github.com/sindresorhus/KeyboardShortcuts",
      "state" : {
        "revision" : "1aef85578fdd4f9eaeeb8d53b7b4fc31bf08fe27",
        "version" : "2.4.0"
      }
    },
    {
      "identity" : "kingfisher",
      "kind" : "remoteSourceControl",
      "location" : "https://github.com/onevcat/Kingfisher",
      "state" : {
        "revision" : "d30a5fad881137e2267f96a8e3fc35c58999bb94",
        "version" : "8.6.2"
      }
    },
    {
      "identity" : "lateresponders",
      "kind" : "remoteSourceControl",
      "location" : "https://github.com/MxIris-Library-Forks/LateResponders",
      "state" : {
        "branch" : "develop",
        "revision" : "83ede641e26d7b0ae0720c984fc8a0869c6fed6a"
      }
    },
    {
      "identity" : "launchservicesprivate",
      "kind" : "remoteSourceControl",
      "location" : "https://github.com/MxIris-Reverse-Engineering/LaunchServicesPrivate",
      "state" : {
        "revision" : "ee6dbcf2f13176c005337b37ba88431d40458a2b",
        "version" : "0.1.0"
      }
    },
    {
      "identity" : "metacodable",
      "kind" : "remoteSourceControl",
      "location" : "https://github.com/SwiftyLab/MetaCodable",
      "state" : {
        "revision" : "e2b09b4ceed09c972adb7f48572446d07a1c0e16",
        "version" : "1.5.0"
      }
    },
    {
      "identity" : "nsattributedstringbuilder",
      "kind" : "remoteSourceControl",
      "location" : "https://github.com/MxIris-Library-Forks/NSAttributedStringBuilder",
      "state" : {
        "branch" : "master",
        "revision" : "d0d35f858a556b7f7f6ad2da7d7a8b469a72fb5c"
      }
    },
    {
      "identity" : "rainbow",
      "kind" : "remoteSourceControl",
      "location" : "https://github.com/onevcat/Rainbow",
      "state" : {
        "revision" : "cdf146ae671b2624917648b61c908d1244b98ca1",
        "version" : "4.2.1"
      }
    },
    {
      "identity" : "rearrange",
      "kind" : "remoteSourceControl",
      "location" : "https://github.com/ChimeHQ/Rearrange.git",
      "state" : {
        "revision" : "f1d74e1642956f0300756ad8d1d64e9034857bc3",
        "version" : "2.0.0"
      }
    },
    {
      "identity" : "rxcombine",
      "kind" : "remoteSourceControl",
      "location" : "https://github.com/CombineCommunity/RxCombine",
      "state" : {
        "revision" : "19474c2ac9fde613bba8513bf98990e1aa9831cd",
        "version" : "2.0.1"
      }
    },
    {
      "identity" : "rxconcurrency",
      "kind" : "remoteSourceControl",
      "location" : "https://github.com/TrGiLong/RxConcurrency",
      "state" : {
        "revision" : "dadb16c54bd42ca83c08f3d80f61fbfca93a585c",
        "version" : "0.1.1"
      }
    },
    {
      "identity" : "rxenumkit",
      "kind" : "remoteSourceControl",
      "location" : "https://github.com/gringoireDM/RxEnumKit",
      "state" : {
        "revision" : "a7572f7bcc69e458f74730098be97279a1b8c80f",
        "version" : "2.0.0"
      }
    },
    {
      "identity" : "rxswift",
      "kind" : "remoteSourceControl",
      "location" : "https://github.com/ReactiveX/RxSwift",
      "state" : {
        "revision" : "5004a18539bd68905c5939aa893075f578f4f03d",
        "version" : "6.9.1"
      }
    },
    {
      "identity" : "rxswiftplus",
      "kind" : "remoteSourceControl",
      "location" : "https://github.com/Mx-Iris/RxSwiftPlus",
      "state" : {
        "branch" : "main",
        "revision" : "ac669d83b295274bfe1a58d2c718038066576130"
      }
    },
    {
      "identity" : "rxuikit",
      "kind" : "remoteSourceControl",
      "location" : "https://github.com/Mx-Iris/RxUIKit",
      "state" : {
        "revision" : "3fdea1f98cb37fd0731600295eb81b215531edce",
        "version" : "0.1.0"
      }
    },
    {
      "identity" : "semaphore",
      "kind" : "remoteSourceControl",
      "location" : "https://github.com/MxIris-Library-Forks/Semaphore",
      "state" : {
        "branch" : "main",
        "revision" : "e6a244dec033ed1033878d5da5911a3ba2489701"
      }
    },
    {
      "identity" : "sfsymbols",
      "kind" : "remoteSourceControl",
      "location" : "https://github.com/Mx-Iris/SFSymbols",
      "state" : {
        "branch" : "main",
        "revision" : "98c7f4a22419d8034a058a8bfaec7cba4e53dcca"
      }
    },
    {
      "identity" : "snapkit",
      "kind" : "remoteSourceControl",
      "location" : "https://github.com/SnapKit/SnapKit",
      "state" : {
        "revision" : "2842e6e84e82eb9a8dac0100ca90d9444b0307f4",
        "version" : "5.7.1"
      }
    },
    {
      "identity" : "sourcekitd",
      "kind" : "remoteSourceControl",
      "location" : "https://github.com/Mx-Iris/SourceKitD",
      "state" : {
        "branch" : "main",
        "revision" : "47ddc958a3962f9bb0fe08de1c8f39723e472228"
      }
    },
    {
      "identity" : "swift-apinotes",
      "kind" : "remoteSourceControl",
      "location" : "https://github.com/MxIris-DeveloperTool-Forks/swift-apinotes",
      "state" : {
        "branch" : "main",
        "revision" : "2fe208c1824f053c04778c5dad2a6fe93d8ab3bf"
      }
    },
    {
      "identity" : "swift-argument-parser",
      "kind" : "remoteSourceControl",
      "location" : "https://github.com/apple/swift-argument-parser",
      "state" : {
        "revision" : "c5d11a805e765f52ba34ec7284bd4fcd6ba68615",
        "version" : "1.7.0"
      }
    },
    {
      "identity" : "swift-async-algorithms",
      "kind" : "remoteSourceControl",
      "location" : "https://github.com/apple/swift-async-algorithms",
      "state" : {
        "revision" : "6c050d5ef8e1aa6342528460db614e9770d7f804",
        "version" : "1.1.1"
      }
    },
    {
      "identity" : "swift-clang",
      "kind" : "remoteSourceControl",
      "location" : "https://github.com/MxIris-DeveloperTool-Forks/swift-clang",
      "state" : {
        "revision" : "3944b95e4458e1a1e52efcdd5ea1518fcb90a9a6",
        "version" : "0.1.0"
      }
    },
    {
      "identity" : "swift-clocks",
      "kind" : "remoteSourceControl",
      "location" : "https://github.com/pointfreeco/swift-clocks",
      "state" : {
        "revision" : "cc46202b53476d64e824e0b6612da09d84ffde8e",
        "version" : "1.0.6"
      }
    },
    {
      "identity" : "swift-cmark",
      "kind" : "remoteSourceControl",
      "location" : "https://github.com/swiftlang/swift-cmark.git",
      "state" : {
        "revision" : "5d9bdaa4228b381639fff09403e39a04926e2dbe",
        "version" : "0.7.1"
      }
    },
    {
      "identity" : "swift-collections",
      "kind" : "remoteSourceControl",
      "location" : "https://github.com/apple/swift-collections",
      "state" : {
        "revision" : "7b847a3b7008b2dc2f47ca3110d8c782fb2e5c7e",
        "version" : "1.3.0"
      }
    },
    {
      "identity" : "swift-concurrency-extras",
      "kind" : "remoteSourceControl",
      "location" : "https://github.com/pointfreeco/swift-concurrency-extras",
      "state" : {
        "revision" : "5a3825302b1a0d744183200915a47b508c828e6f",
        "version" : "1.3.2"
      }
    },
    {
      "identity" : "swift-dependencies",
      "kind" : "remoteSourceControl",
      "location" : "https://github.com/pointfreeco/swift-dependencies",
      "state" : {
        "revision" : "a10f9feeb214bc72b5337b6ef6d5a029360db4cc",
        "version" : "1.10.0"
      }
    },
    {
      "identity" : "swift-fileio",
      "kind" : "remoteSourceControl",
      "location" : "https://github.com/p-x9/swift-fileio.git",
      "state" : {
        "revision" : "d589ff3966f9f064574780f527449a946736b989",
        "version" : "0.13.0"
      }
    },
    {
      "identity" : "swift-literal-type-inference",
      "kind" : "remoteSourceControl",
      "location" : "https://github.com/p-x9/swift-literal-type-inference.git",
      "state" : {
        "revision" : "898d4a8c5920a3a47d70a43e76d708697e14cd72",
        "version" : "0.5.0"
      }
    },
    {
      "identity" : "swift-log",
      "kind" : "remoteSourceControl",
      "location" : "https://github.com/apple/swift-log",
      "state" : {
        "revision" : "bc386b95f2a16ccd0150a8235e7c69eab2b866ca",
        "version" : "1.8.0"
      }
    },
    {
      "identity" : "swift-markdown",
      "kind" : "remoteSourceControl",
      "location" : "https://github.com/apple/swift-markdown",
      "state" : {
        "revision" : "7d9a5ce307528578dfa777d505496bd5f544ad94",
        "version" : "0.7.3"
      }
    },
    {
      "identity" : "swift-memberwise-init-macro",
      "kind" : "remoteSourceControl",
      "location" : "https://github.com/MxIris-Library-Forks/swift-memberwise-init-macro",
      "state" : {
        "revision" : "6121b169fb5a83d7262a69b640468606f98c6c6e",
        "version" : "0.5.3-fork.1"
      }
    },
    {
      "identity" : "swift-object-association",
      "kind" : "remoteSourceControl",
      "location" : "https://github.com/p-x9/swift-object-association.git",
      "state" : {
        "revision" : "93806cfecae1f198c894ed5585b93aff0e2d1f5a",
        "version" : "0.5.0"
      }
    },
    {
      "identity" : "swift-syntax",
      "kind" : "remoteSourceControl",
      "location" : "https://github.com/swiftlang/swift-syntax.git",
      "state" : {
        "revision" : "f99ae8aa18f0cf0d53481901f88a0991dc3bd4a2",
        "version" : "601.0.1"
      }
    },
    {
      "identity" : "swiftterm",
      "kind" : "remoteSourceControl",
      "location" : "https://github.com/migueldeicaza/SwiftTerm.git",
      "state" : {
        "revision" : "0b8d99bd19b694df44e1ccaa3891309719d34330",
        "version" : "1.5.1"
      }
    },
    {
      "identity" : "swiftyxpc",
      "kind" : "remoteSourceControl",
      "location" : "https://github.com/MxIris-macOS-Library-Forks/SwiftyXPC",
      "state" : {
        "branch" : "main",
        "revision" : "d56672e7939ae929e94d4ea66da3fc527a69724e"
      }
    },
    {
      "identity" : "termkit",
      "kind" : "remoteSourceControl",
      "location" : "https://github.com/migueldeicaza/TermKit",
      "state" : {
        "branch" : "main",
        "revision" : "6ba5a059527cc3c623caa32e13943abea0cf4054"
      }
    },
    {
      "identity" : "textbufferkit",
      "kind" : "remoteSourceControl",
      "location" : "https://github.com/migueldeicaza/TextBufferKit.git",
      "state" : {
        "revision" : "7f3ed5b1d7288de34ad853544d802647be11cfcf",
        "version" : "0.3.0"
      }
    },
    {
      "identity" : "uifoundation",
      "kind" : "remoteSourceControl",
      "location" : "https://github.com/Mx-Iris/UIFoundation",
      "state" : {
        "branch" : "main",
        "revision" : "92973e3cd3398d318b318908013095e05490eefb"
      }
    },
    {
      "identity" : "xcoordinator",
      "kind" : "remoteSourceControl",
      "location" : "https://github.com/MxIris-Library-Forks/XCoordinator",
      "state" : {
        "branch" : "master",
        "revision" : "8b7fe1eb826df5ee90c356721cf88415804e2228"
      }
    },
    {
      "identity" : "xctest-dynamic-overlay",
      "kind" : "remoteSourceControl",
      "location" : "https://github.com/pointfreeco/xctest-dynamic-overlay",
      "state" : {
        "revision" : "34e463e98ab8541c604af706c99bed7160f5ec70",
        "version" : "1.8.1"
      }
    },
    {
      "identity" : "yams",
      "kind" : "remoteSourceControl",
      "location" : "https://github.com/jpsim/Yams",
      "state" : {
        "revision" : "51b5127c7fb6ffac106ad6d199aaa33c5024895f",
        "version" : "6.2.0"
      }
    }
  ],
  "version" : 2
}
