// !$*UTF8*$!
{
	archiveVersion = 1;
	classes = {
	};
	objectVersion = 90;
	objects = {

/* Begin PBXBuildFile section */
		E927C22E2E9444F300084A7B /* AppIcon.icon in Resources */ = {isa = PBXBuildFile; fileRef = E927C22D2E9444F300084A7B /* AppIcon.icon */; };
		E9381D032EC8BFDE007F6333 /* RuntimeViewerCatalystHelper.app in Embed Helpers */ = {isa = PBXBuildFile; fileRef = E9C9E9EF2C2D379200C4AA34 /* RuntimeViewerCatalystHelper.app */; settings = {ATTRIBUTES = (RemoveHeadersOnCopy, ); }; };
		E942AC882C274DF600A2F3D3 /* RuntimeViewerApplication in Frameworks */ = {isa = PBXBuildFile; productRef = E942AC872C274DF600A2F3D3 /* RuntimeViewerApplication */; };
		E94EC5BECB0E94F4C6ABB6B3 /* Sparkle in Frameworks */ = {isa = PBXBuildFile; productRef = E910124C38FF8B6334251802 /* Sparkle */; };
		E961FEEC2F54513E00ED3419 /* RuntimeViewerServer.framework in Copy RuntimeViewerServer Framework */ = {isa = PBXBuildFile; fileRef = E98BF6372F1D4ABB0041DB20 /* RuntimeViewerServer.framework */; settings = {ATTRIBUTES = (CodeSignOnCopy, RemoveHeadersOnCopy, ); }; };
		E985A9CE2D9AF505005A573C /* RuntimeViewerCore in Frameworks */ = {isa = PBXBuildFile; productRef = E985A9CD2D9AF505005A573C /* RuntimeViewerCore */; };
		E985A9DA2D9AF7E5005A573C /* RuntimeViewerService in Frameworks */ = {isa = PBXBuildFile; productRef = E985A9D92D9AF7E5005A573C /* RuntimeViewerService */; };
		E9862AD32F377D2B00139991 /* RuntimeViewerMCPBridge in Frameworks */ = {isa = PBXBuildFile; productRef = E9862AD22F377D2B00139991 /* RuntimeViewerMCPBridge */; };
		E98BF6282F1D4A690041DB20 /* RuntimeViewerCatalystExtensions in Frameworks */ = {isa = PBXBuildFile; productRef = E98BF6272F1D4A690041DB20 /* RuntimeViewerCatalystExtensions */; };
		E98BF62A2F1D4A750041DB20 /* RuntimeViewerCatalystExtensions in Frameworks */ = {isa = PBXBuildFile; productRef = E98BF6292F1D4A750041DB20 /* RuntimeViewerCatalystExtensions */; };
		E9A9CCE22F5D880400A10DD3 /* RuntimeViewerService in Frameworks */ = {isa = PBXBuildFile; productRef = E9A9CCDE2F5D880400A10DD3 /* RuntimeViewerService */; };
		E9A9CCF12F5D884900A10DD3 /* $(RUNTIME_VIEWER_SERVICE_NAME) in Embed LaunchServices */ = {isa = PBXBuildFile; fileRef = E9CAFE020000000000000002 /* $(RUNTIME_VIEWER_SERVICE_NAME) */; settings = {ATTRIBUTES = (CodeSignOnCopy, ); }; };
		E9C9E9D72C2D161000C4AA34 /* RuntimeViewerCatalystHelperPlugin.bundle in Embed PlugIns */ = {isa = PBXBuildFile; fileRef = E9E900DC2C2CF9A500FADDCC /* RuntimeViewerCatalystHelperPlugin.bundle */; platformFilter = maccatalyst; settings = {ATTRIBUTES = (CodeSignOnCopy, RemoveHeadersOnCopy, ); }; };
		E9CB2C542F69B7D4005D2135 /* RuntimeViewerUtilities in Frameworks */ = {isa = PBXBuildFile; productRef = E9CB2C532F69B7D4005D2135 /* RuntimeViewerUtilities */; };
/* End PBXBuildFile section */

/* Begin PBXContainerItemProxy section */
		E94C1B8E2F35E7AC005DF968 /* PBXContainerItemProxy */ = {
			isa = PBXContainerItemProxy;
			containerPortal = E98BF5E92F1CE6810041DB20 /* RuntimeViewerServer.xcodeproj */;
			proxyType = 2;
			remoteGlobalIDString = E994E2962F323A51009DD28A;
			remoteInfo = RuntimeViewerMobileServer;
		};
		E9862A282F36F66400139991 /* PBXContainerItemProxy */ = {
			isa = PBXContainerItemProxy;
			containerPortal = E98BF5E92F1CE6810041DB20 /* RuntimeViewerServer.xcodeproj */;
			proxyType = 1;
			remoteGlobalIDString = E978F9182F1BBB38004C09B4;
			remoteInfo = RuntimeViewerServer;
		};
		E98BF6362F1D4ABB0041DB20 /* PBXContainerItemProxy */ = {
			isa = PBXContainerItemProxy;
			containerPortal = E98BF5E92F1CE6810041DB20 /* RuntimeViewerServer.xcodeproj */;
			proxyType = 2;
			remoteGlobalIDString = E978F9192F1BBB38004C09B4;
			remoteInfo = RuntimeViewerServer;
		};
		E9A9CCE82F5D882E00A10DD3 /* PBXContainerItemProxy */ = {
			isa = PBXContainerItemProxy;
			containerPortal = E9432FDA2C0D614900362862 /* Project object */;
			proxyType = 1;
			remoteGlobalIDString = E9A9CCDD2F5D880400A10DD3;
			remoteInfo = dev.mxiris.runtimeviewer.service;
		};
		E9C9E9D82C2D161000C4AA34 /* PBXContainerItemProxy */ = {
			isa = PBXContainerItemProxy;
			containerPortal = E9432FDA2C0D614900362862 /* Project object */;
			proxyType = 1;
			remoteGlobalIDString = E9E900DB2C2CF9A500FADDCC;
			remoteInfo = RuntimeViewerCatalystHelperPlugin;
		};
/* End PBXContainerItemProxy section */

/* Begin PBXCopyFilesBuildPhase section */
		E961FEEB2F54511E00ED3419 /* Copy RuntimeViewerServer Framework */ = {
			isa = PBXCopyFilesBuildPhase;
			dstPath = "";
			dstSubfolder = Resources;
			files = (
				E961FEEC2F54513E00ED3419 /* RuntimeViewerServer.framework in Copy RuntimeViewerServer Framework */,
			);
			name = "Copy RuntimeViewerServer Framework";
		};
		E9C9E9CC2C2D0F1B00C4AA34 /* Embed LaunchServices */ = {
			isa = PBXCopyFilesBuildPhase;
			dstPath = Contents/Library/LaunchServices;
			dstSubfolder = Wrapper;
			files = (
				E9A9CCF12F5D884900A10DD3 /* $(RUNTIME_VIEWER_SERVICE_NAME) in Embed LaunchServices */,
			);
			name = "Embed LaunchServices";
		};
		E9C9E9DA2C2D161000C4AA34 /* Embed PlugIns */ = {
			isa = PBXCopyFilesBuildPhase;
			dstPath = "";
			dstSubfolder = PlugIns;
			files = (
				E9C9E9D72C2D161000C4AA34 /* RuntimeViewerCatalystHelperPlugin.bundle in Embed PlugIns */,
			);
			name = "Embed PlugIns";
		};
		E9C9E9EB2C2D33F500C4AA34 /* Embed Helpers */ = {
			isa = PBXCopyFilesBuildPhase;
			dstPath = ../Applications;
			dstSubfolder = Executables;
			files = (
				E9381D032EC8BFDE007F6333 /* RuntimeViewerCatalystHelper.app in Embed Helpers */,
			);
			name = "Embed Helpers";
		};
/* End PBXCopyFilesBuildPhase section */

/* Begin PBXFileReference section */
		E927C22D2E9444F300084A7B /* AppIcon.icon */ = {isa = PBXFileReference; lastKnownFileType = folder.iconcomposer.icon; name = AppIcon.icon; path = ../Resources/AppIcon.icon; sourceTree = SOURCE_ROOT; };
		E9432FE22C0D614900362862 /* RuntimeViewer-Debug.app */ = {isa = PBXFileReference; explicitFileType = wrapper.application; includeInIndex = 0; path = "RuntimeViewer-Debug.app"; sourceTree = BUILT_PRODUCTS_DIR; };
		E947C3672C2A4D0400296B2E /* RuntimeViewerCatalystHelper.app */ = {isa = PBXFileReference; explicitFileType = wrapper.application; includeInIndex = 0; path = RuntimeViewerCatalystHelper.app; sourceTree = BUILT_PRODUCTS_DIR; };
		E95CDA652DAA6FA300D97B03 /* Debug.xcconfig */ = {isa = PBXFileReference; lastKnownFileType = text.xcconfig; name = Debug.xcconfig; path = ../Configurations/RuntimeViewerService/Debug.xcconfig; sourceTree = SOURCE_ROOT; };
		E95CDA662DAA6FA900D97B03 /* Release.xcconfig */ = {isa = PBXFileReference; lastKnownFileType = text.xcconfig; name = Release.xcconfig; path = ../Configurations/RuntimeViewerService/Release.xcconfig; sourceTree = SOURCE_ROOT; };
		E95CDA672DAA970300D97B03 /* Debug.xcconfig */ = {isa = PBXFileReference; lastKnownFileType = text.xcconfig; name = Debug.xcconfig; path = ../Configurations/RuntimeViewerUsingAppKit/Debug.xcconfig; sourceTree = SOURCE_ROOT; };
		E95CDA682DAA970900D97B03 /* Release.xcconfig */ = {isa = PBXFileReference; lastKnownFileType = text.xcconfig; name = Release.xcconfig; path = ../Configurations/RuntimeViewerUsingAppKit/Release.xcconfig; sourceTree = SOURCE_ROOT; };
		E95D79C02F62A9EC0033D4CE /* RuntimeViewerUsingAppKit.xctestplan */ = {isa = PBXFileReference; lastKnownFileType = text; path = RuntimeViewerUsingAppKit.xctestplan; sourceTree = "<group>"; };
		E98BF5E92F1CE6810041DB20 /* RuntimeViewerServer.xcodeproj */ = {isa = PBXFileReference; lastKnownFileType = "wrapper.pb-project"; name = RuntimeViewerServer.xcodeproj; path = ../RuntimeViewerServer/RuntimeViewerServer.xcodeproj; sourceTree = SOURCE_ROOT; };
		E9A9CCE72F5D880400A10DD3 /* dev.mxiris.runtimeviewer.service */ = {isa = PBXFileReference; explicitFileType = "compiled.mach-o.executable"; includeInIndex = 0; path = dev.mxiris.runtimeviewer.service; sourceTree = BUILT_PRODUCTS_DIR; };
		E9C9E9C92C2D0E3C00C4AA34 /* Config.xcconfig */ = {isa = PBXFileReference; lastKnownFileType = text.xcconfig; name = Config.xcconfig; path = ../Configurations/RuntimeViewerService/Config.xcconfig; sourceTree = SOURCE_ROOT; };
		E9C9E9EF2C2D379200C4AA34 /* RuntimeViewerCatalystHelper.app */ = {isa = PBXFileReference; lastKnownFileType = wrapper.application; path = RuntimeViewerCatalystHelper.app; sourceTree = "<group>"; };
		E9CAFE020000000000000002 /* $(RUNTIME_VIEWER_SERVICE_NAME) */ = {isa = PBXFileReference; explicitFileType = "compiled.mach-o.executable"; includeInIndex = 0; path = "$(RUNTIME_VIEWER_SERVICE_NAME)"; sourceTree = BUILT_PRODUCTS_DIR; };
		E9CAFE030000000000000003 /* Debug-arm64e.xcconfig */ = {isa = PBXFileReference; lastKnownFileType = text.xcconfig; name = "Debug-arm64e.xcconfig"; path = "../Configurations/RuntimeViewerUsingAppKit/Debug-arm64e.xcconfig"; sourceTree = SOURCE_ROOT; };
		E9E900DC2C2CF9A500FADDCC /* RuntimeViewerCatalystHelperPlugin.bundle */ = {isa = PBXFileReference; explicitFileType = wrapper.cfbundle; includeInIndex = 0; path = RuntimeViewerCatalystHelperPlugin.bundle; sourceTree = BUILT_PRODUCTS_DIR; };
		E9E900E82C2D0D5B00FADDCC /* com.JH.RuntimeViewerService */ = {isa = PBXFileReference; explicitFileType = "compiled.mach-o.executable"; includeInIndex = 0; path = com.JH.RuntimeViewerService; sourceTree = BUILT_PRODUCTS_DIR; };
		E9F2E9B32ED3BCFC001DCC3E /* Shared.xcconfig */ = {isa = PBXFileReference; lastKnownFileType = text.xcconfig; name = Shared.xcconfig; path = ../Configurations/Shared/Shared.xcconfig; sourceTree = SOURCE_ROOT; };
		E9F2E9B52ED3BD2B001DCC3E /* Release.xcconfig */ = {isa = PBXFileReference; lastKnownFileType = text.xcconfig; name = Release.xcconfig; path = ../Configurations/Shared/Release.xcconfig; sourceTree = SOURCE_ROOT; };
		E9F2E9B72ED3BD36001DCC3E /* Debug.xcconfig */ = {isa = PBXFileReference; lastKnownFileType = text.xcconfig; name = Debug.xcconfig; path = ../Configurations/Shared/Debug.xcconfig; sourceTree = SOURCE_ROOT; };
		E9F2E9B92ED3BD3E001DCC3E /* CodeSigning.xcconfig */ = {isa = PBXFileReference; lastKnownFileType = text.xcconfig; name = CodeSigning.xcconfig; path = ../Configurations/CodeSigning.xcconfig; sourceTree = SOURCE_ROOT; };
/* End PBXFileReference section */

/* Begin PBXFileSystemSynchronizedBuildFileExceptionSet section */
		E9DAF4FA2FEE740E00DD20CB /* Exceptions for "RuntimeViewerUsingAppKit" folder in "RuntimeViewerUsingAppKit" target */ = {
			isa = PBXFileSystemSynchronizedBuildFileExceptionSet;
			membershipExceptions = (
				"/Localized: MainMenu.xib",
				Info.plist,
			);
			target = E9432FE12C0D614900362862 /* RuntimeViewerUsingAppKit */;
		};
		E9DAF50E2FEE741500DD20CB /* Exceptions for "RuntimeViewerCatalystHelper" folder in "RuntimeViewerCatalystHelper" target */ = {
			isa = PBXFileSystemSynchronizedBuildFileExceptionSet;
			membershipExceptions = (
				Info.plist,
			);
			target = E947C3662C2A4D0400296B2E /* RuntimeViewerCatalystHelper */;
		};
		E9DAF50F2FEE741500DD20CB /* Exceptions for "RuntimeViewerCatalystHelperPlugin" folder in "RuntimeViewerCatalystHelper" target */ = {
			isa = PBXFileSystemSynchronizedBuildFileExceptionSet;
			membershipExceptions = (
				AppKitPlugin.swift,
			);
			target = E947C3662C2A4D0400296B2E /* RuntimeViewerCatalystHelper */;
		};
		E9DAF5152FEE744300DD20CB /* Exceptions for "com.JH.RuntimeViewerService" folder in "com.JH.RuntimeViewerService" target */ = {
			isa = PBXFileSystemSynchronizedBuildFileExceptionSet;
			membershipExceptions = (
				main.swift,
			);
			target = E9E900E72C2D0D5B00FADDCC /* com.JH.RuntimeViewerService */;
		};
/* End PBXFileSystemSynchronizedBuildFileExceptionSet section */

/* Begin PBXFileSystemSynchronizedGroupBuildPhaseMembershipExceptionSet section */
		E9DAF4FB2FEE740E00DD20CB /* Exceptions for "RuntimeViewerUsingAppKit" folder in "Copy Bundle Resources" phase from "RuntimeViewerUsingAppKit" target */ = {
			isa = PBXFileSystemSynchronizedGroupBuildPhaseMembershipExceptionSet;
			buildPhase = E9432FE02C0D614900362862 /* Resources */;
			membershipExceptions = (
				Base.lproj/MainMenu.xib,
			);
		};
/* End PBXFileSystemSynchronizedGroupBuildPhaseMembershipExceptionSet section */

/* Begin PBXFileSystemSynchronizedRootGroup section */
		E9DAF4962FEE740D00DD20CB /* RuntimeViewerUsingAppKit */ = {
			isa = PBXFileSystemSynchronizedRootGroup;
			exceptions = (
				E9DAF4FA2FEE740E00DD20CB /* Exceptions for "RuntimeViewerUsingAppKit" folder in "RuntimeViewerUsingAppKit" target */,
				E9DAF4FB2FEE740E00DD20CB /* Exceptions for "RuntimeViewerUsingAppKit" folder in "Copy Bundle Resources" phase from "RuntimeViewerUsingAppKit" target */,
			);
			explicitFileTypes = {
				Content/ContentLineNumberRulerView.swift = sourcecode.swift;
			};
			path = RuntimeViewerUsingAppKit;
			sourceTree = "<group>";
		};
		E9DAF5022FEE741200DD20CB /* RuntimeViewerCatalystHelper */ = {
			isa = PBXFileSystemSynchronizedRootGroup;
			exceptions = (
				E9DAF50E2FEE741500DD20CB /* Exceptions for "RuntimeViewerCatalystHelper" folder in "RuntimeViewerCatalystHelper" target */,
			);
			path = RuntimeViewerCatalystHelper;
			sourceTree = "<group>";
		};
		E9DAF50A2FEE741500DD20CB /* RuntimeViewerCatalystHelperPlugin */ = {
			isa = PBXFileSystemSynchronizedRootGroup;
			exceptions = (
				E9DAF50F2FEE741500DD20CB /* Exceptions for "RuntimeViewerCatalystHelperPlugin" folder in "RuntimeViewerCatalystHelper" target */,
			);
			path = RuntimeViewerCatalystHelperPlugin;
			sourceTree = "<group>";
		};
		E9DAF5132FEE744300DD20CB /* com.JH.RuntimeViewerService */ = {
			isa = PBXFileSystemSynchronizedRootGroup;
			exceptions = (
				E9DAF5152FEE744300DD20CB /* Exceptions for "com.JH.RuntimeViewerService" folder in "com.JH.RuntimeViewerService" target */,
			);
			path = com.JH.RuntimeViewerService;
			sourceTree = "<group>";
		};
		E9E37D5D2FEE80CF009C409D /* RuntimeViewerService */ = {
			isa = PBXFileSystemSynchronizedRootGroup;
			path = RuntimeViewerService;
			sourceTree = "<group>";
		};
/* End PBXFileSystemSynchronizedRootGroup section */

/* Begin PBXFrameworksBuildPhase section */
		E9432FDF2C0D614900362862 /* Frameworks */ = {
			isa = PBXFrameworksBuildPhase;
			files = (
				E9CB2C542F69B7D4005D2135 /* RuntimeViewerUtilities in Frameworks */,
				E98BF62A2F1D4A750041DB20 /* RuntimeViewerCatalystExtensions in Frameworks */,
				E9862AD32F377D2B00139991 /* RuntimeViewerMCPBridge in Frameworks */,
				E942AC882C274DF600A2F3D3 /* RuntimeViewerApplication in Frameworks */,
				E94EC5BECB0E94F4C6ABB6B3 /* Sparkle in Frameworks */,
			);
		};
		E947C3642C2A4D0400296B2E /* Frameworks */ = {
			isa = PBXFrameworksBuildPhase;
			files = (
			);
		};
		E9A9CCE12F5D880400A10DD3 /* Frameworks */ = {
			isa = PBXFrameworksBuildPhase;
			files = (
				E9A9CCE22F5D880400A10DD3 /* RuntimeViewerService in Frameworks */,
			);
		};
		E9E900D92C2CF9A500FADDCC /* Frameworks */ = {
			isa = PBXFrameworksBuildPhase;
			files = (
				E98BF6282F1D4A690041DB20 /* RuntimeViewerCatalystExtensions in Frameworks */,
				E985A9CE2D9AF505005A573C /* RuntimeViewerCore in Frameworks */,
			);
		};
		E9E900E52C2D0D5B00FADDCC /* Frameworks */ = {
			isa = PBXFrameworksBuildPhase;
			files = (
				E985A9DA2D9AF7E5005A573C /* RuntimeViewerService in Frameworks */,
			);
		};
/* End PBXFrameworksBuildPhase section */

/* Begin PBXGroup section */
		E9432FD92C0D614900362862 = {
			isa = PBXGroup;
			children = (
				E95D79C02F62A9EC0033D4CE /* RuntimeViewerUsingAppKit.xctestplan */,
				E98BF5E92F1CE6810041DB20 /* RuntimeViewerServer.xcodeproj */,
				E927C22D2E9444F300084A7B /* AppIcon.icon */,
				E9C9E9EF2C2D379200C4AA34 /* RuntimeViewerCatalystHelper.app */,
				E9DAF4962FEE740D00DD20CB /* RuntimeViewerUsingAppKit */,
				E9DAF5022FEE741200DD20CB /* RuntimeViewerCatalystHelper */,
				E9DAF50A2FEE741500DD20CB /* RuntimeViewerCatalystHelperPlugin */,
				E9DAF5132FEE744300DD20CB /* com.JH.RuntimeViewerService */,
				E9E37D5D2FEE80CF009C409D /* RuntimeViewerService */,
				E9CF000A2FF0010000000001 /* Configurations */,
				E9432FE32C0D614900362862 /* Products */,
				E9432FF32C0D637500362862 /* Frameworks */,
			);
			sourceTree = "<group>";
		};
		E9432FE32C0D614900362862 /* Products */ = {
			isa = PBXGroup;
			children = (
				E9432FE22C0D614900362862 /* RuntimeViewer-Debug.app */,
				E947C3672C2A4D0400296B2E /* RuntimeViewerCatalystHelper.app */,
				E9E900DC2C2CF9A500FADDCC /* RuntimeViewerCatalystHelperPlugin.bundle */,
				E9E900E82C2D0D5B00FADDCC /* com.JH.RuntimeViewerService */,
				E9A9CCE72F5D880400A10DD3 /* dev.mxiris.runtimeviewer.service */,
			);
			name = Products;
			sourceTree = "<group>";
		};
		E9432FF32C0D637500362862 /* Frameworks */ = {
			isa = PBXGroup;
			children = (
			);
			name = Frameworks;
			sourceTree = "<group>";
		};
		E98BF6322F1D4ABB0041DB20 /* Products */ = {
			isa = PBXGroup;
			children = (
				E98BF6372F1D4ABB0041DB20 /* RuntimeViewerServer.framework */,
				E94C1B8F2F35E7AC005DF968 /* RuntimeViewerServer.framework */,
			);
			name = Products;
			sourceTree = "<group>";
		};
		E9CF000A2FF0010000000001 /* Configurations */ = {
			isa = PBXGroup;
			children = (
				E9F2E9B92ED3BD3E001DCC3E /* CodeSigning.xcconfig */,
				E9CF000B2FF0010000000002 /* Shared */,
				E9CF000C2FF0010000000003 /* RuntimeViewerService */,
				E9CF000D2FF0010000000004 /* RuntimeViewerUsingAppKit */,
			);
			name = Configurations;
			sourceTree = "<group>";
		};
		E9CF000B2FF0010000000002 /* Shared */ = {
			isa = PBXGroup;
			children = (
				E9F2E9B32ED3BCFC001DCC3E /* Shared.xcconfig */,
				E9F2E9B72ED3BD36001DCC3E /* Debug.xcconfig */,
				E9F2E9B52ED3BD2B001DCC3E /* Release.xcconfig */,
			);
			name = Shared;
			sourceTree = "<group>";
		};
		E9CF000C2FF0010000000003 /* RuntimeViewerService */ = {
			isa = PBXGroup;
			children = (
				E9C9E9C92C2D0E3C00C4AA34 /* Config.xcconfig */,
				E95CDA652DAA6FA300D97B03 /* Debug.xcconfig */,
				E95CDA662DAA6FA900D97B03 /* Release.xcconfig */,
			);
			name = RuntimeViewerService;
			sourceTree = "<group>";
		};
		E9CF000D2FF0010000000004 /* RuntimeViewerUsingAppKit */ = {
			isa = PBXGroup;
			children = (
				E95CDA672DAA970300D97B03 /* Debug.xcconfig */,
				E95CDA682DAA970900D97B03 /* Release.xcconfig */,
				E9CAFE030000000000000003 /* Debug-arm64e.xcconfig */,
			);
			name = RuntimeViewerUsingAppKit;
			sourceTree = "<group>";
		};
/* End PBXGroup section */

/* Begin PBXNativeTarget section */
		E9432FE12C0D614900362862 /* RuntimeViewerUsingAppKit */ = {
			isa = PBXNativeTarget;
			buildConfigurationList = E9432FEF2C0D614A00362862 /* Build configuration list for PBXNativeTarget "RuntimeViewerUsingAppKit" */;
			buildPhases = (
				E9432FDE2C0D614900362862 /* Sources */,
				E9432FDF2C0D614900362862 /* Frameworks */,
				E9432FE02C0D614900362862 /* Resources */,
				E961FEEB2F54511E00ED3419 /* Copy RuntimeViewerServer Framework */,
				E9CAFE010000000000000001 /* Generate LaunchDaemon plist */,
				E9C9E9CC2C2D0F1B00C4AA34 /* Embed LaunchServices */,
				E9C9E9EB2C2D33F500C4AA34 /* Embed Helpers */,
			);
			buildRules = (
			);
			dependencies = (
				E9A9CCE92F5D882E00A10DD3 /* PBXTargetDependency */,
				E9862A292F36F66400139991 /* PBXTargetDependency */,
			);
			fileSystemSynchronizedGroups = (
				E9DAF4962FEE740D00DD20CB /* RuntimeViewerUsingAppKit */,
			);
			name = RuntimeViewerUsingAppKit;
			packageProductDependencies = (
				E942AC872C274DF600A2F3D3 /* RuntimeViewerApplication */,
				E98BF6292F1D4A750041DB20 /* RuntimeViewerCatalystExtensions */,
				E9862AD22F377D2B00139991 /* RuntimeViewerMCPBridge */,
				E9CB2C532F69B7D4005D2135 /* RuntimeViewerUtilities */,
				E910124C38FF8B6334251802 /* Sparkle */,
			);
			productName = RuntimeViewerUsingAppKit;
			productReference = E9432FE22C0D614900362862 /* RuntimeViewer-Debug.app */;
			productType = "com.apple.product-type.application";
		};
		E947C3662C2A4D0400296B2E /* RuntimeViewerCatalystHelper */ = {
			isa = PBXNativeTarget;
			buildConfigurationList = E947C37A2C2A4D0500296B2E /* Build configuration list for PBXNativeTarget "RuntimeViewerCatalystHelper" */;
			buildPhases = (
				E947C3632C2A4D0400296B2E /* Sources */,
				E947C3642C2A4D0400296B2E /* Frameworks */,
				E947C3652C2A4D0400296B2E /* Resources */,
				E9C9E9DA2C2D161000C4AA34 /* Embed PlugIns */,
			);
			buildRules = (
			);
			dependencies = (
				E9C9E9D92C2D161000C4AA34 /* PBXTargetDependency */,
			);
			fileSystemSynchronizedGroups = (
				E9DAF5022FEE741200DD20CB /* RuntimeViewerCatalystHelper */,
			);
			name = RuntimeViewerCatalystHelper;
			productName = RuntimeViewerCatalystHelper;
			productReference = E947C3672C2A4D0400296B2E /* RuntimeViewerCatalystHelper.app */;
			productType = "com.apple.product-type.application";
		};
		E9A9CCDD2F5D880400A10DD3 /* com.mxiris.runtimeviewer.service */ = {
			isa = PBXNativeTarget;
			buildConfigurationList = E9A9CCE42F5D880400A10DD3 /* Build configuration list for PBXNativeTarget "com.mxiris.runtimeviewer.service" */;
			buildPhases = (
				E9A9CCDF2F5D880400A10DD3 /* Sources */,
				E9A9CCE12F5D880400A10DD3 /* Frameworks */,
			);
			buildRules = (
			);
			fileSystemSynchronizedGroups = (
				E9E37D5D2FEE80CF009C409D /* RuntimeViewerService */,
			);
			name = com.mxiris.runtimeviewer.service;
			packageProductDependencies = (
				E9A9CCDE2F5D880400A10DD3 /* RuntimeViewerService */,
			);
			productName = com.mxiris.runtimeviewer.service;
			productReference = E9A9CCE72F5D880400A10DD3 /* dev.mxiris.runtimeviewer.service */;
			productType = "com.apple.product-type.tool";
		};
		E9E900DB2C2CF9A500FADDCC /* RuntimeViewerCatalystHelperPlugin */ = {
			isa = PBXNativeTarget;
			buildConfigurationList = E9E900DD2C2CF9A500FADDCC /* Build configuration list for PBXNativeTarget "RuntimeViewerCatalystHelperPlugin" */;
			buildPhases = (
				E9E900D82C2CF9A500FADDCC /* Sources */,
				E9E900D92C2CF9A500FADDCC /* Frameworks */,
				E9E900DA2C2CF9A500FADDCC /* Resources */,
			);
			buildRules = (
			);
			fileSystemSynchronizedGroups = (
				E9DAF50A2FEE741500DD20CB /* RuntimeViewerCatalystHelperPlugin */,
			);
			name = RuntimeViewerCatalystHelperPlugin;
			packageProductDependencies = (
				E985A9CD2D9AF505005A573C /* RuntimeViewerCore */,
				E98BF6272F1D4A690041DB20 /* RuntimeViewerCatalystExtensions */,
			);
			productName = RuntimeViewerCatalystHelperPlugin;
			productReference = E9E900DC2C2CF9A500FADDCC /* RuntimeViewerCatalystHelperPlugin.bundle */;
			productType = "com.apple.product-type.bundle";
		};
		E9E900E72C2D0D5B00FADDCC /* com.JH.RuntimeViewerService */ = {
			isa = PBXNativeTarget;
			buildConfigurationList = E9E900EC2C2D0D5B00FADDCC /* Build configuration list for PBXNativeTarget "com.JH.RuntimeViewerService" */;
			buildPhases = (
				E9E900E42C2D0D5B00FADDCC /* Sources */,
				E9E900E52C2D0D5B00FADDCC /* Frameworks */,
			);
			buildRules = (
			);
			name = com.JH.RuntimeViewerService;
			packageProductDependencies = (
				E985A9D92D9AF7E5005A573C /* RuntimeViewerService */,
			);
			productName = com.JH.RuntimeViewerService;
			productReference = E9E900E82C2D0D5B00FADDCC /* com.JH.RuntimeViewerService */;
			productType = "com.apple.product-type.tool";
		};
/* End PBXNativeTarget section */

/* Begin PBXProject section */
		E9432FDA2C0D614900362862 /* Project object */ = {
			isa = PBXProject;
			attributes = {
				BuildIndependentTargetsInParallel = 1;
				LastSwiftUpdateCheck = 2630;
				LastUpgradeCheck = 2660;
				TargetAttributes = {
					E9432FE12C0D614900362862 = {
						CreatedOnToolsVersion = 15.4;
						LastSwiftMigration = 2610;
					};
					E947C3662C2A4D0400296B2E = {
						CreatedOnToolsVersion = 15.4;
					};
					E9E900DB2C2CF9A500FADDCC = {
						CreatedOnToolsVersion = 15.4;
					};
					E9E900E72C2D0D5B00FADDCC = {
						CreatedOnToolsVersion = 15.4;
					};
				};
			};
			buildConfigurationList = E9432FDD2C0D614900362862 /* Build configuration list for PBXProject "RuntimeViewerUsingAppKit" */;
			developmentRegion = en;
			hasScannedForEncodings = 0;
			knownRegions = (
				en,
				Base,
			);
			mainGroup = E9432FD92C0D614900362862;
			packageReferences = (
				E9E85E6F23C412C62255F106 /* XCRemoteSwiftPackageReference "Sparkle" */,
			);
			preferredProjectObjectVersion = 90;
			productRefGroup = E9432FE32C0D614900362862 /* Products */;
			projectDirPath = "";
			projectReferences = (
				{
					ProductGroup = E98BF6322F1D4ABB0041DB20 /* Products */;
					ProjectRef = E98BF5E92F1CE6810041DB20 /* RuntimeViewerServer.xcodeproj */;
				},
			);
			projectRoot = "";
			targets = (
				E9432FE12C0D614900362862 /* RuntimeViewerUsingAppKit */,
				E947C3662C2A4D0400296B2E /* RuntimeViewerCatalystHelper */,
				E9E900DB2C2CF9A500FADDCC /* RuntimeViewerCatalystHelperPlugin */,
				E9E900E72C2D0D5B00FADDCC /* com.JH.RuntimeViewerService */,
				E9A9CCDD2F5D880400A10DD3 /* com.mxiris.runtimeviewer.service */,
			);
		};
/* End PBXProject section */

/* Begin PBXReferenceProxy section */
		E94C1B8F2F35E7AC005DF968 /* RuntimeViewerServer.framework */ = {
			isa = PBXReferenceProxy;
			fileType = wrapper.framework;
			path = RuntimeViewerServer.framework;
			remoteRef = E94C1B8E2F35E7AC005DF968 /* PBXContainerItemProxy */;
			sourceTree = BUILT_PRODUCTS_DIR;
		};
		E98BF6372F1D4ABB0041DB20 /* RuntimeViewerServer.framework */ = {
			isa = PBXReferenceProxy;
			fileType = wrapper.framework;
			path = RuntimeViewerServer.framework;
			remoteRef = E98BF6362F1D4ABB0041DB20 /* PBXContainerItemProxy */;
			sourceTree = BUILT_PRODUCTS_DIR;
		};
/* End PBXReferenceProxy section */

/* Begin PBXResourcesBuildPhase section */
		E9432FE02C0D614900362862 /* Resources */ = {
			isa = PBXResourcesBuildPhase;
			files = (
				E927C22E2E9444F300084A7B /* AppIcon.icon in Resources */,
			);
		};
		E947C3652C2A4D0400296B2E /* Resources */ = {
			isa = PBXResourcesBuildPhase;
			files = (
			);
		};
		E9E900DA2C2CF9A500FADDCC /* Resources */ = {
			isa = PBXResourcesBuildPhase;
			files = (
			);
		};
/* End PBXResourcesBuildPhase section */

/* Begin PBXShellScriptBuildPhase section */
		E9CAFE010000000000000001 /* Generate LaunchDaemon plist */ = {
			isa = PBXShellScriptBuildPhase;
			alwaysOutOfDate = 1;
			name = "Generate LaunchDaemon plist";
			shellPath = /bin/sh;
			shellScript = (
				"set -e",
				"LAUNCHD_DIR=\"${TARGET_BUILD_DIR}/${CONTENTS_FOLDER_PATH}/Library/LaunchDaemons\"",
				"PLIST=\"${LAUNCHD_DIR}/${RUNTIME_VIEWER_SERVICE_NAME}.plist\"",
				"mkdir -p \"${LAUNCHD_DIR}\"",
				"rm -f \"${PLIST}\"",
				"printf '%s\\n' '<?xml version=\"1.0\" encoding=\"UTF-8\"?>' '<!DOCTYPE plist PUBLIC \"-//Apple//DTD PLIST 1.0//EN\" \"http://www.apple.com/DTDs/PropertyList-1.0.dtd\">' '<plist version=\"1.0\"><dict/></plist>' > \"${PLIST}\"",
				"PB=/usr/libexec/PlistBuddy",
				"\"${PB}\" -c \"Add :Label string ${RUNTIME_VIEWER_SERVICE_NAME}\" \"${PLIST}\"",
				"\"${PB}\" -c \"Add :BundleProgram string Contents/Library/LaunchServices/${RUNTIME_VIEWER_SERVICE_NAME}\" \"${PLIST}\"",
				"\"${PB}\" -c \"Add :KeepAlive bool true\" \"${PLIST}\"",
				"\"${PB}\" -c \"Add :MachServices dict\" \"${PLIST}\"",
				"\"${PB}\" -c \"Add :MachServices:${RUNTIME_VIEWER_SERVICE_NAME} bool true\" \"${PLIST}\"",
				"echo \"Generated LaunchDaemon plist: ${PLIST}\"",
				"",
			);
		};
/* End PBXShellScriptBuildPhase section */

/* Begin PBXSourcesBuildPhase section */
		E9432FDE2C0D614900362862 /* Sources */ = {
			isa = PBXSourcesBuildPhase;
			files = (
			);
		};
		E947C3632C2A4D0400296B2E /* Sources */ = {
			isa = PBXSourcesBuildPhase;
			files = (
			);
		};
		E9A9CCDF2F5D880400A10DD3 /* Sources */ = {
			isa = PBXSourcesBuildPhase;
			files = (
			);
		};
		E9E900D82C2CF9A500FADDCC /* Sources */ = {
			isa = PBXSourcesBuildPhase;
			files = (
			);
		};
		E9E900E42C2D0D5B00FADDCC /* Sources */ = {
			isa = PBXSourcesBuildPhase;
			files = (
			);
		};
/* End PBXSourcesBuildPhase section */

/* Begin PBXTargetDependency section */
		E9862A292F36F66400139991 /* PBXTargetDependency */ = {
			isa = PBXTargetDependency;
			name = RuntimeViewerServer;
			targetProxy = E9862A282F36F66400139991 /* PBXContainerItemProxy */;
		};
		E9A9CCE92F5D882E00A10DD3 /* PBXTargetDependency */ = {
			isa = PBXTargetDependency;
			target = E9A9CCDD2F5D880400A10DD3 /* com.mxiris.runtimeviewer.service */;
			targetProxy = E9A9CCE82F5D882E00A10DD3 /* PBXContainerItemProxy */;
		};
		E9C9E9D92C2D161000C4AA34 /* PBXTargetDependency */ = {
			isa = PBXTargetDependency;
			platformFilter = maccatalyst;
			target = E9E900DB2C2CF9A500FADDCC /* RuntimeViewerCatalystHelperPlugin */;
			targetProxy = E9C9E9D82C2D161000C4AA34 /* PBXContainerItemProxy */;
		};
/* End PBXTargetDependency section */

/* Begin XCBuildConfiguration section */
		E9432FED2C0D614A00362862 /* Debug configuration for PBXProject "RuntimeViewerUsingAppKit" */ = {
			isa = XCBuildConfiguration;
			baseConfigurationReference = E9F2E9B92ED3BD3E001DCC3E /* CodeSigning.xcconfig */;
			buildSettings = {
				ALWAYS_SEARCH_USER_PATHS = NO;
				ASSETCATALOG_COMPILER_GENERATE_SWIFT_ASSET_SYMBOL_EXTENSIONS = YES;
				CLANG_ANALYZER_NONNULL = YES;
				CLANG_ANALYZER_NUMBER_OBJECT_CONVERSION = YES_AGGRESSIVE;
				CLANG_CXX_LANGUAGE_STANDARD = "gnu++20";
				CLANG_ENABLE_MODULES = YES;
				CLANG_ENABLE_OBJC_ARC = YES;
				CLANG_ENABLE_OBJC_WEAK = YES;
				CLANG_WARN_BLOCK_CAPTURE_AUTORELEASING = YES;
				CLANG_WARN_BOOL_CONVERSION = YES;
				CLANG_WARN_COMMA = YES;
				CLANG_WARN_CONSTANT_CONVERSION = YES;
				CLANG_WARN_DEPRECATED_OBJC_IMPLEMENTATIONS = YES;
				CLANG_WARN_DIRECT_OBJC_ISA_USAGE = YES_ERROR;
				CLANG_WARN_DOCUMENTATION_COMMENTS = YES;
				CLANG_WARN_EMPTY_BODY = YES;
				CLANG_WARN_ENUM_CONVERSION = YES;
				CLANG_WARN_INFINITE_RECURSION = YES;
				CLANG_WARN_INT_CONVERSION = YES;
				CLANG_WARN_NON_LITERAL_NULL_CONVERSION = YES;
				CLANG_WARN_OBJC_IMPLICIT_RETAIN_SELF = YES;
				CLANG_WARN_OBJC_LITERAL_CONVERSION = YES;
				CLANG_WARN_OBJC_ROOT_CLASS = YES_ERROR;
				CLANG_WARN_QUOTED_INCLUDE_IN_FRAMEWORK_HEADER = YES;
				CLANG_WARN_RANGE_LOOP_ANALYSIS = YES;
				CLANG_WARN_STRICT_PROTOTYPES = YES;
				CLANG_WARN_SUSPICIOUS_MOVE = YES;
				CLANG_WARN_UNGUARDED_AVAILABILITY = YES_AGGRESSIVE;
				CLANG_WARN_UNREACHABLE_CODE = YES;
				CLANG_WARN__DUPLICATE_METHOD_MATCH = YES;
				COMPILATION_CACHE_ENABLE_CACHING = NO;
				COPY_PHASE_STRIP = NO;
				DEAD_CODE_STRIPPING = YES;
				DEBUG_INFORMATION_FORMAT = dwarf;
				DEVELOPMENT_TEAM = D5Q73692VW;
				ENABLE_STRICT_OBJC_MSGSEND = YES;
				ENABLE_TESTABILITY = YES;
				ENABLE_USER_SCRIPT_SANDBOXING = YES;
				GCC_C_LANGUAGE_STANDARD = gnu17;
				GCC_DYNAMIC_NO_PIC = NO;
				GCC_NO_COMMON_BLOCKS = YES;
				GCC_OPTIMIZATION_LEVEL = 0;
				GCC_PREPROCESSOR_DEFINITIONS = (
					"DEBUG=1",
					"$(inherited)",
				);
				GCC_WARN_64_TO_32_BIT_CONVERSION = YES;
				GCC_WARN_ABOUT_RETURN_TYPE = YES_ERROR;
				GCC_WARN_UNDECLARED_SELECTOR = YES;
				GCC_WARN_UNINITIALIZED_AUTOS = YES_AGGRESSIVE;
				GCC_WARN_UNUSED_FUNCTION = YES;
				GCC_WARN_UNUSED_VARIABLE = YES;
				LOCALIZATION_PREFERS_STRING_CATALOGS = YES;
				MACOSX_DEPLOYMENT_TARGET = 11.0;
				MTL_ENABLE_DEBUG_INFO = INCLUDE_SOURCE;
				MTL_FAST_MATH = YES;
				ONLY_ACTIVE_ARCH = YES;
				SDKROOT = macosx;
				STRING_CATALOG_GENERATE_SYMBOLS = YES;
				SWIFT_ACTIVE_COMPILATION_CONDITIONS = "DEBUG $(inherited)";
				SWIFT_ENABLE_EXPLICIT_MODULES = NO;
				SWIFT_OPTIMIZATION_LEVEL = "-Onone";
			};
			name = Debug;
		};
		E9432FEE2C0D614A00362862 /* Release configuration for PBXProject "RuntimeViewerUsingAppKit" */ = {
			isa = XCBuildConfiguration;
			baseConfigurationReference = E9F2E9B92ED3BD3E001DCC3E /* CodeSigning.xcconfig */;
			buildSettings = {
				ALWAYS_SEARCH_USER_PATHS = NO;
				ASSETCATALOG_COMPILER_GENERATE_SWIFT_ASSET_SYMBOL_EXTENSIONS = YES;
				CLANG_ANALYZER_NONNULL = YES;
				CLANG_ANALYZER_NUMBER_OBJECT_CONVERSION = YES_AGGRESSIVE;
				CLANG_CXX_LANGUAGE_STANDARD = "gnu++20";
				CLANG_ENABLE_MODULES = YES;
				CLANG_ENABLE_OBJC_ARC = YES;
				CLANG_ENABLE_OBJC_WEAK = YES;
				CLANG_WARN_BLOCK_CAPTURE_AUTORELEASING = YES;
				CLANG_WARN_BOOL_CONVERSION = YES;
				CLANG_WARN_COMMA = YES;
				CLANG_WARN_CONSTANT_CONVERSION = YES;
				CLANG_WARN_DEPRECATED_OBJC_IMPLEMENTATIONS = YES;
				CLANG_WARN_DIRECT_OBJC_ISA_USAGE = YES_ERROR;
				CLANG_WARN_DOCUMENTATION_COMMENTS = YES;
				CLANG_WARN_EMPTY_BODY = YES;
				CLANG_WARN_ENUM_CONVERSION = YES;
				CLANG_WARN_INFINITE_RECURSION = YES;
				CLANG_WARN_INT_CONVERSION = YES;
				CLANG_WARN_NON_LITERAL_NULL_CONVERSION = YES;
				CLANG_WARN_OBJC_IMPLICIT_RETAIN_SELF = YES;
				CLANG_WARN_OBJC_LITERAL_CONVERSION = YES;
				CLANG_WARN_OBJC_ROOT_CLASS = YES_ERROR;
				CLANG_WARN_QUOTED_INCLUDE_IN_FRAMEWORK_HEADER = YES;
				CLANG_WARN_RANGE_LOOP_ANALYSIS = YES;
				CLANG_WARN_STRICT_PROTOTYPES = YES;
				CLANG_WARN_SUSPICIOUS_MOVE = YES;
				CLANG_WARN_UNGUARDED_AVAILABILITY = YES_AGGRESSIVE;
				CLANG_WARN_UNREACHABLE_CODE = YES;
				CLANG_WARN__DUPLICATE_METHOD_MATCH = YES;
				COMPILATION_CACHE_ENABLE_CACHING = NO;
				COPY_PHASE_STRIP = NO;
				DEAD_CODE_STRIPPING = YES;
				DEBUG_INFORMATION_FORMAT = "dwarf-with-dsym";
				DEVELOPMENT_TEAM = D5Q73692VW;
				ENABLE_NS_ASSERTIONS = NO;
				ENABLE_STRICT_OBJC_MSGSEND = YES;
				ENABLE_USER_SCRIPT_SANDBOXING = YES;
				GCC_C_LANGUAGE_STANDARD = gnu17;
				GCC_NO_COMMON_BLOCKS = YES;
				GCC_WARN_64_TO_32_BIT_CONVERSION = YES;
				GCC_WARN_ABOUT_RETURN_TYPE = YES_ERROR;
				GCC_WARN_UNDECLARED_SELECTOR = YES;
				GCC_WARN_UNINITIALIZED_AUTOS = YES_AGGRESSIVE;
				GCC_WARN_UNUSED_FUNCTION = YES;
				GCC_WARN_UNUSED_VARIABLE = YES;
				LOCALIZATION_PREFERS_STRING_CATALOGS = YES;
				MACOSX_DEPLOYMENT_TARGET = 11.0;
				MTL_ENABLE_DEBUG_INFO = NO;
				MTL_FAST_MATH = YES;
				SDKROOT = macosx;
				STRING_CATALOG_GENERATE_SYMBOLS = YES;
				SWIFT_COMPILATION_MODE = wholemodule;
				SWIFT_ENABLE_EXPLICIT_MODULES = NO;
			};
			name = Release;
		};
		E9432FF02C0D614A00362862 /* Debug configuration for PBXNativeTarget "RuntimeViewerUsingAppKit" */ = {
			isa = XCBuildConfiguration;
			baseConfigurationReference = E95CDA672DAA970300D97B03 /* Debug.xcconfig */;
			buildSettings = {
				ALLOW_TARGET_PLATFORM_SPECIALIZATION = NO;
				ASSETCATALOG_COMPILER_APPICON_NAME = AppIcon;
				ASSETCATALOG_COMPILER_GLOBAL_ACCENT_COLOR_NAME = AccentColor;
				ASSETCATALOG_COMPILER_INCLUDE_ALL_APPICON_ASSETS = NO;
				AUTOMATION_APPLE_EVENTS = NO;
				CLANG_ENABLE_MODULES = YES;
				CODE_SIGN_ENTITLEMENTS = RuntimeViewerUsingAppKit/RuntimeViewerUsingAppKit.entitlements;
				CODE_SIGN_STYLE = Automatic;
				COMBINE_HIDPI_IMAGES = YES;
				CURRENT_PROJECT_VERSION = 1;
				DEAD_CODE_STRIPPING = YES;
				DEBUG_INFORMATION_FORMAT = "dwarf-with-dsym";
				DEVELOPMENT_TEAM = "$(RUNTIME_VIEWER_DEVELOPMENT_TEAM)";
				ENABLE_HARDENED_RUNTIME = YES;
				ENABLE_POINTER_AUTHENTICATION = NO;
				ENABLE_RESOURCE_ACCESS_AUDIO_INPUT = NO;
				ENABLE_RESOURCE_ACCESS_CALENDARS = NO;
				ENABLE_RESOURCE_ACCESS_CAMERA = NO;
				ENABLE_RESOURCE_ACCESS_CONTACTS = NO;
				ENABLE_RESOURCE_ACCESS_LOCATION = NO;
				ENABLE_RESOURCE_ACCESS_PHOTO_LIBRARY = NO;
				ENABLE_USER_SCRIPT_SANDBOXING = NO;
				FUSE_BUILD_SCRIPT_PHASES = NO;
				GENERATE_INFOPLIST_FILE = YES;
				INFOPLIST_FILE = RuntimeViewerUsingAppKit/Info.plist;
				INFOPLIST_KEY_CFBundleDisplayName = RuntimeViewer;
				INFOPLIST_KEY_LSApplicationCategoryType = "public.app-category.developer-tools";
				INFOPLIST_KEY_NSHumanReadableCopyright = "";
				INFOPLIST_KEY_NSLocalNetworkUsageDescription = "RuntimeViewer requires local network permissions to use the Bonjour discovery service";
				INFOPLIST_KEY_NSMainNibFile = MainMenu;
				INFOPLIST_KEY_NSPrincipalClass = NSApplication;
				LD_RUNPATH_SEARCH_PATHS = (
					"$(inherited)",
					"@executable_path/../Frameworks",
				);
				MACOSX_DEPLOYMENT_TARGET = 15.0;
				MARKETING_VERSION = 2.1.0;
				ONLY_ACTIVE_ARCH = YES;
				PRODUCT_BUNDLE_IDENTIFIER = "$(RUNTIME_VIEWER_APP_DEBUG_BUNDLE_IDENTIFIER)";
				PRODUCT_NAME = "RuntimeViewer-Debug";
				RUNTIME_EXCEPTION_ALLOW_DYLD_ENVIRONMENT_VARIABLES = NO;
				RUNTIME_EXCEPTION_ALLOW_JIT = NO;
				RUNTIME_EXCEPTION_ALLOW_UNSIGNED_EXECUTABLE_MEMORY = NO;
				RUNTIME_EXCEPTION_DEBUGGING_TOOL = YES;
				RUNTIME_EXCEPTION_DISABLE_EXECUTABLE_PAGE_PROTECTION = NO;
				RUNTIME_EXCEPTION_DISABLE_LIBRARY_VALIDATION = YES;
				SWIFT_EMIT_LOC_STRINGS = YES;
				SWIFT_OPTIMIZATION_LEVEL = "-Onone";
				SWIFT_VERSION = 5.0;
			};
			name = Debug;
		};
		E9432FF12C0D614A00362862 /* Release configuration for PBXNativeTarget "RuntimeViewerUsingAppKit" */ = {
			isa = XCBuildConfiguration;
			baseConfigurationReference = E95CDA682DAA970900D97B03 /* Release.xcconfig */;
			buildSettings = {
				ALLOW_TARGET_PLATFORM_SPECIALIZATION = NO;
				ASSETCATALOG_COMPILER_APPICON_NAME = AppIcon;
				ASSETCATALOG_COMPILER_GLOBAL_ACCENT_COLOR_NAME = AccentColor;
				ASSETCATALOG_COMPILER_INCLUDE_ALL_APPICON_ASSETS = NO;
				AUTOMATION_APPLE_EVENTS = NO;
				CLANG_ENABLE_MODULES = YES;
				CODE_SIGN_ENTITLEMENTS = RuntimeViewerUsingAppKit/RuntimeViewerUsingAppKit.entitlements;
				CODE_SIGN_STYLE = Automatic;
				COMBINE_HIDPI_IMAGES = YES;
				CURRENT_PROJECT_VERSION = 1;
				DEAD_CODE_STRIPPING = YES;
				DEVELOPMENT_TEAM = "$(RUNTIME_VIEWER_DEVELOPMENT_TEAM)";
				ENABLE_HARDENED_RUNTIME = YES;
				ENABLE_POINTER_AUTHENTICATION = NO;
				ENABLE_RESOURCE_ACCESS_AUDIO_INPUT = NO;
				ENABLE_RESOURCE_ACCESS_CALENDARS = NO;
				ENABLE_RESOURCE_ACCESS_CAMERA = NO;
				ENABLE_RESOURCE_ACCESS_CONTACTS = NO;
				ENABLE_RESOURCE_ACCESS_LOCATION = NO;
				ENABLE_RESOURCE_ACCESS_PHOTO_LIBRARY = NO;
				ENABLE_USER_SCRIPT_SANDBOXING = NO;
				FUSE_BUILD_SCRIPT_PHASES = NO;
				GENERATE_INFOPLIST_FILE = YES;
				INFOPLIST_FILE = RuntimeViewerUsingAppKit/Info.plist;
				INFOPLIST_KEY_CFBundleDisplayName = RuntimeViewer;
				INFOPLIST_KEY_LSApplicationCategoryType = "public.app-category.developer-tools";
				INFOPLIST_KEY_NSHumanReadableCopyright = "";
				INFOPLIST_KEY_NSLocalNetworkUsageDescription = "RuntimeViewer requires local network permissions to use the Bonjour discovery service";
				INFOPLIST_KEY_NSMainNibFile = MainMenu;
				INFOPLIST_KEY_NSPrincipalClass = NSApplication;
				LD_RUNPATH_SEARCH_PATHS = (
					"$(inherited)",
					"@executable_path/../Frameworks",
				);
				MACOSX_DEPLOYMENT_TARGET = 15.0;
				MARKETING_VERSION = 2.1.0;
				ONLY_ACTIVE_ARCH = NO;
				PRODUCT_BUNDLE_IDENTIFIER = "$(RUNTIME_VIEWER_APP_RELEASE_BUNDLE_IDENTIFIER)";
				PRODUCT_NAME = RuntimeViewer;
				RUNTIME_EXCEPTION_ALLOW_DYLD_ENVIRONMENT_VARIABLES = NO;
				RUNTIME_EXCEPTION_ALLOW_JIT = NO;
				RUNTIME_EXCEPTION_ALLOW_UNSIGNED_EXECUTABLE_MEMORY = NO;
				RUNTIME_EXCEPTION_DEBUGGING_TOOL = YES;
				RUNTIME_EXCEPTION_DISABLE_EXECUTABLE_PAGE_PROTECTION = NO;
				RUNTIME_EXCEPTION_DISABLE_LIBRARY_VALIDATION = YES;
				SWIFT_COMPILATION_MODE = wholemodule;
				SWIFT_EMIT_LOC_STRINGS = YES;
				SWIFT_VERSION = 5.0;
			};
			name = Release;
		};
		E947C3782C2A4D0500296B2E /* Debug configuration for PBXNativeTarget "RuntimeViewerCatalystHelper" */ = {
			isa = XCBuildConfiguration;
			buildSettings = {
				ALLOW_TARGET_PLATFORM_SPECIALIZATION = NO;
				ASSETCATALOG_COMPILER_APPICON_NAME = AppIcon;
				ASSETCATALOG_COMPILER_GLOBAL_ACCENT_COLOR_NAME = AccentColor;
				BUILD_LIBRARY_FOR_DISTRIBUTION = NO;
				CODE_SIGN_ENTITLEMENTS = RuntimeViewerCatalystHelper/RuntimeViewerCatalystHelper.entitlements;
				CODE_SIGN_IDENTITY = "Apple Development";
				"CODE_SIGN_IDENTITY[sdk=macosx*]" = "Apple Development";
				CODE_SIGN_STYLE = Automatic;
				CURRENT_PROJECT_VERSION = 1;
				DERIVE_MACCATALYST_PRODUCT_BUNDLE_IDENTIFIER = NO;
				DEVELOPMENT_TEAM = "$(RUNTIME_VIEWER_DEVELOPMENT_TEAM)";
				ENABLE_HARDENED_RUNTIME = YES;
				ENABLE_POINTER_AUTHENTICATION = NO;
				ENABLE_USER_SCRIPT_SANDBOXING = NO;
				GENERATE_INFOPLIST_FILE = YES;
				INFOPLIST_FILE = RuntimeViewerCatalystHelper/Info.plist;
				INFOPLIST_KEY_LSBackgroundOnly = YES;
				INFOPLIST_KEY_LSUIElement = YES;
				INFOPLIST_KEY_UIApplicationSupportsIndirectInputEvents = YES;
				INFOPLIST_KEY_UILaunchStoryboardName = LaunchScreen;
				INFOPLIST_KEY_UISupportedInterfaceOrientations_iPad = "UIInterfaceOrientationPortrait UIInterfaceOrientationPortraitUpsideDown UIInterfaceOrientationLandscapeLeft UIInterfaceOrientationLandscapeRight";
				INFOPLIST_KEY_UISupportedInterfaceOrientations_iPhone = "UIInterfaceOrientationPortrait UIInterfaceOrientationLandscapeLeft UIInterfaceOrientationLandscapeRight";
				IPHONEOS_DEPLOYMENT_TARGET = 18.0;
				LD_RUNPATH_SEARCH_PATHS = (
					"$(inherited)",
					"@executable_path/Frameworks",
				);
				MARKETING_VERSION = 2.1.0;
				ONLY_ACTIVE_ARCH = NO;
				PRODUCT_BUNDLE_IDENTIFIER = "$(RUNTIME_VIEWER_CATALYST_HELPER_DEBUG_BUNDLE_IDENTIFIER)";
				PRODUCT_NAME = "$(TARGET_NAME)";
				SDKROOT = iphoneos;
				SKIP_INSTALL = NO;
				SUPPORTED_PLATFORMS = "iphonesimulator iphoneos";
				SUPPORTS_MACCATALYST = YES;
				SUPPORTS_MAC_DESIGNED_FOR_IPHONE_IPAD = NO;
				SUPPORTS_XR_DESIGNED_FOR_IPHONE_IPAD = NO;
				SWIFT_EMIT_LOC_STRINGS = YES;
				SWIFT_VERSION = 5.0;
				TARGETED_DEVICE_FAMILY = "1,2,6";
			};
			name = Debug;
		};
		E947C3792C2A4D0500296B2E /* Release configuration for PBXNativeTarget "RuntimeViewerCatalystHelper" */ = {
			isa = XCBuildConfiguration;
			buildSettings = {
				ALLOW_TARGET_PLATFORM_SPECIALIZATION = NO;
				ASSETCATALOG_COMPILER_APPICON_NAME = AppIcon;
				ASSETCATALOG_COMPILER_GLOBAL_ACCENT_COLOR_NAME = AccentColor;
				BUILD_LIBRARY_FOR_DISTRIBUTION = NO;
				CODE_SIGN_ENTITLEMENTS = RuntimeViewerCatalystHelper/RuntimeViewerCatalystHelper.entitlements;
				CODE_SIGN_IDENTITY = "Apple Development";
				"CODE_SIGN_IDENTITY[sdk=macosx*]" = "Apple Development";
				CODE_SIGN_STYLE = Automatic;
				CURRENT_PROJECT_VERSION = 1;
				DERIVE_MACCATALYST_PRODUCT_BUNDLE_IDENTIFIER = NO;
				DEVELOPMENT_TEAM = "$(RUNTIME_VIEWER_DEVELOPMENT_TEAM)";
				ENABLE_HARDENED_RUNTIME = YES;
				ENABLE_POINTER_AUTHENTICATION = NO;
				ENABLE_USER_SCRIPT_SANDBOXING = NO;
				GENERATE_INFOPLIST_FILE = YES;
				INFOPLIST_FILE = RuntimeViewerCatalystHelper/Info.plist;
				INFOPLIST_KEY_LSBackgroundOnly = YES;
				INFOPLIST_KEY_LSUIElement = YES;
				INFOPLIST_KEY_UIApplicationSupportsIndirectInputEvents = YES;
				INFOPLIST_KEY_UILaunchStoryboardName = LaunchScreen;
				INFOPLIST_KEY_UISupportedInterfaceOrientations_iPad = "UIInterfaceOrientationPortrait UIInterfaceOrientationPortraitUpsideDown UIInterfaceOrientationLandscapeLeft UIInterfaceOrientationLandscapeRight";
				INFOPLIST_KEY_UISupportedInterfaceOrientations_iPhone = "UIInterfaceOrientationPortrait UIInterfaceOrientationLandscapeLeft UIInterfaceOrientationLandscapeRight";
				IPHONEOS_DEPLOYMENT_TARGET = 18.0;
				LD_RUNPATH_SEARCH_PATHS = (
					"$(inherited)",
					"@executable_path/Frameworks",
				);
				MARKETING_VERSION = 2.1.0;
				ONLY_ACTIVE_ARCH = NO;
				PRODUCT_BUNDLE_IDENTIFIER = "$(RUNTIME_VIEWER_CATALYST_HELPER_RELEASE_BUNDLE_IDENTIFIER)";
				PRODUCT_NAME = "$(TARGET_NAME)";
				SDKROOT = iphoneos;
				SKIP_INSTALL = NO;
				SUPPORTED_PLATFORMS = "iphonesimulator iphoneos";
				SUPPORTS_MACCATALYST = YES;
				SUPPORTS_MAC_DESIGNED_FOR_IPHONE_IPAD = NO;
				SUPPORTS_XR_DESIGNED_FOR_IPHONE_IPAD = NO;
				SWIFT_EMIT_LOC_STRINGS = YES;
				SWIFT_VERSION = 5.0;
				TARGETED_DEVICE_FAMILY = "1,2,6";
				VALIDATE_PRODUCT = NO;
			};
			name = Release;
		};
		E9958CD62FAB79100073036F /* Debug-arm64e configuration for PBXProject "RuntimeViewerUsingAppKit" */ = {
			isa = XCBuildConfiguration;
			baseConfigurationReference = E9F2E9B92ED3BD3E001DCC3E /* CodeSigning.xcconfig */;
			buildSettings = {
				ALWAYS_SEARCH_USER_PATHS = NO;
				ASSETCATALOG_COMPILER_GENERATE_SWIFT_ASSET_SYMBOL_EXTENSIONS = YES;
				CLANG_ANALYZER_NONNULL = YES;
				CLANG_ANALYZER_NUMBER_OBJECT_CONVERSION = YES_AGGRESSIVE;
				CLANG_CXX_LANGUAGE_STANDARD = "gnu++20";
				CLANG_ENABLE_MODULES = YES;
				CLANG_ENABLE_OBJC_ARC = YES;
				CLANG_ENABLE_OBJC_WEAK = YES;
				CLANG_WARN_BLOCK_CAPTURE_AUTORELEASING = YES;
				CLANG_WARN_BOOL_CONVERSION = YES;
				CLANG_WARN_COMMA = YES;
				CLANG_WARN_CONSTANT_CONVERSION = YES;
				CLANG_WARN_DEPRECATED_OBJC_IMPLEMENTATIONS = YES;
				CLANG_WARN_DIRECT_OBJC_ISA_USAGE = YES_ERROR;
				CLANG_WARN_DOCUMENTATION_COMMENTS = YES;
				CLANG_WARN_EMPTY_BODY = YES;
				CLANG_WARN_ENUM_CONVERSION = YES;
				CLANG_WARN_INFINITE_RECURSION = YES;
				CLANG_WARN_INT_CONVERSION = YES;
				CLANG_WARN_NON_LITERAL_NULL_CONVERSION = YES;
				CLANG_WARN_OBJC_IMPLICIT_RETAIN_SELF = YES;
				CLANG_WARN_OBJC_LITERAL_CONVERSION = YES;
				CLANG_WARN_OBJC_ROOT_CLASS = YES_ERROR;
				CLANG_WARN_QUOTED_INCLUDE_IN_FRAMEWORK_HEADER = YES;
				CLANG_WARN_RANGE_LOOP_ANALYSIS = YES;
				CLANG_WARN_STRICT_PROTOTYPES = YES;
				CLANG_WARN_SUSPICIOUS_MOVE = YES;
				CLANG_WARN_UNGUARDED_AVAILABILITY = YES_AGGRESSIVE;
				CLANG_WARN_UNREACHABLE_CODE = YES;
				CLANG_WARN__DUPLICATE_METHOD_MATCH = YES;
				COMPILATION_CACHE_ENABLE_CACHING = NO;
				COPY_PHASE_STRIP = NO;
				DEAD_CODE_STRIPPING = YES;
				DEBUG_INFORMATION_FORMAT = dwarf;
				DEVELOPMENT_TEAM = D5Q73692VW;
				ENABLE_STRICT_OBJC_MSGSEND = YES;
				ENABLE_TESTABILITY = YES;
				ENABLE_USER_SCRIPT_SANDBOXING = YES;
				GCC_C_LANGUAGE_STANDARD = gnu17;
				GCC_DYNAMIC_NO_PIC = NO;
				GCC_NO_COMMON_BLOCKS = YES;
				GCC_OPTIMIZATION_LEVEL = 0;
				GCC_PREPROCESSOR_DEFINITIONS = (
					"DEBUG=1",
					"$(inherited)",
				);
				GCC_WARN_64_TO_32_BIT_CONVERSION = YES;
				GCC_WARN_ABOUT_RETURN_TYPE = YES_ERROR;
				GCC_WARN_UNDECLARED_SELECTOR = YES;
				GCC_WARN_UNINITIALIZED_AUTOS = YES_AGGRESSIVE;
				GCC_WARN_UNUSED_FUNCTION = YES;
				GCC_WARN_UNUSED_VARIABLE = YES;
				LOCALIZATION_PREFERS_STRING_CATALOGS = YES;
				MACOSX_DEPLOYMENT_TARGET = 11.0;
				MTL_ENABLE_DEBUG_INFO = INCLUDE_SOURCE;
				MTL_FAST_MATH = YES;
				ONLY_ACTIVE_ARCH = YES;
				SDKROOT = macosx;
				STRING_CATALOG_GENERATE_SYMBOLS = YES;
				SWIFT_ACTIVE_COMPILATION_CONDITIONS = "DEBUG RUNTIMEVIEWER_ARM64E $(inherited)";
				SWIFT_ENABLE_EXPLICIT_MODULES = NO;
				SWIFT_OPTIMIZATION_LEVEL = "-Onone";
			};
			name = "Debug-arm64e";
		};
		E9958CD72FAB79100073036F /* Debug-arm64e configuration for PBXNativeTarget "RuntimeViewerUsingAppKit" */ = {
			isa = XCBuildConfiguration;
			baseConfigurationReference = E9CAFE030000000000000003 /* Debug-arm64e.xcconfig */;
			buildSettings = {
				ALLOW_TARGET_PLATFORM_SPECIALIZATION = NO;
				ASSETCATALOG_COMPILER_APPICON_NAME = AppIcon;
				ASSETCATALOG_COMPILER_GLOBAL_ACCENT_COLOR_NAME = AccentColor;
				ASSETCATALOG_COMPILER_INCLUDE_ALL_APPICON_ASSETS = NO;
				AUTOMATION_APPLE_EVENTS = NO;
				CLANG_ENABLE_MODULES = YES;
				CODE_SIGN_ENTITLEMENTS = RuntimeViewerUsingAppKit/RuntimeViewerUsingAppKit.entitlements;
				CODE_SIGN_STYLE = Automatic;
				COMBINE_HIDPI_IMAGES = YES;
				CURRENT_PROJECT_VERSION = 1;
				DEAD_CODE_STRIPPING = YES;
				DEBUG_INFORMATION_FORMAT = "dwarf-with-dsym";
				ENABLE_HARDENED_RUNTIME = YES;
				ENABLE_POINTER_AUTHENTICATION = NO;
				ENABLE_RESOURCE_ACCESS_AUDIO_INPUT = NO;
				ENABLE_RESOURCE_ACCESS_CALENDARS = NO;
				ENABLE_RESOURCE_ACCESS_CAMERA = NO;
				ENABLE_RESOURCE_ACCESS_CONTACTS = NO;
				ENABLE_RESOURCE_ACCESS_LOCATION = NO;
				ENABLE_RESOURCE_ACCESS_PHOTO_LIBRARY = NO;
				ENABLE_USER_SCRIPT_SANDBOXING = NO;
				FUSE_BUILD_SCRIPT_PHASES = NO;
				GENERATE_INFOPLIST_FILE = YES;
				INFOPLIST_FILE = RuntimeViewerUsingAppKit/Info.plist;
				INFOPLIST_KEY_CFBundleDisplayName = RuntimeViewer;
				INFOPLIST_KEY_LSApplicationCategoryType = "public.app-category.developer-tools";
				INFOPLIST_KEY_NSHumanReadableCopyright = "";
				INFOPLIST_KEY_NSLocalNetworkUsageDescription = "RuntimeViewer requires local network permissions to use the Bonjour discovery service";
				INFOPLIST_KEY_NSMainNibFile = MainMenu;
				INFOPLIST_KEY_NSPrincipalClass = NSApplication;
				LD_RUNPATH_SEARCH_PATHS = (
					"$(inherited)",
					"@executable_path/../Frameworks",
				);
				MACOSX_DEPLOYMENT_TARGET = 15.0;
				MARKETING_VERSION = 2.1.0;
				ONLY_ACTIVE_ARCH = YES;
				PRODUCT_BUNDLE_IDENTIFIER = "$(RUNTIME_VIEWER_APP_DEBUG_ARM64E_BUNDLE_IDENTIFIER)";
				PRODUCT_NAME = "RuntimeViewer-Debug-arm64e";
				RUNTIME_EXCEPTION_ALLOW_DYLD_ENVIRONMENT_VARIABLES = NO;
				RUNTIME_EXCEPTION_ALLOW_JIT = NO;
				RUNTIME_EXCEPTION_ALLOW_UNSIGNED_EXECUTABLE_MEMORY = NO;
				RUNTIME_EXCEPTION_DEBUGGING_TOOL = YES;
				RUNTIME_EXCEPTION_DISABLE_EXECUTABLE_PAGE_PROTECTION = NO;
				RUNTIME_EXCEPTION_DISABLE_LIBRARY_VALIDATION = YES;
				SWIFT_EMIT_LOC_STRINGS = YES;
				SWIFT_OPTIMIZATION_LEVEL = "-Onone";
				SWIFT_VERSION = 5.0;
			};
			name = "Debug-arm64e";
		};
		E9958CD82FAB79100073036F /* Debug-arm64e configuration for PBXNativeTarget "RuntimeViewerCatalystHelper" */ = {
			isa = XCBuildConfiguration;
			buildSettings = {
				ALLOW_TARGET_PLATFORM_SPECIALIZATION = NO;
				ASSETCATALOG_COMPILER_APPICON_NAME = AppIcon;
				ASSETCATALOG_COMPILER_GLOBAL_ACCENT_COLOR_NAME = AccentColor;
				BUILD_LIBRARY_FOR_DISTRIBUTION = NO;
				CODE_SIGN_ENTITLEMENTS = RuntimeViewerCatalystHelper/RuntimeViewerCatalystHelper.entitlements;
				CODE_SIGN_IDENTITY = "Apple Development";
				"CODE_SIGN_IDENTITY[sdk=macosx*]" = "Apple Development";
				CODE_SIGN_STYLE = Automatic;
				CURRENT_PROJECT_VERSION = 1;
				DERIVE_MACCATALYST_PRODUCT_BUNDLE_IDENTIFIER = NO;
				ENABLE_HARDENED_RUNTIME = YES;
				ENABLE_POINTER_AUTHENTICATION = NO;
				ENABLE_USER_SCRIPT_SANDBOXING = NO;
				GENERATE_INFOPLIST_FILE = YES;
				INFOPLIST_FILE = RuntimeViewerCatalystHelper/Info.plist;
				INFOPLIST_KEY_LSBackgroundOnly = YES;
				INFOPLIST_KEY_LSUIElement = YES;
				INFOPLIST_KEY_UIApplicationSupportsIndirectInputEvents = YES;
				INFOPLIST_KEY_UILaunchStoryboardName = LaunchScreen;
				INFOPLIST_KEY_UISupportedInterfaceOrientations_iPad = "UIInterfaceOrientationPortrait UIInterfaceOrientationPortraitUpsideDown UIInterfaceOrientationLandscapeLeft UIInterfaceOrientationLandscapeRight";
				INFOPLIST_KEY_UISupportedInterfaceOrientations_iPhone = "UIInterfaceOrientationPortrait UIInterfaceOrientationLandscapeLeft UIInterfaceOrientationLandscapeRight";
				IPHONEOS_DEPLOYMENT_TARGET = 18.0;
				LD_RUNPATH_SEARCH_PATHS = (
					"$(inherited)",
					"@executable_path/Frameworks",
				);
				MARKETING_VERSION = 2.1.0;
				ONLY_ACTIVE_ARCH = NO;
				PRODUCT_BUNDLE_IDENTIFIER = "$(RUNTIME_VIEWER_CATALYST_HELPER_DEBUG_BUNDLE_IDENTIFIER)";
				PRODUCT_NAME = "$(TARGET_NAME)";
				SDKROOT = iphoneos;
				SKIP_INSTALL = NO;
				SUPPORTED_PLATFORMS = "iphonesimulator iphoneos";
				SUPPORTS_MACCATALYST = YES;
				SUPPORTS_MAC_DESIGNED_FOR_IPHONE_IPAD = NO;
				SUPPORTS_XR_DESIGNED_FOR_IPHONE_IPAD = NO;
				SWIFT_EMIT_LOC_STRINGS = YES;
				SWIFT_VERSION = 5.0;
				TARGETED_DEVICE_FAMILY = "1,2,6";
			};
			name = "Debug-arm64e";
		};
		E9958CD92FAB79100073036F /* Debug-arm64e configuration for PBXNativeTarget "RuntimeViewerCatalystHelperPlugin" */ = {
			isa = XCBuildConfiguration;
			buildSettings = {
				CODE_SIGN_STYLE = Automatic;
				COMBINE_HIDPI_IMAGES = YES;
				CURRENT_PROJECT_VERSION = 1;
				DEAD_CODE_STRIPPING = YES;
				ENABLE_HARDENED_RUNTIME = YES;
				ENABLE_POINTER_AUTHENTICATION = NO;
				GENERATE_INFOPLIST_FILE = YES;
				INFOPLIST_KEY_NSHumanReadableCopyright = "";
				INFOPLIST_KEY_NSPrincipalClass = AppKitPluginImpl;
				INSTALL_PATH = "$(LOCAL_LIBRARY_DIR)/Bundles";
				MACOSX_DEPLOYMENT_TARGET = 15.0;
				MARKETING_VERSION = 2.1.0;
				ONLY_ACTIVE_ARCH = NO;
				PRODUCT_BUNDLE_IDENTIFIER = "$(RUNTIME_VIEWER_CATALYST_HELPER_PLUGIN_BUNDLE_IDENTIFIER)";
				PRODUCT_NAME = "$(TARGET_NAME)";
				SKIP_INSTALL = YES;
				SWIFT_EMIT_LOC_STRINGS = YES;
				SWIFT_VERSION = 5.0;
				WRAPPER_EXTENSION = bundle;
			};
			name = "Debug-arm64e";
		};
		E9958CDA2FAB79100073036F /* Debug-arm64e configuration for PBXNativeTarget "com.JH.RuntimeViewerService" */ = {
			isa = XCBuildConfiguration;
			baseConfigurationReference = E95CDA652DAA6FA300D97B03 /* Debug.xcconfig */;
			buildSettings = {
				CODE_SIGN_STYLE = Automatic;
				CREATE_INFOPLIST_SECTION_IN_BINARY = YES;
				DEAD_CODE_STRIPPING = YES;
				ENABLE_HARDENED_RUNTIME = YES;
				ENABLE_POINTER_AUTHENTICATION = YES;
				INFOPLIST_FILE = "$(SRCROOT)/$(TARGETNAME)/Info.plist";
				MACOSX_DEPLOYMENT_TARGET = 15.0;
				ONLY_ACTIVE_ARCH = NO;
				PRODUCT_BUNDLE_IDENTIFIER = "$(RUNTIME_VIEWER_PRIVILEGED_HELPER_BUNDLE_IDENTIFIER)";
				PRODUCT_NAME = "$(TARGET_NAME)";
				SKIP_INSTALL = YES;
				SWIFT_VERSION = 5.0;
			};
			name = "Debug-arm64e";
		};
		E9958CDB2FAB79100073036F /* Debug-arm64e configuration for PBXNativeTarget "com.mxiris.runtimeviewer.service" */ = {
			isa = XCBuildConfiguration;
			buildSettings = {
				CODE_SIGN_STYLE = Automatic;
				DEVELOPMENT_TEAM = D5Q73692VW;
				ENABLE_HARDENED_RUNTIME = YES;
				ENABLE_POINTER_AUTHENTICATION = YES;
				MACOSX_DEPLOYMENT_TARGET = 15.0;
				PRODUCT_NAME = dev.arm64e.mxiris.runtimeviewer.service;
				SKIP_INSTALL = YES;
				SWIFT_APPROACHABLE_CONCURRENCY = YES;
				SWIFT_UPCOMING_FEATURE_MEMBER_IMPORT_VISIBILITY = YES;
				SWIFT_VERSION = 5.0;
			};
			name = "Debug-arm64e";
		};
		E9A9CCE52F5D880400A10DD3 /* Debug configuration for PBXNativeTarget "com.mxiris.runtimeviewer.service" */ = {
			isa = XCBuildConfiguration;
			buildSettings = {
				CODE_SIGN_STYLE = Automatic;
				DEVELOPMENT_TEAM = "$(RUNTIME_VIEWER_DEVELOPMENT_TEAM)";
				ENABLE_HARDENED_RUNTIME = YES;
				ENABLE_POINTER_AUTHENTICATION = NO;
				MACOSX_DEPLOYMENT_TARGET = 15.0;
				PRODUCT_NAME = dev.mxiris.runtimeviewer.service;
				SKIP_INSTALL = YES;
				SWIFT_APPROACHABLE_CONCURRENCY = YES;
				SWIFT_UPCOMING_FEATURE_MEMBER_IMPORT_VISIBILITY = YES;
				SWIFT_VERSION = 5.0;
			};
			name = Debug;
		};
		E9A9CCE62F5D880400A10DD3 /* Release configuration for PBXNativeTarget "com.mxiris.runtimeviewer.service" */ = {
			isa = XCBuildConfiguration;
			buildSettings = {
				ARCHS = "$(ARCHS_STANDARD)";
				CODE_SIGN_STYLE = Automatic;
				DEVELOPMENT_TEAM = "$(RUNTIME_VIEWER_DEVELOPMENT_TEAM)";
				ENABLE_HARDENED_RUNTIME = YES;
				ENABLE_POINTER_AUTHENTICATION = YES;
				MACOSX_DEPLOYMENT_TARGET = 15.0;
				PRODUCT_NAME = com.mxiris.runtimeviewer.service;
				SKIP_INSTALL = YES;
				SWIFT_APPROACHABLE_CONCURRENCY = YES;
				SWIFT_UPCOMING_FEATURE_MEMBER_IMPORT_VISIBILITY = YES;
				SWIFT_VERSION = 5.0;
			};
			name = Release;
		};
		E9E900DE2C2CF9A500FADDCC /* Debug configuration for PBXNativeTarget "RuntimeViewerCatalystHelperPlugin" */ = {
			isa = XCBuildConfiguration;
			buildSettings = {
				CODE_SIGN_STYLE = Automatic;
				COMBINE_HIDPI_IMAGES = YES;
				CURRENT_PROJECT_VERSION = 1;
				DEAD_CODE_STRIPPING = YES;
				DEVELOPMENT_TEAM = "$(RUNTIME_VIEWER_DEVELOPMENT_TEAM)";
				ENABLE_HARDENED_RUNTIME = YES;
				ENABLE_POINTER_AUTHENTICATION = NO;
				GENERATE_INFOPLIST_FILE = YES;
				INFOPLIST_KEY_NSHumanReadableCopyright = "";
				INFOPLIST_KEY_NSPrincipalClass = AppKitPluginImpl;
				INSTALL_PATH = "$(LOCAL_LIBRARY_DIR)/Bundles";
				MACOSX_DEPLOYMENT_TARGET = 15.0;
				MARKETING_VERSION = 2.1.0;
				ONLY_ACTIVE_ARCH = NO;
				PRODUCT_BUNDLE_IDENTIFIER = "$(RUNTIME_VIEWER_CATALYST_HELPER_PLUGIN_BUNDLE_IDENTIFIER)";
				PRODUCT_NAME = "$(TARGET_NAME)";
				SKIP_INSTALL = YES;
				SWIFT_EMIT_LOC_STRINGS = YES;
				SWIFT_VERSION = 5.0;
				WRAPPER_EXTENSION = bundle;
			};
			name = Debug;
		};
		E9E900DF2C2CF9A500FADDCC /* Release configuration for PBXNativeTarget "RuntimeViewerCatalystHelperPlugin" */ = {
			isa = XCBuildConfiguration;
			buildSettings = {
				CODE_SIGN_STYLE = Automatic;
				COMBINE_HIDPI_IMAGES = YES;
				CURRENT_PROJECT_VERSION = 1;
				DEAD_CODE_STRIPPING = YES;
				DEVELOPMENT_TEAM = "$(RUNTIME_VIEWER_DEVELOPMENT_TEAM)";
				ENABLE_HARDENED_RUNTIME = YES;
				ENABLE_POINTER_AUTHENTICATION = NO;
				GENERATE_INFOPLIST_FILE = YES;
				INFOPLIST_KEY_NSHumanReadableCopyright = "";
				INFOPLIST_KEY_NSPrincipalClass = AppKitPluginImpl;
				INSTALL_PATH = "$(LOCAL_LIBRARY_DIR)/Bundles";
				MACOSX_DEPLOYMENT_TARGET = 15.0;
				MARKETING_VERSION = 2.1.0;
				ONLY_ACTIVE_ARCH = NO;
				PRODUCT_BUNDLE_IDENTIFIER = "$(RUNTIME_VIEWER_CATALYST_HELPER_PLUGIN_BUNDLE_IDENTIFIER)";
				PRODUCT_NAME = "$(TARGET_NAME)";
				SKIP_INSTALL = YES;
				SWIFT_EMIT_LOC_STRINGS = YES;
				SWIFT_VERSION = 5.0;
				WRAPPER_EXTENSION = bundle;
			};
			name = Release;
		};
		E9E900ED2C2D0D5B00FADDCC /* Debug configuration for PBXNativeTarget "com.JH.RuntimeViewerService" */ = {
			isa = XCBuildConfiguration;
			baseConfigurationReference = E95CDA652DAA6FA300D97B03 /* Debug.xcconfig */;
			buildSettings = {
				CODE_SIGN_STYLE = Automatic;
				CREATE_INFOPLIST_SECTION_IN_BINARY = YES;
				DEAD_CODE_STRIPPING = YES;
				DEVELOPMENT_TEAM = "$(RUNTIME_VIEWER_DEVELOPMENT_TEAM)";
				ENABLE_HARDENED_RUNTIME = YES;
				ENABLE_POINTER_AUTHENTICATION = YES;
				INFOPLIST_FILE = "$(SRCROOT)/$(TARGETNAME)/Info.plist";
				MACOSX_DEPLOYMENT_TARGET = 15.0;
				ONLY_ACTIVE_ARCH = NO;
				PRODUCT_BUNDLE_IDENTIFIER = "$(RUNTIME_VIEWER_PRIVILEGED_HELPER_BUNDLE_IDENTIFIER)";
				PRODUCT_NAME = "$(TARGET_NAME)";
				SKIP_INSTALL = YES;
				SWIFT_VERSION = 5.0;
			};
			name = Debug;
		};
		E9E900EE2C2D0D5B00FADDCC /* Release configuration for PBXNativeTarget "com.JH.RuntimeViewerService" */ = {
			isa = XCBuildConfiguration;
			baseConfigurationReference = E95CDA662DAA6FA900D97B03 /* Release.xcconfig */;
			buildSettings = {
				CODE_SIGN_STYLE = Automatic;
				CREATE_INFOPLIST_SECTION_IN_BINARY = YES;
				DEAD_CODE_STRIPPING = YES;
				DEVELOPMENT_TEAM = "$(RUNTIME_VIEWER_DEVELOPMENT_TEAM)";
				ENABLE_HARDENED_RUNTIME = YES;
				ENABLE_POINTER_AUTHENTICATION = YES;
				INFOPLIST_FILE = "$(SRCROOT)/$(TARGETNAME)/Info.plist";
				MACOSX_DEPLOYMENT_TARGET = 15.0;
				PRODUCT_BUNDLE_IDENTIFIER = "$(RUNTIME_VIEWER_PRIVILEGED_HELPER_BUNDLE_IDENTIFIER)";
				PRODUCT_NAME = "$(TARGET_NAME)";
				SKIP_INSTALL = YES;
				SWIFT_VERSION = 5.0;
			};
			name = Release;
		};
/* End XCBuildConfiguration section */

/* Begin XCConfigurationList section */
		E9432FDD2C0D614900362862 /* Build configuration list for PBXProject "RuntimeViewerUsingAppKit" */ = {
			isa = XCConfigurationList;
			buildConfigurations = (
				E9432FED2C0D614A00362862 /* Debug configuration for PBXProject "RuntimeViewerUsingAppKit" */,
				E9958CD62FAB79100073036F /* Debug-arm64e configuration for PBXProject "RuntimeViewerUsingAppKit" */,
				E9432FEE2C0D614A00362862 /* Release configuration for PBXProject "RuntimeViewerUsingAppKit" */,
			);
			defaultConfigurationName = Release;
		};
		E9432FEF2C0D614A00362862 /* Build configuration list for PBXNativeTarget "RuntimeViewerUsingAppKit" */ = {
			isa = XCConfigurationList;
			buildConfigurations = (
				E9432FF02C0D614A00362862 /* Debug configuration for PBXNativeTarget "RuntimeViewerUsingAppKit" */,
				E9958CD72FAB79100073036F /* Debug-arm64e configuration for PBXNativeTarget "RuntimeViewerUsingAppKit" */,
				E9432FF12C0D614A00362862 /* Release configuration for PBXNativeTarget "RuntimeViewerUsingAppKit" */,
			);
			defaultConfigurationName = Release;
		};
		E947C37A2C2A4D0500296B2E /* Build configuration list for PBXNativeTarget "RuntimeViewerCatalystHelper" */ = {
			isa = XCConfigurationList;
			buildConfigurations = (
				E947C3782C2A4D0500296B2E /* Debug configuration for PBXNativeTarget "RuntimeViewerCatalystHelper" */,
				E9958CD82FAB79100073036F /* Debug-arm64e configuration for PBXNativeTarget "RuntimeViewerCatalystHelper" */,
				E947C3792C2A4D0500296B2E /* Release configuration for PBXNativeTarget "RuntimeViewerCatalystHelper" */,
			);
			defaultConfigurationName = Release;
		};
		E9A9CCE42F5D880400A10DD3 /* Build configuration list for PBXNativeTarget "com.mxiris.runtimeviewer.service" */ = {
			isa = XCConfigurationList;
			buildConfigurations = (
				E9A9CCE52F5D880400A10DD3 /* Debug configuration for PBXNativeTarget "com.mxiris.runtimeviewer.service" */,
				E9958CDB2FAB79100073036F /* Debug-arm64e configuration for PBXNativeTarget "com.mxiris.runtimeviewer.service" */,
				E9A9CCE62F5D880400A10DD3 /* Release configuration for PBXNativeTarget "com.mxiris.runtimeviewer.service" */,
			);
			defaultConfigurationName = Release;
		};
		E9E900DD2C2CF9A500FADDCC /* Build configuration list for PBXNativeTarget "RuntimeViewerCatalystHelperPlugin" */ = {
			isa = XCConfigurationList;
			buildConfigurations = (
				E9E900DE2C2CF9A500FADDCC /* Debug configuration for PBXNativeTarget "RuntimeViewerCatalystHelperPlugin" */,
				E9958CD92FAB79100073036F /* Debug-arm64e configuration for PBXNativeTarget "RuntimeViewerCatalystHelperPlugin" */,
				E9E900DF2C2CF9A500FADDCC /* Release configuration for PBXNativeTarget "RuntimeViewerCatalystHelperPlugin" */,
			);
			defaultConfigurationName = Release;
		};
		E9E900EC2C2D0D5B00FADDCC /* Build configuration list for PBXNativeTarget "com.JH.RuntimeViewerService" */ = {
			isa = XCConfigurationList;
			buildConfigurations = (
				E9E900ED2C2D0D5B00FADDCC /* Debug configuration for PBXNativeTarget "com.JH.RuntimeViewerService" */,
				E9958CDA2FAB79100073036F /* Debug-arm64e configuration for PBXNativeTarget "com.JH.RuntimeViewerService" */,
				E9E900EE2C2D0D5B00FADDCC /* Release configuration for PBXNativeTarget "com.JH.RuntimeViewerService" */,
			);
			defaultConfigurationName = Release;
		};
/* End XCConfigurationList section */

/* Begin XCRemoteSwiftPackageReference section */
		E9E85E6F23C412C62255F106 /* XCRemoteSwiftPackageReference "Sparkle" */ = {
			isa = XCRemoteSwiftPackageReference;
			repositoryURL = "https://github.com/sparkle-project/Sparkle";
			requirement = {
				kind = upToNextMajorVersion;
				minimumVersion = 2.9.1;
			};
		};
/* End XCRemoteSwiftPackageReference section */

/* Begin XCSwiftPackageProductDependency section */
		E910124C38FF8B6334251802 /* Sparkle */ = {
			isa = XCSwiftPackageProductDependency;
			package = E9E85E6F23C412C62255F106 /* XCRemoteSwiftPackageReference "Sparkle" */;
			productName = Sparkle;
		};
		E942AC872C274DF600A2F3D3 /* RuntimeViewerApplication */ = {
			isa = XCSwiftPackageProductDependency;
			productName = RuntimeViewerApplication;
		};
		E985A9CD2D9AF505005A573C /* RuntimeViewerCore */ = {
			isa = XCSwiftPackageProductDependency;
			productName = RuntimeViewerCore;
		};
		E985A9D92D9AF7E5005A573C /* RuntimeViewerService */ = {
			isa = XCSwiftPackageProductDependency;
			productName = RuntimeViewerService;
		};
		E9862AD22F377D2B00139991 /* RuntimeViewerMCPBridge */ = {
			isa = XCSwiftPackageProductDependency;
			productName = RuntimeViewerMCPBridge;
		};
		E98BF6272F1D4A690041DB20 /* RuntimeViewerCatalystExtensions */ = {
			isa = XCSwiftPackageProductDependency;
			productName = RuntimeViewerCatalystExtensions;
		};
		E98BF6292F1D4A750041DB20 /* RuntimeViewerCatalystExtensions */ = {
			isa = XCSwiftPackageProductDependency;
			productName = RuntimeViewerCatalystExtensions;
		};
		E9A9CCDE2F5D880400A10DD3 /* RuntimeViewerService */ = {
			isa = XCSwiftPackageProductDependency;
			productName = RuntimeViewerService;
		};
		E9CB2C532F69B7D4005D2135 /* RuntimeViewerUtilities */ = {
			isa = XCSwiftPackageProductDependency;
			productName = RuntimeViewerUtilities;
		};
/* End XCSwiftPackageProductDependency section */
	};
	rootObject = E9432FDA2C0D614900362862 /* Project object */;
}
